// !$*UTF8*$!
{
	archiveVersion = 1;
	classes = {
	};
	objectVersion = 42;
	objects = {

/* Begin PBXBuildFile section */
		C637988712FA03A700FDC736 /* Trail.cpp in Sources */ = {isa = PBXBuildFile; fileRef = C637988612FA03A700FDC736 /* Trail.cpp */; };
		C68BBC3512F92260007982DF /* openFrameworks.a in Frameworks */ = {isa = PBXBuildFile; fileRef = C68BBC3412F92260007982DF /* openFrameworks.a */; };
		C69F60DF1308EB5B0034F762 /* ofxQtVideoSaver.cpp in Sources */ = {isa = PBXBuildFile; fileRef = C69F60D61308EB5B0034F762 /* ofxQtVideoSaver.cpp */; };
		C69F60E01308EB5B0034F762 /* Assets.cpp in Sources */ = {isa = PBXBuildFile; fileRef = C69F60D91308EB5B0034F762 /* Assets.cpp */; };
		C69F60E11308EB5B0034F762 /* Border.cpp in Sources */ = {isa = PBXBuildFile; fileRef = C69F60DB1308EB5B0034F762 /* Border.cpp */; };
		C69F60E21308EB5B0034F762 /* hollerLogoApp.cpp in Sources */ = {isa = PBXBuildFile; fileRef = C69F60DD1308EB5B0034F762 /* hollerLogoApp.cpp */; };
		C69F61B01308EB8C0034F762 /* opencv_calib3d.a in Frameworks */ = {isa = PBXBuildFile; fileRef = C69F61641308EB8B0034F762 /* opencv_calib3d.a */; };
		C69F61B11308EB8C0034F762 /* opencv_contrib.a in Frameworks */ = {isa = PBXBuildFile; fileRef = C69F61651308EB8B0034F762 /* opencv_contrib.a */; };
		C69F61B21308EB8C0034F762 /* opencv_core.a in Frameworks */ = {isa = PBXBuildFile; fileRef = C69F61661308EB8B0034F762 /* opencv_core.a */; };
		C69F61B31308EB8C0034F762 /* opencv_features2d.a in Frameworks */ = {isa = PBXBuildFile; fileRef = C69F61671308EB8B0034F762 /* opencv_features2d.a */; };
		C69F61B41308EB8C0034F762 /* opencv_flann.a in Frameworks */ = {isa = PBXBuildFile; fileRef = C69F61681308EB8B0034F762 /* opencv_flann.a */; };
		C69F61B51308EB8C0034F762 /* opencv_gpu.a in Frameworks */ = {isa = PBXBuildFile; fileRef = C69F61691308EB8B0034F762 /* opencv_gpu.a */; };
		C69F61B61308EB8C0034F762 /* opencv_haartraining_engine.a in Frameworks */ = {isa = PBXBuildFile; fileRef = C69F616A1308EB8B0034F762 /* opencv_haartraining_engine.a */; };
		C69F61B71308EB8C0034F762 /* opencv_highgui.a in Frameworks */ = {isa = PBXBuildFile; fileRef = C69F616B1308EB8B0034F762 /* opencv_highgui.a */; };
		C69F61B81308EB8C0034F762 /* opencv_imgproc.a in Frameworks */ = {isa = PBXBuildFile; fileRef = C69F616C1308EB8B0034F762 /* opencv_imgproc.a */; };
		C69F61B91308EB8C0034F762 /* opencv_lapack.a in Frameworks */ = {isa = PBXBuildFile; fileRef = C69F616D1308EB8B0034F762 /* opencv_lapack.a */; };
		C69F61BA1308EB8C0034F762 /* opencv_legacy.a in Frameworks */ = {isa = PBXBuildFile; fileRef = C69F616E1308EB8B0034F762 /* opencv_legacy.a */; };
		C69F61BB1308EB8C0034F762 /* opencv_ml.a in Frameworks */ = {isa = PBXBuildFile; fileRef = C69F616F1308EB8B0034F762 /* opencv_ml.a */; };
		C69F61BC1308EB8C0034F762 /* opencv_objdetect.a in Frameworks */ = {isa = PBXBuildFile; fileRef = C69F61701308EB8B0034F762 /* opencv_objdetect.a */; };
		C69F61BD1308EB8C0034F762 /* opencv_video.a in Frameworks */ = {isa = PBXBuildFile; fileRef = C69F61711308EB8B0034F762 /* opencv_video.a */; };
		C69F61BE1308EB8C0034F762 /* zlib.a in Frameworks */ = {isa = PBXBuildFile; fileRef = C69F61721308EB8B0034F762 /* zlib.a */; };
		C69F61C81308EB8C0034F762 /* ofxCvColorImage.cpp in Sources */ = {isa = PBXBuildFile; fileRef = C69F61801308EB8B0034F762 /* ofxCvColorImage.cpp */; };
		C69F61C91308EB8C0034F762 /* ofxCvContourFinder.cpp in Sources */ = {isa = PBXBuildFile; fileRef = C69F61831308EB8B0034F762 /* ofxCvContourFinder.cpp */; };
		C69F61CA1308EB8C0034F762 /* ofxCvFloatImage.cpp in Sources */ = {isa = PBXBuildFile; fileRef = C69F61851308EB8B0034F762 /* ofxCvFloatImage.cpp */; };
		C69F61CB1308EB8C0034F762 /* ofxCvGrayscaleImage.cpp in Sources */ = {isa = PBXBuildFile; fileRef = C69F61871308EB8B0034F762 /* ofxCvGrayscaleImage.cpp */; };
		C69F61CC1308EB8C0034F762 /* ofxCvHaarFinder.cpp in Sources */ = {isa = PBXBuildFile; fileRef = C69F61891308EB8B0034F762 /* ofxCvHaarFinder.cpp */; };
		C69F61CD1308EB8C0034F762 /* ofxCvImage.cpp in Sources */ = {isa = PBXBuildFile; fileRef = C69F618B1308EB8B0034F762 /* ofxCvImage.cpp */; };
		C69F61CE1308EB8C0034F762 /* ofxCvShortImage.cpp in Sources */ = {isa = PBXBuildFile; fileRef = C69F618E1308EB8B0034F762 /* ofxCvShortImage.cpp */; };
		C69F61D21308EBC70034F762 /* ofxMouseRecord.cpp in Sources */ = {isa = PBXBuildFile; fileRef = C69F61D01308EBC70034F762 /* ofxMouseRecord.cpp */; };
		C69F61DD1308EBD10034F762 /* tinyxml.cpp in Sources */ = {isa = PBXBuildFile; fileRef = C69F61D61308EBD10034F762 /* tinyxml.cpp */; };
		C69F61DE1308EBD10034F762 /* tinyxmlerror.cpp in Sources */ = {isa = PBXBuildFile; fileRef = C69F61D81308EBD10034F762 /* tinyxmlerror.cpp */; };
		C69F61DF1308EBD10034F762 /* tinyxmlparser.cpp in Sources */ = {isa = PBXBuildFile; fileRef = C69F61D91308EBD10034F762 /* tinyxmlparser.cpp */; };
		C69F61E01308EBD10034F762 /* ofxXmlSettings.cpp in Sources */ = {isa = PBXBuildFile; fileRef = C69F61DB1308EBD10034F762 /* ofxXmlSettings.cpp */; };
		E45BE97B0E8CC7DD009D7055 /* AGL.framework in Frameworks */ = {isa = PBXBuildFile; fileRef = E45BE9710E8CC7DD009D7055 /* AGL.framework */; };
		E45BE97C0E8CC7DD009D7055 /* ApplicationServices.framework in Frameworks */ = {isa = PBXBuildFile; fileRef = E45BE9720E8CC7DD009D7055 /* ApplicationServices.framework */; };
		E45BE97D0E8CC7DD009D7055 /* AudioToolbox.framework in Frameworks */ = {isa = PBXBuildFile; fileRef = E45BE9730E8CC7DD009D7055 /* AudioToolbox.framework */; };
		E45BE97E0E8CC7DD009D7055 /* Carbon.framework in Frameworks */ = {isa = PBXBuildFile; fileRef = E45BE9740E8CC7DD009D7055 /* Carbon.framework */; };
		E45BE97F0E8CC7DD009D7055 /* CoreAudio.framework in Frameworks */ = {isa = PBXBuildFile; fileRef = E45BE9750E8CC7DD009D7055 /* CoreAudio.framework */; };
		E45BE9800E8CC7DD009D7055 /* CoreFoundation.framework in Frameworks */ = {isa = PBXBuildFile; fileRef = E45BE9760E8CC7DD009D7055 /* CoreFoundation.framework */; };
		E45BE9810E8CC7DD009D7055 /* CoreServices.framework in Frameworks */ = {isa = PBXBuildFile; fileRef = E45BE9770E8CC7DD009D7055 /* CoreServices.framework */; };
		E45BE9830E8CC7DD009D7055 /* OpenGL.framework in Frameworks */ = {isa = PBXBuildFile; fileRef = E45BE9790E8CC7DD009D7055 /* OpenGL.framework */; };
		E45BE9840E8CC7DD009D7055 /* QuickTime.framework in Frameworks */ = {isa = PBXBuildFile; fileRef = E45BE97A0E8CC7DD009D7055 /* QuickTime.framework */; };
		E4B69E200A3A1BDC003C02F2 /* main.cpp in Sources */ = {isa = PBXBuildFile; fileRef = E4B69E1D0A3A1BDC003C02F2 /* main.cpp */; };
		E4B69E210A3A1BDC003C02F2 /* testApp.cpp in Sources */ = {isa = PBXBuildFile; fileRef = E4B69E1E0A3A1BDC003C02F2 /* testApp.cpp */; };
		E4C2424710CC5A17004149E2 /* AppKit.framework in Frameworks */ = {isa = PBXBuildFile; fileRef = E4C2424410CC5A17004149E2 /* AppKit.framework */; };
		E4C2424810CC5A17004149E2 /* Cocoa.framework in Frameworks */ = {isa = PBXBuildFile; fileRef = E4C2424510CC5A17004149E2 /* Cocoa.framework */; };
		E4C2424910CC5A17004149E2 /* IOKit.framework in Frameworks */ = {isa = PBXBuildFile; fileRef = E4C2424610CC5A17004149E2 /* IOKit.framework */; };
		E4C2426610CC5A78004149E2 /* GLUT.framework in Frameworks */ = {isa = PBXBuildFile; fileRef = E4C2425F10CC5A78004149E2 /* GLUT.framework */; };
		E4C2426B10CC5AA6004149E2 /* GLUT.framework in CopyFiles */ = {isa = PBXBuildFile; fileRef = E4C2425F10CC5A78004149E2 /* GLUT.framework */; };
/* End PBXBuildFile section */

/* Begin PBXCopyFilesBuildPhase section */
		E4C2427710CC5ABF004149E2 /* CopyFiles */ = {
			isa = PBXCopyFilesBuildPhase;
			buildActionMask = 2147483647;
			dstPath = "";
			dstSubfolderSpec = 10;
			files = (
				E4C2426B10CC5AA6004149E2 /* GLUT.framework in CopyFiles */,
			);
			runOnlyForDeploymentPostprocessing = 0;
		};
/* End PBXCopyFilesBuildPhase section */

/* Begin PBXFileReference section */
		C637988512FA03A700FDC736 /* Trail.h */ = {isa = PBXFileReference; fileEncoding = 4; lastKnownFileType = sourcecode.c.h; path = Trail.h; sourceTree = "<group>"; };
		C637988612FA03A700FDC736 /* Trail.cpp */ = {isa = PBXFileReference; fileEncoding = 4; lastKnownFileType = sourcecode.cpp.cpp; path = Trail.cpp; sourceTree = "<group>"; };
		C65D3A8B12FF4F1400E1384D /* holler_logo_2Debug.app */ = {isa = PBXFileReference; explicitFileType = wrapper.application; includeInIndex = 0; path = holler_logo_2Debug.app; sourceTree = BUILT_PRODUCTS_DIR; };
		C68BBC3412F92260007982DF /* openFrameworks.a */ = {isa = PBXFileReference; lastKnownFileType = archive.ar; name = openFrameworks.a; path = ../../../libs/openFrameworksCompiled/lib/osx/openFrameworks.a; sourceTree = SOURCE_ROOT; };
		C69F60D61308EB5B0034F762 /* ofxQtVideoSaver.cpp */ = {isa = PBXFileReference; fileEncoding = 4; lastKnownFileType = sourcecode.cpp.cpp; path = ofxQtVideoSaver.cpp; sourceTree = "<group>"; };
		C69F60D71308EB5B0034F762 /* ofxQtVideoSaver.h */ = {isa = PBXFileReference; fileEncoding = 4; lastKnownFileType = sourcecode.c.h; path = ofxQtVideoSaver.h; sourceTree = "<group>"; };
		C69F60D91308EB5B0034F762 /* Assets.cpp */ = {isa = PBXFileReference; fileEncoding = 4; lastKnownFileType = sourcecode.cpp.cpp; path = Assets.cpp; sourceTree = "<group>"; };
		C69F60DA1308EB5B0034F762 /* Assets.h */ = {isa = PBXFileReference; fileEncoding = 4; lastKnownFileType = sourcecode.c.h; path = Assets.h; sourceTree = "<group>"; };
		C69F60DB1308EB5B0034F762 /* Border.cpp */ = {isa = PBXFileReference; fileEncoding = 4; lastKnownFileType = sourcecode.cpp.cpp; path = Border.cpp; sourceTree = "<group>"; };
		C69F60DC1308EB5B0034F762 /* Border.h */ = {isa = PBXFileReference; fileEncoding = 4; lastKnownFileType = sourcecode.c.h; path = Border.h; sourceTree = "<group>"; };
		C69F60DD1308EB5B0034F762 /* hollerLogoApp.cpp */ = {isa = PBXFileReference; fileEncoding = 4; lastKnownFileType = sourcecode.cpp.cpp; path = hollerLogoApp.cpp; sourceTree = "<group>"; };
		C69F60DE1308EB5B0034F762 /* hollerLogoApp.h */ = {isa = PBXFileReference; fileEncoding = 4; lastKnownFileType = sourcecode.c.h; path = hollerLogoApp.h; sourceTree = "<group>"; };
		C69F60EC1308EB8B0034F762 /* install.xml */ = {isa = PBXFileReference; fileEncoding = 4; lastKnownFileType = text.xml; path = install.xml; sourceTree = "<group>"; };
		C69F60F11308EB8B0034F762 /* cv.h */ = {isa = PBXFileReference; fileEncoding = 4; lastKnownFileType = sourcecode.c.h; path = cv.h; sourceTree = "<group>"; };
		C69F60F21308EB8B0034F762 /* cv.hpp */ = {isa = PBXFileReference; fileEncoding = 4; lastKnownFileType = sourcecode.cpp.h; path = cv.hpp; sourceTree = "<group>"; };
		C69F60F31308EB8B0034F762 /* cvaux.h */ = {isa = PBXFileReference; fileEncoding = 4; lastKnownFileType = sourcecode.c.h; path = cvaux.h; sourceTree = "<group>"; };
		C69F60F41308EB8B0034F762 /* cvaux.hpp */ = {isa = PBXFileReference; fileEncoding = 4; lastKnownFileType = sourcecode.cpp.h; path = cvaux.hpp; sourceTree = "<group>"; };
		C69F60F51308EB8B0034F762 /* cvwimage.h */ = {isa = PBXFileReference; fileEncoding = 4; lastKnownFileType = sourcecode.c.h; path = cvwimage.h; sourceTree = "<group>"; };
		C69F60F61308EB8B0034F762 /* cxcore.h */ = {isa = PBXFileReference; fileEncoding = 4; lastKnownFileType = sourcecode.c.h; path = cxcore.h; sourceTree = "<group>"; };
		C69F60F71308EB8B0034F762 /* cxcore.hpp */ = {isa = PBXFileReference; fileEncoding = 4; lastKnownFileType = sourcecode.cpp.h; path = cxcore.hpp; sourceTree = "<group>"; };
		C69F60F81308EB8B0034F762 /* cxeigen.hpp */ = {isa = PBXFileReference; fileEncoding = 4; lastKnownFileType = sourcecode.cpp.h; path = cxeigen.hpp; sourceTree = "<group>"; };
		C69F60F91308EB8B0034F762 /* cxmisc.h */ = {isa = PBXFileReference; fileEncoding = 4; lastKnownFileType = sourcecode.c.h; path = cxmisc.h; sourceTree = "<group>"; };
		C69F60FA1308EB8B0034F762 /* highgui.h */ = {isa = PBXFileReference; fileEncoding = 4; lastKnownFileType = sourcecode.c.h; path = highgui.h; sourceTree = "<group>"; };
		C69F60FB1308EB8B0034F762 /* ml.h */ = {isa = PBXFileReference; fileEncoding = 4; lastKnownFileType = sourcecode.c.h; path = ml.h; sourceTree = "<group>"; };
		C69F60FE1308EB8B0034F762 /* calib3d.hpp */ = {isa = PBXFileReference; fileEncoding = 4; lastKnownFileType = sourcecode.cpp.h; path = calib3d.hpp; sourceTree = "<group>"; };
		C69F61001308EB8B0034F762 /* contrib.hpp */ = {isa = PBXFileReference; fileEncoding = 4; lastKnownFileType = sourcecode.cpp.h; path = contrib.hpp; sourceTree = "<group>"; };
		C69F61021308EB8B0034F762 /* core.hpp */ = {isa = PBXFileReference; fileEncoding = 4; lastKnownFileType = sourcecode.cpp.h; path = core.hpp; sourceTree = "<group>"; };
		C69F61031308EB8B0034F762 /* core_c.h */ = {isa = PBXFileReference; fileEncoding = 4; lastKnownFileType = sourcecode.c.h; path = core_c.h; sourceTree = "<group>"; };
		C69F61041308EB8B0034F762 /* eigen.hpp */ = {isa = PBXFileReference; fileEncoding = 4; lastKnownFileType = sourcecode.cpp.h; path = eigen.hpp; sourceTree = "<group>"; };
		C69F61051308EB8B0034F762 /* internal.hpp */ = {isa = PBXFileReference; fileEncoding = 4; lastKnownFileType = sourcecode.cpp.h; path = internal.hpp; sourceTree = "<group>"; };
		C69F61061308EB8B0034F762 /* mat.hpp */ = {isa = PBXFileReference; fileEncoding = 4; lastKnownFileType = sourcecode.cpp.h; path = mat.hpp; sourceTree = "<group>"; };
		C69F61071308EB8B0034F762 /* operations.hpp */ = {isa = PBXFileReference; fileEncoding = 4; lastKnownFileType = sourcecode.cpp.h; path = operations.hpp; sourceTree = "<group>"; };
		C69F61081308EB8B0034F762 /* types_c.h */ = {isa = PBXFileReference; fileEncoding = 4; lastKnownFileType = sourcecode.c.h; path = types_c.h; sourceTree = "<group>"; };
		C69F61091308EB8B0034F762 /* version.hpp */ = {isa = PBXFileReference; fileEncoding = 4; lastKnownFileType = sourcecode.cpp.h; path = version.hpp; sourceTree = "<group>"; };
		C69F610A1308EB8B0034F762 /* wimage.hpp */ = {isa = PBXFileReference; fileEncoding = 4; lastKnownFileType = sourcecode.cpp.h; path = wimage.hpp; sourceTree = "<group>"; };
		C69F610C1308EB8B0034F762 /* features2d.hpp */ = {isa = PBXFileReference; fileEncoding = 4; lastKnownFileType = sourcecode.cpp.h; path = features2d.hpp; sourceTree = "<group>"; };
		C69F610E1308EB8B0034F762 /* all_indices.h */ = {isa = PBXFileReference; fileEncoding = 4; lastKnownFileType = sourcecode.c.h; path = all_indices.h; sourceTree = "<group>"; };
		C69F610F1308EB8B0034F762 /* allocator.h */ = {isa = PBXFileReference; fileEncoding = 4; lastKnownFileType = sourcecode.c.h; path = allocator.h; sourceTree = "<group>"; };
		C69F61101308EB8B0034F762 /* autotuned_index.h */ = {isa = PBXFileReference; fileEncoding = 4; lastKnownFileType = sourcecode.c.h; path = autotuned_index.h; sourceTree = "<group>"; };
		C69F61111308EB8B0034F762 /* composite_index.h */ = {isa = PBXFileReference; fileEncoding = 4; lastKnownFileType = sourcecode.c.h; path = composite_index.h; sourceTree = "<group>"; };
		C69F61121308EB8B0034F762 /* dist.h */ = {isa = PBXFileReference; fileEncoding = 4; lastKnownFileType = sourcecode.c.h; path = dist.h; sourceTree = "<group>"; };
		C69F61131308EB8B0034F762 /* flann.hpp */ = {isa = PBXFileReference; fileEncoding = 4; lastKnownFileType = sourcecode.cpp.h; path = flann.hpp; sourceTree = "<group>"; };
		C69F61141308EB8B0034F762 /* flann_base.hpp */ = {isa = PBXFileReference; fileEncoding = 4; lastKnownFileType = sourcecode.cpp.h; path = flann_base.hpp; sourceTree = "<group>"; };
		C69F61151308EB8B0034F762 /* general.h */ = {isa = PBXFileReference; fileEncoding = 4; lastKnownFileType = sourcecode.c.h; path = general.h; sourceTree = "<group>"; };
		C69F61161308EB8B0034F762 /* ground_truth.h */ = {isa = PBXFileReference; fileEncoding = 4; lastKnownFileType = sourcecode.c.h; path = ground_truth.h; sourceTree = "<group>"; };
		C69F61171308EB8B0034F762 /* hdf5.h */ = {isa = PBXFileReference; fileEncoding = 4; lastKnownFileType = sourcecode.c.h; path = hdf5.h; sourceTree = "<group>"; };
		C69F61181308EB8B0034F762 /* heap.h */ = {isa = PBXFileReference; fileEncoding = 4; lastKnownFileType = sourcecode.c.h; path = heap.h; sourceTree = "<group>"; };
		C69F61191308EB8B0034F762 /* index_testing.h */ = {isa = PBXFileReference; fileEncoding = 4; lastKnownFileType = sourcecode.c.h; path = index_testing.h; sourceTree = "<group>"; };
		C69F611A1308EB8B0034F762 /* kdtree_index.h */ = {isa = PBXFileReference; fileEncoding = 4; lastKnownFileType = sourcecode.c.h; path = kdtree_index.h; sourceTree = "<group>"; };
		C69F611B1308EB8B0034F762 /* kmeans_index.h */ = {isa = PBXFileReference; fileEncoding = 4; lastKnownFileType = sourcecode.c.h; path = kmeans_index.h; sourceTree = "<group>"; };
		C69F611C1308EB8B0034F762 /* linear_index.h */ = {isa = PBXFileReference; fileEncoding = 4; lastKnownFileType = sourcecode.c.h; path = linear_index.h; sourceTree = "<group>"; };
		C69F611D1308EB8B0034F762 /* logger.h */ = {isa = PBXFileReference; fileEncoding = 4; lastKnownFileType = sourcecode.c.h; path = logger.h; sourceTree = "<group>"; };
		C69F611E1308EB8B0034F762 /* matrix.h */ = {isa = PBXFileReference; fileEncoding = 4; lastKnownFileType = sourcecode.c.h; path = matrix.h; sourceTree = "<group>"; };
		C69F611F1308EB8B0034F762 /* nn_index.h */ = {isa = PBXFileReference; fileEncoding = 4; lastKnownFileType = sourcecode.c.h; path = nn_index.h; sourceTree = "<group>"; };
		C69F61201308EB8B0034F762 /* object_factory.h */ = {isa = PBXFileReference; fileEncoding = 4; lastKnownFileType = sourcecode.c.h; path = object_factory.h; sourceTree = "<group>"; };
		C69F61211308EB8B0034F762 /* random.h */ = {isa = PBXFileReference; fileEncoding = 4; lastKnownFileType = sourcecode.c.h; path = random.h; sourceTree = "<group>"; };
		C69F61221308EB8B0034F762 /* result_set.h */ = {isa = PBXFileReference; fileEncoding = 4; lastKnownFileType = sourcecode.c.h; path = result_set.h; sourceTree = "<group>"; };
		C69F61231308EB8B0034F762 /* sampling.h */ = {isa = PBXFileReference; fileEncoding = 4; lastKnownFileType = sourcecode.c.h; path = sampling.h; sourceTree = "<group>"; };
		C69F61241308EB8B0034F762 /* saving.h */ = {isa = PBXFileReference; fileEncoding = 4; lastKnownFileType = sourcecode.c.h; path = saving.h; sourceTree = "<group>"; };
		C69F61251308EB8B0034F762 /* simplex_downhill.h */ = {isa = PBXFileReference; fileEncoding = 4; lastKnownFileType = sourcecode.c.h; path = simplex_downhill.h; sourceTree = "<group>"; };
		C69F61261308EB8B0034F762 /* timer.h */ = {isa = PBXFileReference; fileEncoding = 4; lastKnownFileType = sourcecode.c.h; path = timer.h; sourceTree = "<group>"; };
		C69F61281308EB8B0034F762 /* devmem2d.hpp */ = {isa = PBXFileReference; fileEncoding = 4; lastKnownFileType = sourcecode.cpp.h; path = devmem2d.hpp; sourceTree = "<group>"; };
		C69F61291308EB8B0034F762 /* gpu.hpp */ = {isa = PBXFileReference; fileEncoding = 4; lastKnownFileType = sourcecode.cpp.h; path = gpu.hpp; sourceTree = "<group>"; };
		C69F612A1308EB8B0034F762 /* matrix_operations.hpp */ = {isa = PBXFileReference; fileEncoding = 4; lastKnownFileType = sourcecode.cpp.h; path = matrix_operations.hpp; sourceTree = "<group>"; };
		C69F612B1308EB8B0034F762 /* stream_accessor.hpp */ = {isa = PBXFileReference; fileEncoding = 4; lastKnownFileType = sourcecode.cpp.h; path = stream_accessor.hpp; sourceTree = "<group>"; };
		C69F612D1308EB8B0034F762 /* highgui.hpp */ = {isa = PBXFileReference; fileEncoding = 4; lastKnownFileType = sourcecode.cpp.h; path = highgui.hpp; sourceTree = "<group>"; };
		C69F612E1308EB8B0034F762 /* highgui_c.h */ = {isa = PBXFileReference; fileEncoding = 4; lastKnownFileType = sourcecode.c.h; path = highgui_c.h; sourceTree = "<group>"; };
		C69F61301308EB8B0034F762 /* imgproc.hpp */ = {isa = PBXFileReference; fileEncoding = 4; lastKnownFileType = sourcecode.cpp.h; path = imgproc.hpp; sourceTree = "<group>"; };
		C69F61311308EB8B0034F762 /* imgproc_c.h */ = {isa = PBXFileReference; fileEncoding = 4; lastKnownFileType = sourcecode.c.h; path = imgproc_c.h; sourceTree = "<group>"; };
		C69F61321308EB8B0034F762 /* types_c.h */ = {isa = PBXFileReference; fileEncoding = 4; lastKnownFileType = sourcecode.c.h; path = types_c.h; sourceTree = "<group>"; };
		C69F61341308EB8B0034F762 /* blobtrack.hpp */ = {isa = PBXFileReference; fileEncoding = 4; lastKnownFileType = sourcecode.cpp.h; path = blobtrack.hpp; sourceTree = "<group>"; };
		C69F61351308EB8B0034F762 /* compat.hpp */ = {isa = PBXFileReference; fileEncoding = 4; lastKnownFileType = sourcecode.cpp.h; path = compat.hpp; sourceTree = "<group>"; };
		C69F61361308EB8B0034F762 /* legacy.hpp */ = {isa = PBXFileReference; fileEncoding = 4; lastKnownFileType = sourcecode.cpp.h; path = legacy.hpp; sourceTree = "<group>"; };
		C69F61371308EB8B0034F762 /* streams.hpp */ = {isa = PBXFileReference; fileEncoding = 4; lastKnownFileType = sourcecode.cpp.h; path = streams.hpp; sourceTree = "<group>"; };
		C69F61391308EB8B0034F762 /* ml.hpp */ = {isa = PBXFileReference; fileEncoding = 4; lastKnownFileType = sourcecode.cpp.h; path = ml.hpp; sourceTree = "<group>"; };
		C69F613B1308EB8B0034F762 /* objdetect.hpp */ = {isa = PBXFileReference; fileEncoding = 4; lastKnownFileType = sourcecode.cpp.h; path = objdetect.hpp; sourceTree = "<group>"; };
		C69F613C1308EB8B0034F762 /* opencv.hpp */ = {isa = PBXFileReference; fileEncoding = 4; lastKnownFileType = sourcecode.cpp.h; path = opencv.hpp; sourceTree = "<group>"; };
		C69F613E1308EB8B0034F762 /* background_segm.hpp */ = {isa = PBXFileReference; fileEncoding = 4; lastKnownFileType = sourcecode.cpp.h; path = background_segm.hpp; sourceTree = "<group>"; };
		C69F613F1308EB8B0034F762 /* tracking.hpp */ = {isa = PBXFileReference; fileEncoding = 4; lastKnownFileType = sourcecode.cpp.h; path = tracking.hpp; sourceTree = "<group>"; };
		C69F61641308EB8B0034F762 /* opencv_calib3d.a */ = {isa = PBXFileReference; lastKnownFileType = archive.ar; path = opencv_calib3d.a; sourceTree = "<group>"; };
		C69F61651308EB8B0034F762 /* opencv_contrib.a */ = {isa = PBXFileReference; lastKnownFileType = archive.ar; path = opencv_contrib.a; sourceTree = "<group>"; };
		C69F61661308EB8B0034F762 /* opencv_core.a */ = {isa = PBXFileReference; lastKnownFileType = archive.ar; path = opencv_core.a; sourceTree = "<group>"; };
		C69F61671308EB8B0034F762 /* opencv_features2d.a */ = {isa = PBXFileReference; lastKnownFileType = archive.ar; path = opencv_features2d.a; sourceTree = "<group>"; };
		C69F61681308EB8B0034F762 /* opencv_flann.a */ = {isa = PBXFileReference; lastKnownFileType = archive.ar; path = opencv_flann.a; sourceTree = "<group>"; };
		C69F61691308EB8B0034F762 /* opencv_gpu.a */ = {isa = PBXFileReference; lastKnownFileType = archive.ar; path = opencv_gpu.a; sourceTree = "<group>"; };
		C69F616A1308EB8B0034F762 /* opencv_haartraining_engine.a */ = {isa = PBXFileReference; lastKnownFileType = archive.ar; path = opencv_haartraining_engine.a; sourceTree = "<group>"; };
		C69F616B1308EB8B0034F762 /* opencv_highgui.a */ = {isa = PBXFileReference; lastKnownFileType = archive.ar; path = opencv_highgui.a; sourceTree = "<group>"; };
		C69F616C1308EB8B0034F762 /* opencv_imgproc.a */ = {isa = PBXFileReference; lastKnownFileType = archive.ar; path = opencv_imgproc.a; sourceTree = "<group>"; };
		C69F616D1308EB8B0034F762 /* opencv_lapack.a */ = {isa = PBXFileReference; lastKnownFileType = archive.ar; path = opencv_lapack.a; sourceTree = "<group>"; };
		C69F616E1308EB8B0034F762 /* opencv_legacy.a */ = {isa = PBXFileReference; lastKnownFileType = archive.ar; path = opencv_legacy.a; sourceTree = "<group>"; };
		C69F616F1308EB8B0034F762 /* opencv_ml.a */ = {isa = PBXFileReference; lastKnownFileType = archive.ar; path = opencv_ml.a; sourceTree = "<group>"; };
		C69F61701308EB8B0034F762 /* opencv_objdetect.a */ = {isa = PBXFileReference; lastKnownFileType = archive.ar; path = opencv_objdetect.a; sourceTree = "<group>"; };
		C69F61711308EB8B0034F762 /* opencv_video.a */ = {isa = PBXFileReference; lastKnownFileType = archive.ar; path = opencv_video.a; sourceTree = "<group>"; };
		C69F61721308EB8B0034F762 /* zlib.a */ = {isa = PBXFileReference; lastKnownFileType = archive.ar; path = zlib.a; sourceTree = "<group>"; };
		C69F617F1308EB8B0034F762 /* ofxCvBlob.h */ = {isa = PBXFileReference; fileEncoding = 4; lastKnownFileType = sourcecode.c.h; path = ofxCvBlob.h; sourceTree = "<group>"; };
		C69F61801308EB8B0034F762 /* ofxCvColorImage.cpp */ = {isa = PBXFileReference; fileEncoding = 4; lastKnownFileType = sourcecode.cpp.cpp; path = ofxCvColorImage.cpp; sourceTree = "<group>"; };
		C69F61811308EB8B0034F762 /* ofxCvColorImage.h */ = {isa = PBXFileReference; fileEncoding = 4; lastKnownFileType = sourcecode.c.h; path = ofxCvColorImage.h; sourceTree = "<group>"; };
		C69F61821308EB8B0034F762 /* ofxCvConstants.h */ = {isa = PBXFileReference; fileEncoding = 4; lastKnownFileType = sourcecode.c.h; path = ofxCvConstants.h; sourceTree = "<group>"; };
		C69F61831308EB8B0034F762 /* ofxCvContourFinder.cpp */ = {isa = PBXFileReference; fileEncoding = 4; lastKnownFileType = sourcecode.cpp.cpp; path = ofxCvContourFinder.cpp; sourceTree = "<group>"; };
		C69F61841308EB8B0034F762 /* ofxCvContourFinder.h */ = {isa = PBXFileReference; fileEncoding = 4; lastKnownFileType = sourcecode.c.h; path = ofxCvContourFinder.h; sourceTree = "<group>"; };
		C69F61851308EB8B0034F762 /* ofxCvFloatImage.cpp */ = {isa = PBXFileReference; fileEncoding = 4; lastKnownFileType = sourcecode.cpp.cpp; path = ofxCvFloatImage.cpp; sourceTree = "<group>"; };
		C69F61861308EB8B0034F762 /* ofxCvFloatImage.h */ = {isa = PBXFileReference; fileEncoding = 4; lastKnownFileType = sourcecode.c.h; path = ofxCvFloatImage.h; sourceTree = "<group>"; };
		C69F61871308EB8B0034F762 /* ofxCvGrayscaleImage.cpp */ = {isa = PBXFileReference; fileEncoding = 4; lastKnownFileType = sourcecode.cpp.cpp; path = ofxCvGrayscaleImage.cpp; sourceTree = "<group>"; };
		C69F61881308EB8B0034F762 /* ofxCvGrayscaleImage.h */ = {isa = PBXFileReference; fileEncoding = 4; lastKnownFileType = sourcecode.c.h; path = ofxCvGrayscaleImage.h; sourceTree = "<group>"; };
		C69F61891308EB8B0034F762 /* ofxCvHaarFinder.cpp */ = {isa = PBXFileReference; fileEncoding = 4; lastKnownFileType = sourcecode.cpp.cpp; path = ofxCvHaarFinder.cpp; sourceTree = "<group>"; };
		C69F618A1308EB8B0034F762 /* ofxCvHaarFinder.h */ = {isa = PBXFileReference; fileEncoding = 4; lastKnownFileType = sourcecode.c.h; path = ofxCvHaarFinder.h; sourceTree = "<group>"; };
		C69F618B1308EB8B0034F762 /* ofxCvImage.cpp */ = {isa = PBXFileReference; fileEncoding = 4; lastKnownFileType = sourcecode.cpp.cpp; path = ofxCvImage.cpp; sourceTree = "<group>"; };
		C69F618C1308EB8B0034F762 /* ofxCvImage.h */ = {isa = PBXFileReference; fileEncoding = 4; lastKnownFileType = sourcecode.c.h; path = ofxCvImage.h; sourceTree = "<group>"; };
		C69F618D1308EB8B0034F762 /* ofxCvMain.h */ = {isa = PBXFileReference; fileEncoding = 4; lastKnownFileType = sourcecode.c.h; path = ofxCvMain.h; sourceTree = "<group>"; };
		C69F618E1308EB8B0034F762 /* ofxCvShortImage.cpp */ = {isa = PBXFileReference; fileEncoding = 4; lastKnownFileType = sourcecode.cpp.cpp; path = ofxCvShortImage.cpp; sourceTree = "<group>"; };
		C69F618F1308EB8B0034F762 /* ofxCvShortImage.h */ = {isa = PBXFileReference; fileEncoding = 4; lastKnownFileType = sourcecode.c.h; path = ofxCvShortImage.h; sourceTree = "<group>"; };
		C69F61901308EB8B0034F762 /* ofxOpenCv.h */ = {isa = PBXFileReference; fileEncoding = 4; lastKnownFileType = sourcecode.c.h; path = ofxOpenCv.h; sourceTree = "<group>"; };
		C69F61D01308EBC70034F762 /* ofxMouseRecord.cpp */ = {isa = PBXFileReference; fileEncoding = 4; lastKnownFileType = sourcecode.cpp.cpp; path = ofxMouseRecord.cpp; sourceTree = "<group>"; };
		C69F61D11308EBC70034F762 /* ofxMouseRecord.h */ = {isa = PBXFileReference; fileEncoding = 4; lastKnownFileType = sourcecode.c.h; path = ofxMouseRecord.h; sourceTree = "<group>"; };
		C69F61D41308EBD10034F762 /* install.xml */ = {isa = PBXFileReference; fileEncoding = 4; lastKnownFileType = text.xml; path = install.xml; sourceTree = "<group>"; };
		C69F61D61308EBD10034F762 /* tinyxml.cpp */ = {isa = PBXFileReference; fileEncoding = 4; lastKnownFileType = sourcecode.cpp.cpp; path = tinyxml.cpp; sourceTree = "<group>"; };
		C69F61D71308EBD10034F762 /* tinyxml.h */ = {isa = PBXFileReference; fileEncoding = 4; lastKnownFileType = sourcecode.c.h; path = tinyxml.h; sourceTree = "<group>"; };
		C69F61D81308EBD10034F762 /* tinyxmlerror.cpp */ = {isa = PBXFileReference; fileEncoding = 4; lastKnownFileType = sourcecode.cpp.cpp; path = tinyxmlerror.cpp; sourceTree = "<group>"; };
		C69F61D91308EBD10034F762 /* tinyxmlparser.cpp */ = {isa = PBXFileReference; fileEncoding = 4; lastKnownFileType = sourcecode.cpp.cpp; path = tinyxmlparser.cpp; sourceTree = "<group>"; };
		C69F61DB1308EBD10034F762 /* ofxXmlSettings.cpp */ = {isa = PBXFileReference; fileEncoding = 4; lastKnownFileType = sourcecode.cpp.cpp; path = ofxXmlSettings.cpp; sourceTree = "<group>"; };
		C69F61DC1308EBD10034F762 /* ofxXmlSettings.h */ = {isa = PBXFileReference; fileEncoding = 4; lastKnownFileType = sourcecode.c.h; path = ofxXmlSettings.h; sourceTree = "<group>"; };
		E45BE9710E8CC7DD009D7055 /* AGL.framework */ = {isa = PBXFileReference; lastKnownFileType = wrapper.framework; name = AGL.framework; path = /System/Library/Frameworks/AGL.framework; sourceTree = "<absolute>"; };
		E45BE9720E8CC7DD009D7055 /* ApplicationServices.framework */ = {isa = PBXFileReference; lastKnownFileType = wrapper.framework; name = ApplicationServices.framework; path = /System/Library/Frameworks/ApplicationServices.framework; sourceTree = "<absolute>"; };
		E45BE9730E8CC7DD009D7055 /* AudioToolbox.framework */ = {isa = PBXFileReference; lastKnownFileType = wrapper.framework; name = AudioToolbox.framework; path = /System/Library/Frameworks/AudioToolbox.framework; sourceTree = "<absolute>"; };
		E45BE9740E8CC7DD009D7055 /* Carbon.framework */ = {isa = PBXFileReference; lastKnownFileType = wrapper.framework; name = Carbon.framework; path = /System/Library/Frameworks/Carbon.framework; sourceTree = "<absolute>"; };
		E45BE9750E8CC7DD009D7055 /* CoreAudio.framework */ = {isa = PBXFileReference; lastKnownFileType = wrapper.framework; name = CoreAudio.framework; path = /System/Library/Frameworks/CoreAudio.framework; sourceTree = "<absolute>"; };
		E45BE9760E8CC7DD009D7055 /* CoreFoundation.framework */ = {isa = PBXFileReference; lastKnownFileType = wrapper.framework; name = CoreFoundation.framework; path = /System/Library/Frameworks/CoreFoundation.framework; sourceTree = "<absolute>"; };
		E45BE9770E8CC7DD009D7055 /* CoreServices.framework */ = {isa = PBXFileReference; lastKnownFileType = wrapper.framework; name = CoreServices.framework; path = /System/Library/Frameworks/CoreServices.framework; sourceTree = "<absolute>"; };
		E45BE9790E8CC7DD009D7055 /* OpenGL.framework */ = {isa = PBXFileReference; lastKnownFileType = wrapper.framework; name = OpenGL.framework; path = /System/Library/Frameworks/OpenGL.framework; sourceTree = "<absolute>"; };
		E45BE97A0E8CC7DD009D7055 /* QuickTime.framework */ = {isa = PBXFileReference; lastKnownFileType = wrapper.framework; name = QuickTime.framework; path = /System/Library/Frameworks/QuickTime.framework; sourceTree = "<absolute>"; };
		E4B69E1D0A3A1BDC003C02F2 /* main.cpp */ = {isa = PBXFileReference; fileEncoding = 30; lastKnownFileType = sourcecode.cpp.cpp; name = main.cpp; path = src/main.cpp; sourceTree = SOURCE_ROOT; };
		E4B69E1E0A3A1BDC003C02F2 /* testApp.cpp */ = {isa = PBXFileReference; explicitFileType = sourcecode.cpp.cpp; fileEncoding = 30; name = testApp.cpp; path = src/testApp.cpp; sourceTree = SOURCE_ROOT; };
		E4B69E1F0A3A1BDC003C02F2 /* testApp.h */ = {isa = PBXFileReference; fileEncoding = 30; lastKnownFileType = sourcecode.c.h; name = testApp.h; path = src/testApp.h; sourceTree = SOURCE_ROOT; };
		E4B6FCAD0C3E899E008CF71C /* openFrameworks-Info.plist */ = {isa = PBXFileReference; fileEncoding = 30; lastKnownFileType = text.plist.xml; path = "openFrameworks-Info.plist"; sourceTree = "<group>"; };
		E4C2424410CC5A17004149E2 /* AppKit.framework */ = {isa = PBXFileReference; lastKnownFileType = wrapper.framework; name = AppKit.framework; path = /System/Library/Frameworks/AppKit.framework; sourceTree = "<absolute>"; };
		E4C2424510CC5A17004149E2 /* Cocoa.framework */ = {isa = PBXFileReference; lastKnownFileType = wrapper.framework; name = Cocoa.framework; path = /System/Library/Frameworks/Cocoa.framework; sourceTree = "<absolute>"; };
		E4C2424610CC5A17004149E2 /* IOKit.framework */ = {isa = PBXFileReference; lastKnownFileType = wrapper.framework; name = IOKit.framework; path = /System/Library/Frameworks/IOKit.framework; sourceTree = "<absolute>"; };
		E4C2425F10CC5A78004149E2 /* GLUT.framework */ = {isa = PBXFileReference; lastKnownFileType = wrapper.framework; name = GLUT.framework; path = ../../../libs/glut/lib/osx/GLUT.framework; sourceTree = SOURCE_ROOT; };
/* End PBXFileReference section */

/* Begin PBXFrameworksBuildPhase section */
		E4B69B590A3A1756003C02F2 /* Frameworks */ = {
			isa = PBXFrameworksBuildPhase;
			buildActionMask = 2147483647;
			files = (
				E45BE97B0E8CC7DD009D7055 /* AGL.framework in Frameworks */,
				E45BE97C0E8CC7DD009D7055 /* ApplicationServices.framework in Frameworks */,
				E45BE97D0E8CC7DD009D7055 /* AudioToolbox.framework in Frameworks */,
				E45BE97E0E8CC7DD009D7055 /* Carbon.framework in Frameworks */,
				E45BE97F0E8CC7DD009D7055 /* CoreAudio.framework in Frameworks */,
				E45BE9800E8CC7DD009D7055 /* CoreFoundation.framework in Frameworks */,
				E45BE9810E8CC7DD009D7055 /* CoreServices.framework in Frameworks */,
				E45BE9830E8CC7DD009D7055 /* OpenGL.framework in Frameworks */,
				E45BE9840E8CC7DD009D7055 /* QuickTime.framework in Frameworks */,
				E4C2424710CC5A17004149E2 /* AppKit.framework in Frameworks */,
				E4C2424810CC5A17004149E2 /* Cocoa.framework in Frameworks */,
				E4C2424910CC5A17004149E2 /* IOKit.framework in Frameworks */,
				E4C2426610CC5A78004149E2 /* GLUT.framework in Frameworks */,
				C68BBC3512F92260007982DF /* openFrameworks.a in Frameworks */,
				C69F61B01308EB8C0034F762 /* opencv_calib3d.a in Frameworks */,
				C69F61B11308EB8C0034F762 /* opencv_contrib.a in Frameworks */,
				C69F61B21308EB8C0034F762 /* opencv_core.a in Frameworks */,
				C69F61B31308EB8C0034F762 /* opencv_features2d.a in Frameworks */,
				C69F61B41308EB8C0034F762 /* opencv_flann.a in Frameworks */,
				C69F61B51308EB8C0034F762 /* opencv_gpu.a in Frameworks */,
				C69F61B61308EB8C0034F762 /* opencv_haartraining_engine.a in Frameworks */,
				C69F61B71308EB8C0034F762 /* opencv_highgui.a in Frameworks */,
				C69F61B81308EB8C0034F762 /* opencv_imgproc.a in Frameworks */,
				C69F61B91308EB8C0034F762 /* opencv_lapack.a in Frameworks */,
				C69F61BA1308EB8C0034F762 /* opencv_legacy.a in Frameworks */,
				C69F61BB1308EB8C0034F762 /* opencv_ml.a in Frameworks */,
				C69F61BC1308EB8C0034F762 /* opencv_objdetect.a in Frameworks */,
				C69F61BD1308EB8C0034F762 /* opencv_video.a in Frameworks */,
				C69F61BE1308EB8C0034F762 /* zlib.a in Frameworks */,
			);
			runOnlyForDeploymentPostprocessing = 0;
		};
/* End PBXFrameworksBuildPhase section */

/* Begin PBXGroup section */
		BB4B014C10F69532006C3DED /* addons */ = {
			isa = PBXGroup;
			children = (
				C69F61D31308EBD10034F762 /* ofxXmlSettings */,
				C69F61CF1308EBC70034F762 /* ofxMouseRecord */,
				C69F60EB1308EB8B0034F762 /* ofxOpenCv */,
			);
			name = addons;
			sourceTree = "<group>";
		};
		C69F60D41308EB5B0034F762 /* holler_logo_lib */ = {
			isa = PBXGroup;
			children = (
				C69F60D51308EB5B0034F762 /* include */,
				C69F60D81308EB5B0034F762 /* src */,
			);
			name = holler_logo_lib;
			path = ../holler_logo_lib;
			sourceTree = SOURCE_ROOT;
		};
		C69F60D51308EB5B0034F762 /* include */ = {
			isa = PBXGroup;
			children = (
				C69F60D61308EB5B0034F762 /* ofxQtVideoSaver.cpp */,
				C69F60D71308EB5B0034F762 /* ofxQtVideoSaver.h */,
			);
			path = include;
			sourceTree = "<group>";
		};
		C69F60D81308EB5B0034F762 /* src */ = {
			isa = PBXGroup;
			children = (
				C69F60D91308EB5B0034F762 /* Assets.cpp */,
				C69F60DA1308EB5B0034F762 /* Assets.h */,
				C69F60DB1308EB5B0034F762 /* Border.cpp */,
				C69F60DC1308EB5B0034F762 /* Border.h */,
				C69F60DD1308EB5B0034F762 /* hollerLogoApp.cpp */,
				C69F60DE1308EB5B0034F762 /* hollerLogoApp.h */,
			);
			path = src;
			sourceTree = "<group>";
		};
		C69F60EB1308EB8B0034F762 /* ofxOpenCv */ = {
			isa = PBXGroup;
			children = (
				C69F60EC1308EB8B0034F762 /* install.xml */,
				C69F60ED1308EB8B0034F762 /* libs */,
				C69F617E1308EB8B0034F762 /* src */,
			);
			name = ofxOpenCv;
			path = ../../../addons/ofxOpenCv;
			sourceTree = SOURCE_ROOT;
		};
		C69F60ED1308EB8B0034F762 /* libs */ = {
			isa = PBXGroup;
			children = (
				C69F60EE1308EB8B0034F762 /* opencv */,
			);
			path = libs;
			sourceTree = "<group>";
		};
		C69F60EE1308EB8B0034F762 /* opencv */ = {
			isa = PBXGroup;
			children = (
				C69F60EF1308EB8B0034F762 /* include */,
				C69F61401308EB8B0034F762 /* lib */,
			);
			path = opencv;
			sourceTree = "<group>";
		};
		C69F60EF1308EB8B0034F762 /* include */ = {
			isa = PBXGroup;
			children = (
				C69F60F01308EB8B0034F762 /* opencv */,
				C69F60FC1308EB8B0034F762 /* opencv2 */,
			);
			path = include;
			sourceTree = "<group>";
		};
		C69F60F01308EB8B0034F762 /* opencv */ = {
			isa = PBXGroup;
			children = (
				C69F60F11308EB8B0034F762 /* cv.h */,
				C69F60F21308EB8B0034F762 /* cv.hpp */,
				C69F60F31308EB8B0034F762 /* cvaux.h */,
				C69F60F41308EB8B0034F762 /* cvaux.hpp */,
				C69F60F51308EB8B0034F762 /* cvwimage.h */,
				C69F60F61308EB8B0034F762 /* cxcore.h */,
				C69F60F71308EB8B0034F762 /* cxcore.hpp */,
				C69F60F81308EB8B0034F762 /* cxeigen.hpp */,
				C69F60F91308EB8B0034F762 /* cxmisc.h */,
				C69F60FA1308EB8B0034F762 /* highgui.h */,
				C69F60FB1308EB8B0034F762 /* ml.h */,
			);
			path = opencv;
			sourceTree = "<group>";
		};
		C69F60FC1308EB8B0034F762 /* opencv2 */ = {
			isa = PBXGroup;
			children = (
				C69F60FD1308EB8B0034F762 /* calib3d */,
				C69F60FF1308EB8B0034F762 /* contrib */,
				C69F61011308EB8B0034F762 /* core */,
				C69F610B1308EB8B0034F762 /* features2d */,
				C69F610D1308EB8B0034F762 /* flann */,
				C69F61271308EB8B0034F762 /* gpu */,
				C69F612C1308EB8B0034F762 /* highgui */,
				C69F612F1308EB8B0034F762 /* imgproc */,
				C69F61331308EB8B0034F762 /* legacy */,
				C69F61381308EB8B0034F762 /* ml */,
				C69F613A1308EB8B0034F762 /* objdetect */,
				C69F613C1308EB8B0034F762 /* opencv.hpp */,
				C69F613D1308EB8B0034F762 /* video */,
			);
			path = opencv2;
			sourceTree = "<group>";
		};
		C69F60FD1308EB8B0034F762 /* calib3d */ = {
			isa = PBXGroup;
			children = (
				C69F60FE1308EB8B0034F762 /* calib3d.hpp */,
			);
			path = calib3d;
			sourceTree = "<group>";
		};
		C69F60FF1308EB8B0034F762 /* contrib */ = {
			isa = PBXGroup;
			children = (
				C69F61001308EB8B0034F762 /* contrib.hpp */,
			);
			path = contrib;
			sourceTree = "<group>";
		};
		C69F61011308EB8B0034F762 /* core */ = {
			isa = PBXGroup;
			children = (
				C69F61021308EB8B0034F762 /* core.hpp */,
				C69F61031308EB8B0034F762 /* core_c.h */,
				C69F61041308EB8B0034F762 /* eigen.hpp */,
				C69F61051308EB8B0034F762 /* internal.hpp */,
				C69F61061308EB8B0034F762 /* mat.hpp */,
				C69F61071308EB8B0034F762 /* operations.hpp */,
				C69F61081308EB8B0034F762 /* types_c.h */,
				C69F61091308EB8B0034F762 /* version.hpp */,
				C69F610A1308EB8B0034F762 /* wimage.hpp */,
			);
			path = core;
			sourceTree = "<group>";
		};
		C69F610B1308EB8B0034F762 /* features2d */ = {
			isa = PBXGroup;
			children = (
				C69F610C1308EB8B0034F762 /* features2d.hpp */,
			);
			path = features2d;
			sourceTree = "<group>";
		};
		C69F610D1308EB8B0034F762 /* flann */ = {
			isa = PBXGroup;
			children = (
				C69F610E1308EB8B0034F762 /* all_indices.h */,
				C69F610F1308EB8B0034F762 /* allocator.h */,
				C69F61101308EB8B0034F762 /* autotuned_index.h */,
				C69F61111308EB8B0034F762 /* composite_index.h */,
				C69F61121308EB8B0034F762 /* dist.h */,
				C69F61131308EB8B0034F762 /* flann.hpp */,
				C69F61141308EB8B0034F762 /* flann_base.hpp */,
				C69F61151308EB8B0034F762 /* general.h */,
				C69F61161308EB8B0034F762 /* ground_truth.h */,
				C69F61171308EB8B0034F762 /* hdf5.h */,
				C69F61181308EB8B0034F762 /* heap.h */,
				C69F61191308EB8B0034F762 /* index_testing.h */,
				C69F611A1308EB8B0034F762 /* kdtree_index.h */,
				C69F611B1308EB8B0034F762 /* kmeans_index.h */,
				C69F611C1308EB8B0034F762 /* linear_index.h */,
				C69F611D1308EB8B0034F762 /* logger.h */,
				C69F611E1308EB8B0034F762 /* matrix.h */,
				C69F611F1308EB8B0034F762 /* nn_index.h */,
				C69F61201308EB8B0034F762 /* object_factory.h */,
				C69F61211308EB8B0034F762 /* random.h */,
				C69F61221308EB8B0034F762 /* result_set.h */,
				C69F61231308EB8B0034F762 /* sampling.h */,
				C69F61241308EB8B0034F762 /* saving.h */,
				C69F61251308EB8B0034F762 /* simplex_downhill.h */,
				C69F61261308EB8B0034F762 /* timer.h */,
			);
			path = flann;
			sourceTree = "<group>";
		};
		C69F61271308EB8B0034F762 /* gpu */ = {
			isa = PBXGroup;
			children = (
				C69F61281308EB8B0034F762 /* devmem2d.hpp */,
				C69F61291308EB8B0034F762 /* gpu.hpp */,
				C69F612A1308EB8B0034F762 /* matrix_operations.hpp */,
				C69F612B1308EB8B0034F762 /* stream_accessor.hpp */,
			);
			path = gpu;
			sourceTree = "<group>";
		};
		C69F612C1308EB8B0034F762 /* highgui */ = {
			isa = PBXGroup;
			children = (
				C69F612D1308EB8B0034F762 /* highgui.hpp */,
				C69F612E1308EB8B0034F762 /* highgui_c.h */,
			);
			path = highgui;
			sourceTree = "<group>";
		};
		C69F612F1308EB8B0034F762 /* imgproc */ = {
			isa = PBXGroup;
			children = (
				C69F61301308EB8B0034F762 /* imgproc.hpp */,
				C69F61311308EB8B0034F762 /* imgproc_c.h */,
				C69F61321308EB8B0034F762 /* types_c.h */,
			);
			path = imgproc;
			sourceTree = "<group>";
		};
		C69F61331308EB8B0034F762 /* legacy */ = {
			isa = PBXGroup;
			children = (
				C69F61341308EB8B0034F762 /* blobtrack.hpp */,
				C69F61351308EB8B0034F762 /* compat.hpp */,
				C69F61361308EB8B0034F762 /* legacy.hpp */,
				C69F61371308EB8B0034F762 /* streams.hpp */,
			);
			path = legacy;
			sourceTree = "<group>";
		};
		C69F61381308EB8B0034F762 /* ml */ = {
			isa = PBXGroup;
			children = (
				C69F61391308EB8B0034F762 /* ml.hpp */,
			);
			path = ml;
			sourceTree = "<group>";
		};
		C69F613A1308EB8B0034F762 /* objdetect */ = {
			isa = PBXGroup;
			children = (
				C69F613B1308EB8B0034F762 /* objdetect.hpp */,
			);
			path = objdetect;
			sourceTree = "<group>";
		};
		C69F613D1308EB8B0034F762 /* video */ = {
			isa = PBXGroup;
			children = (
				C69F613E1308EB8B0034F762 /* background_segm.hpp */,
				C69F613F1308EB8B0034F762 /* tracking.hpp */,
			);
			path = video;
			sourceTree = "<group>";
		};
		C69F61401308EB8B0034F762 /* lib */ = {
			isa = PBXGroup;
			children = (
				C69F61631308EB8B0034F762 /* osx */,
			);
			path = lib;
			sourceTree = "<group>";
		};
		C69F61631308EB8B0034F762 /* osx */ = {
			isa = PBXGroup;
			children = (
				C69F61641308EB8B0034F762 /* opencv_calib3d.a */,
				C69F61651308EB8B0034F762 /* opencv_contrib.a */,
				C69F61661308EB8B0034F762 /* opencv_core.a */,
				C69F61671308EB8B0034F762 /* opencv_features2d.a */,
				C69F61681308EB8B0034F762 /* opencv_flann.a */,
				C69F61691308EB8B0034F762 /* opencv_gpu.a */,
				C69F616A1308EB8B0034F762 /* opencv_haartraining_engine.a */,
				C69F616B1308EB8B0034F762 /* opencv_highgui.a */,
				C69F616C1308EB8B0034F762 /* opencv_imgproc.a */,
				C69F616D1308EB8B0034F762 /* opencv_lapack.a */,
				C69F616E1308EB8B0034F762 /* opencv_legacy.a */,
				C69F616F1308EB8B0034F762 /* opencv_ml.a */,
				C69F61701308EB8B0034F762 /* opencv_objdetect.a */,
				C69F61711308EB8B0034F762 /* opencv_video.a */,
				C69F61721308EB8B0034F762 /* zlib.a */,
			);
			path = osx;
			sourceTree = "<group>";
		};
		C69F617E1308EB8B0034F762 /* src */ = {
			isa = PBXGroup;
			children = (
				C69F617F1308EB8B0034F762 /* ofxCvBlob.h */,
				C69F61801308EB8B0034F762 /* ofxCvColorImage.cpp */,
				C69F61811308EB8B0034F762 /* ofxCvColorImage.h */,
				C69F61821308EB8B0034F762 /* ofxCvConstants.h */,
				C69F61831308EB8B0034F762 /* ofxCvContourFinder.cpp */,
				C69F61841308EB8B0034F762 /* ofxCvContourFinder.h */,
				C69F61851308EB8B0034F762 /* ofxCvFloatImage.cpp */,
				C69F61861308EB8B0034F762 /* ofxCvFloatImage.h */,
				C69F61871308EB8B0034F762 /* ofxCvGrayscaleImage.cpp */,
				C69F61881308EB8B0034F762 /* ofxCvGrayscaleImage.h */,
				C69F61891308EB8B0034F762 /* ofxCvHaarFinder.cpp */,
				C69F618A1308EB8B0034F762 /* ofxCvHaarFinder.h */,
				C69F618B1308EB8B0034F762 /* ofxCvImage.cpp */,
				C69F618C1308EB8B0034F762 /* ofxCvImage.h */,
				C69F618D1308EB8B0034F762 /* ofxCvMain.h */,
				C69F618E1308EB8B0034F762 /* ofxCvShortImage.cpp */,
				C69F618F1308EB8B0034F762 /* ofxCvShortImage.h */,
				C69F61901308EB8B0034F762 /* ofxOpenCv.h */,
			);
			path = src;
			sourceTree = "<group>";
		};
		C69F61CF1308EBC70034F762 /* ofxMouseRecord */ = {
			isa = PBXGroup;
			children = (
				C69F61D01308EBC70034F762 /* ofxMouseRecord.cpp */,
				C69F61D11308EBC70034F762 /* ofxMouseRecord.h */,
			);
			name = ofxMouseRecord;
			path = ../../../addons/kikkolibs/ofxMouseRecord;
			sourceTree = SOURCE_ROOT;
		};
		C69F61D31308EBD10034F762 /* ofxXmlSettings */ = {
			isa = PBXGroup;
			children = (
				C69F61D41308EBD10034F762 /* install.xml */,
				C69F61D51308EBD10034F762 /* libs */,
				C69F61DA1308EBD10034F762 /* src */,
			);
			name = ofxXmlSettings;
			path = ../../../addons/ofxXmlSettings;
			sourceTree = SOURCE_ROOT;
		};
		C69F61D51308EBD10034F762 /* libs */ = {
			isa = PBXGroup;
			children = (
				C69F61D61308EBD10034F762 /* tinyxml.cpp */,
				C69F61D71308EBD10034F762 /* tinyxml.h */,
				C69F61D81308EBD10034F762 /* tinyxmlerror.cpp */,
				C69F61D91308EBD10034F762 /* tinyxmlparser.cpp */,
			);
			path = libs;
			sourceTree = "<group>";
		};
		C69F61DA1308EBD10034F762 /* src */ = {
			isa = PBXGroup;
			children = (
				C69F61DB1308EBD10034F762 /* ofxXmlSettings.cpp */,
				C69F61DC1308EBD10034F762 /* ofxXmlSettings.h */,
			);
			path = src;
			sourceTree = "<group>";
		};
		E45BE5980E8CC70C009D7055 /* frameworks */ = {
			isa = PBXGroup;
			children = (
				E4C2425F10CC5A78004149E2 /* GLUT.framework */,
				E4C2424410CC5A17004149E2 /* AppKit.framework */,
				E4C2424510CC5A17004149E2 /* Cocoa.framework */,
				E4C2424610CC5A17004149E2 /* IOKit.framework */,
				E45BE9710E8CC7DD009D7055 /* AGL.framework */,
				E45BE9720E8CC7DD009D7055 /* ApplicationServices.framework */,
				E45BE9730E8CC7DD009D7055 /* AudioToolbox.framework */,
				E45BE9740E8CC7DD009D7055 /* Carbon.framework */,
				E45BE9750E8CC7DD009D7055 /* CoreAudio.framework */,
				E45BE9760E8CC7DD009D7055 /* CoreFoundation.framework */,
				E45BE9770E8CC7DD009D7055 /* CoreServices.framework */,
				E45BE9790E8CC7DD009D7055 /* OpenGL.framework */,
				E45BE97A0E8CC7DD009D7055 /* QuickTime.framework */,
			);
			name = frameworks;
			sourceTree = "<group>";
		};
		E4B69B4A0A3A1720003C02F2 = {
			isa = PBXGroup;
			children = (
				E4B6FCAD0C3E899E008CF71C /* openFrameworks-Info.plist */,
				E4B69E1C0A3A1BDC003C02F2 /* src */,
				C69F60D41308EB5B0034F762 /* holler_logo_lib */,
				BB4B014C10F69532006C3DED /* addons */,
				E4C2422310CC54B6004149E2 /* openFrameworks */,
				E45BE5980E8CC70C009D7055 /* frameworks */,
				C65D3A8B12FF4F1400E1384D /* holler_logo_2Debug.app */,
			);
			sourceTree = "<group>";
		};
		E4B69E1C0A3A1BDC003C02F2 /* src */ = {
			isa = PBXGroup;
			children = (
				E4B69E1D0A3A1BDC003C02F2 /* main.cpp */,
				E4B69E1E0A3A1BDC003C02F2 /* testApp.cpp */,
				E4B69E1F0A3A1BDC003C02F2 /* testApp.h */,
				C637988512FA03A700FDC736 /* Trail.h */,
				C637988612FA03A700FDC736 /* Trail.cpp */,
			);
			path = src;
			sourceTree = SOURCE_ROOT;
		};
		E4C2422310CC54B6004149E2 /* openFrameworks */ = {
			isa = PBXGroup;
			children = (
				C68BBC3412F92260007982DF /* openFrameworks.a */,
			);
			name = openFrameworks;
			sourceTree = "<group>";
		};
/* End PBXGroup section */

/* Begin PBXNativeTarget section */
		E4B69B5A0A3A1756003C02F2 /* holler_logo_2 */ = {
			isa = PBXNativeTarget;
			buildConfigurationList = E4B69B5F0A3A1757003C02F2 /* Build configuration list for PBXNativeTarget "holler_logo_2" */;
			buildPhases = (
				E4B69B580A3A1756003C02F2 /* Sources */,
				E4B69B590A3A1756003C02F2 /* Frameworks */,
				E4B6FFFD0C3F9AB9008CF71C /* ShellScript */,
				E4C2427710CC5ABF004149E2 /* CopyFiles */,
			);
			buildRules = (
			);
			dependencies = (
			);
			name = holler_logo_2;
			productName = myOFApp;
			productReference = C65D3A8B12FF4F1400E1384D /* holler_logo_2Debug.app */;
			productType = "com.apple.product-type.application";
		};
/* End PBXNativeTarget section */

/* Begin PBXProject section */
		E4B69B4C0A3A1720003C02F2 /* Project object */ = {
			isa = PBXProject;
			buildConfigurationList = E4B69B4D0A3A1720003C02F2 /* Build configuration list for PBXProject "holler_logo_4" */;
			compatibilityVersion = "Xcode 2.4";
			developmentRegion = English;
			hasScannedForEncodings = 0;
			knownRegions = (
				English,
				Japanese,
				French,
				German,
			);
			mainGroup = E4B69B4A0A3A1720003C02F2;
			productRefGroup = E4B69B4A0A3A1720003C02F2;
			projectDirPath = "";
			projectRoot = "";
			targets = (
				E4B69B5A0A3A1756003C02F2 /* holler_logo_2 */,
			);
		};
/* End PBXProject section */

/* Begin PBXShellScriptBuildPhase section */
		E4B6FFFD0C3F9AB9008CF71C /* ShellScript */ = {
			isa = PBXShellScriptBuildPhase;
			buildActionMask = 2147483647;
			files = (
			);
			inputPaths = (
			);
			outputPaths = (
			);
			runOnlyForDeploymentPostprocessing = 0;
			shellPath = /bin/sh;
			shellScript = "cp -f ../../../libs/fmodex/lib/osx/libfmodex.dylib \"$TARGET_BUILD_DIR/$PRODUCT_NAME.app/Contents/MacOS/libfmodex.dylib\"\ninstall_name_tool -change ./libfmodex.dylib @executable_path/libfmodex.dylib \"$TARGET_BUILD_DIR/$PRODUCT_NAME.app/Contents/MacOS/$PRODUCT_NAME\" ";
		};
/* End PBXShellScriptBuildPhase section */

/* Begin PBXSourcesBuildPhase section */
		E4B69B580A3A1756003C02F2 /* Sources */ = {
			isa = PBXSourcesBuildPhase;
			buildActionMask = 2147483647;
			files = (
				E4B69E200A3A1BDC003C02F2 /* main.cpp in Sources */,
				E4B69E210A3A1BDC003C02F2 /* testApp.cpp in Sources */,
				C637988712FA03A700FDC736 /* Trail.cpp in Sources */,
				C69F60DF1308EB5B0034F762 /* ofxQtVideoSaver.cpp in Sources */,
				C69F60E01308EB5B0034F762 /* Assets.cpp in Sources */,
				C69F60E11308EB5B0034F762 /* Border.cpp in Sources */,
				C69F60E21308EB5B0034F762 /* hollerLogoApp.cpp in Sources */,
				C69F61C81308EB8C0034F762 /* ofxCvColorImage.cpp in Sources */,
				C69F61C91308EB8C0034F762 /* ofxCvContourFinder.cpp in Sources */,
				C69F61CA1308EB8C0034F762 /* ofxCvFloatImage.cpp in Sources */,
				C69F61CB1308EB8C0034F762 /* ofxCvGrayscaleImage.cpp in Sources */,
				C69F61CC1308EB8C0034F762 /* ofxCvHaarFinder.cpp in Sources */,
				C69F61CD1308EB8C0034F762 /* ofxCvImage.cpp in Sources */,
				C69F61CE1308EB8C0034F762 /* ofxCvShortImage.cpp in Sources */,
				C69F61D21308EBC70034F762 /* ofxMouseRecord.cpp in Sources */,
				C69F61DD1308EBD10034F762 /* tinyxml.cpp in Sources */,
				C69F61DE1308EBD10034F762 /* tinyxmlerror.cpp in Sources */,
				C69F61DF1308EBD10034F762 /* tinyxmlparser.cpp in Sources */,
				C69F61E01308EBD10034F762 /* ofxXmlSettings.cpp in Sources */,
			);
			runOnlyForDeploymentPostprocessing = 0;
		};
/* End PBXSourcesBuildPhase section */

/* Begin XCBuildConfiguration section */
		E4B69B4E0A3A1720003C02F2 /* Debug */ = {
			isa = XCBuildConfiguration;
			buildSettings = {
				ARCHS = "$(NATIVE_ARCH)";
				CONFIGURATION_BUILD_DIR = "$(SRCROOT)/bin/";
				COPY_PHASE_STRIP = NO;
				DEAD_CODE_STRIPPING = YES;
				GCC_AUTO_VECTORIZATION = YES;
				GCC_ENABLE_SSE3_EXTENSIONS = YES;
				GCC_ENABLE_SUPPLEMENTAL_SSE3_INSTRUCTIONS = YES;
				GCC_INLINES_ARE_PRIVATE_EXTERN = NO;
				GCC_MODEL_TUNING = G5;
				GCC_SYMBOLS_PRIVATE_EXTERN = NO;
				GCC_WARN_ABOUT_DEPRECATED_FUNCTIONS = NO;
				GCC_WARN_ABOUT_INVALID_OFFSETOF_MACRO = NO;
				GCC_WARN_ALLOW_INCOMPLETE_PROTOCOL = NO;
				GCC_WARN_UNINITIALIZED_AUTOS = NO;
				GCC_WARN_UNUSED_VALUE = NO;
				GCC_WARN_UNUSED_VARIABLE = NO;
				HEADER_SEARCH_PATHS = (
					../../../addons/ofxOpenCv/libs/opencv/include,
					"../../../libs/openFrameworks/**",
					../../../libs/freetype/include/,
					../../../libs/freetype/include/freetype2,
					../../../libs/poco/include,
					../../../addons/,
					"../../../libs/glew/include/GL/**",
					"../../../libs/fmodex/include/**",
					"../../../libs/freeimage/include/**",
				);
				OTHER_CPLUSPLUSFLAGS = (
					"-D__MACOSX_CORE__",
					"-lpthread",
				);
				OTHER_LDFLAGS = (
					"$(OTHER_LDFLAGS_QUOTED_FOR_PROJECT_1)",
					"$(OTHER_LDFLAGS_QUOTED_FOR_PROJECT_2)",
					"$(OTHER_LDFLAGS_QUOTED_FOR_PROJECT_3)",
					"$(OTHER_LDFLAGS_QUOTED_FOR_PROJECT_4)",
					"$(OTHER_LDFLAGS_QUOTED_FOR_PROJECT_5)",
					"$(OTHER_LDFLAGS_QUOTED_FOR_PROJECT_6)",
					"$(OTHER_LDFLAGS_QUOTED_FOR_PROJECT_7)",
					"$(OTHER_LDFLAGS_QUOTED_FOR_PROJECT_8)",
					"$(OTHER_LDFLAGS_QUOTED_FOR_PROJECT_9)",
				);
				OTHER_LDFLAGS_QUOTED_FOR_PROJECT_1 = "\"../../../libs/poco/lib/osx/PocoUtil.a\"";
				OTHER_LDFLAGS_QUOTED_FOR_PROJECT_2 = "\"../../../libs/poco/lib/osx/PocoXML.a\"";
				OTHER_LDFLAGS_QUOTED_FOR_PROJECT_3 = "\"../../../libs/poco/lib/osx/PocoFoundation.a\"";
				OTHER_LDFLAGS_QUOTED_FOR_PROJECT_4 = "\"../../../libs/poco/lib/osx/PocoNet.a\"";
				OTHER_LDFLAGS_QUOTED_FOR_PROJECT_5 = "\"../../../libs/rtAudio/lib/osx/rtAudio.a\"";
				OTHER_LDFLAGS_QUOTED_FOR_PROJECT_6 = "\"../../../libs/freetype/lib/osx/freetype.a\"";
				OTHER_LDFLAGS_QUOTED_FOR_PROJECT_7 = "\"../../../libs/FreeImage/lib/osx/freeimage.a\"";
				OTHER_LDFLAGS_QUOTED_FOR_PROJECT_8 = "\"../../../libs/fmodex/lib/osx/libfmodex.dylib\"";
				OTHER_LDFLAGS_QUOTED_FOR_PROJECT_9 = "\"../../../libs/glew/lib/osx/glew.a\"";
			};
			name = Debug;
		};
		E4B69B4F0A3A1720003C02F2 /* Release */ = {
			isa = XCBuildConfiguration;
			buildSettings = {
				ARCHS = "$(NATIVE_ARCH)";
				CONFIGURATION_BUILD_DIR = "$(SRCROOT)/bin/";
				COPY_PHASE_STRIP = YES;
				DEAD_CODE_STRIPPING = YES;
				GCC_AUTO_VECTORIZATION = YES;
				GCC_ENABLE_SSE3_EXTENSIONS = YES;
				GCC_ENABLE_SUPPLEMENTAL_SSE3_INSTRUCTIONS = YES;
				GCC_INLINES_ARE_PRIVATE_EXTERN = NO;
				GCC_MODEL_TUNING = G5;
				GCC_OPTIMIZATION_LEVEL = 3;
				GCC_SYMBOLS_PRIVATE_EXTERN = NO;
				GCC_UNROLL_LOOPS = YES;
				GCC_WARN_ABOUT_DEPRECATED_FUNCTIONS = NO;
				GCC_WARN_ABOUT_INVALID_OFFSETOF_MACRO = NO;
				GCC_WARN_ALLOW_INCOMPLETE_PROTOCOL = NO;
				GCC_WARN_UNINITIALIZED_AUTOS = NO;
				GCC_WARN_UNUSED_VALUE = NO;
				GCC_WARN_UNUSED_VARIABLE = NO;
				HEADER_SEARCH_PATHS = (
					../../../addons/ofxOpenCv/libs/opencv/include,
					"../../../libs/openFrameworks/**",
					../../../libs/freetype/include/,
					../../../libs/freetype/include/freetype2,
					../../../libs/poco/include,
					../../../addons/,
					"../../../libs/glew/include/GL/**",
					"../../../libs/fmodex/include/**",
					"../../../libs/freeimage/include/**",
				);
				OTHER_CPLUSPLUSFLAGS = (
					"-D__MACOSX_CORE__",
					"-lpthread",
				);
				OTHER_LDFLAGS = (
					"$(OTHER_LDFLAGS_QUOTED_FOR_PROJECT_1)",
					"$(OTHER_LDFLAGS_QUOTED_FOR_PROJECT_2)",
					"$(OTHER_LDFLAGS_QUOTED_FOR_PROJECT_3)",
					"$(OTHER_LDFLAGS_QUOTED_FOR_PROJECT_4)",
					"$(OTHER_LDFLAGS_QUOTED_FOR_PROJECT_5)",
					"$(OTHER_LDFLAGS_QUOTED_FOR_PROJECT_6)",
					"$(OTHER_LDFLAGS_QUOTED_FOR_PROJECT_7)",
					"$(OTHER_LDFLAGS_QUOTED_FOR_PROJECT_8)",
					"$(OTHER_LDFLAGS_QUOTED_FOR_PROJECT_9)",
				);
				OTHER_LDFLAGS_QUOTED_FOR_PROJECT_1 = "\"../../../libs/poco/lib/osx/PocoUtil.a\"";
				OTHER_LDFLAGS_QUOTED_FOR_PROJECT_2 = "\"../../../libs/poco/lib/osx/PocoXML.a\"";
				OTHER_LDFLAGS_QUOTED_FOR_PROJECT_3 = "\"../../../libs/poco/lib/osx/PocoFoundation.a\"";
				OTHER_LDFLAGS_QUOTED_FOR_PROJECT_4 = "\"../../../libs/poco/lib/osx/PocoNet.a\"";
				OTHER_LDFLAGS_QUOTED_FOR_PROJECT_5 = "\"../../../libs/rtAudio/lib/osx/rtAudio.a\"";
				OTHER_LDFLAGS_QUOTED_FOR_PROJECT_6 = "\"../../../libs/freetype/lib/osx/freetype.a\"";
				OTHER_LDFLAGS_QUOTED_FOR_PROJECT_7 = "\"../../../libs/FreeImage/lib/osx/freeimage.a\"";
				OTHER_LDFLAGS_QUOTED_FOR_PROJECT_8 = "\"../../../libs/fmodex/lib/osx/libfmodex.dylib\"";
				OTHER_LDFLAGS_QUOTED_FOR_PROJECT_9 = "\"../../../libs/glew/lib/osx/glew.a\"";
			};
			name = Release;
		};
		E4B69B600A3A1757003C02F2 /* Debug */ = {
			isa = XCBuildConfiguration;
			buildSettings = {
				COPY_PHASE_STRIP = NO;
				FRAMEWORK_SEARCH_PATHS = (
					"$(inherited)",
					"$(FRAMEWORK_SEARCH_PATHS_QUOTED_FOR_TARGET_1)",
				);
				FRAMEWORK_SEARCH_PATHS_QUOTED_FOR_TARGET_1 = "\"$(SRCROOT)/../../../libs/glut/lib/osx\"";
				GCC_DYNAMIC_NO_PIC = NO;
				GCC_ENABLE_FIX_AND_CONTINUE = YES;
				GCC_GENERATE_DEBUGGING_SYMBOLS = YES;
				GCC_MODEL_TUNING = G4;
				GCC_OPTIMIZATION_LEVEL = 0;
				GCC_PRECOMPILE_PREFIX_HEADER = YES;
				GCC_PREFIX_HEADER = "$(SYSTEM_LIBRARY_DIR)/Frameworks/Carbon.framework/Headers/Carbon.h";
				INFOPLIST_FILE = "openFrameworks-Info.plist";
				INSTALL_PATH = "$(HOME)/Applications";
				LIBRARY_SEARCH_PATHS = (
					"$(inherited)",
					"$(LIBRARY_SEARCH_PATHS_QUOTED_FOR_TARGET_1)",
					"$(LIBRARY_SEARCH_PATHS_QUOTED_FOR_TARGET_2)",
					"$(LIBRARY_SEARCH_PATHS_QUOTED_FOR_TARGET_3)",
					"$(LIBRARY_SEARCH_PATHS_QUOTED_FOR_TARGET_4)",
					"$(LIBRARY_SEARCH_PATHS_QUOTED_FOR_TARGET_5)",
					"$(LIBRARY_SEARCH_PATHS_QUOTED_FOR_TARGET_6)",
					"$(LIBRARY_SEARCH_PATHS_QUOTED_FOR_TARGET_7)",
					"$(LIBRARY_SEARCH_PATHS_QUOTED_FOR_TARGET_8)",
					"$(LIBRARY_SEARCH_PATHS_QUOTED_FOR_TARGET_9)",
					"$(LIBRARY_SEARCH_PATHS_QUOTED_FOR_TARGET_10)",
					"$(LIBRARY_SEARCH_PATHS_QUOTED_FOR_TARGET_11)",
					"$(LIBRARY_SEARCH_PATHS_QUOTED_FOR_TARGET_12)",
					"$(LIBRARY_SEARCH_PATHS_QUOTED_FOR_TARGET_13)",
					"$(LIBRARY_SEARCH_PATHS_QUOTED_FOR_TARGET_14)",
					"$(LIBRARY_SEARCH_PATHS_QUOTED_FOR_TARGET_15)",
					"$(LIBRARY_SEARCH_PATHS_QUOTED_FOR_TARGET_2)",
					"$(LIBRARY_SEARCH_PATHS_QUOTED_FOR_TARGET_3)",
					"$(LIBRARY_SEARCH_PATHS_QUOTED_FOR_TARGET_7)",
					"$(LIBRARY_SEARCH_PATHS_QUOTED_FOR_TARGET_8)",
					"$(LIBRARY_SEARCH_PATHS_QUOTED_FOR_TARGET_9)",
					"$(LIBRARY_SEARCH_PATHS_QUOTED_FOR_TARGET_10)",
					"$(LIBRARY_SEARCH_PATHS_QUOTED_FOR_TARGET_11)",
					"$(LIBRARY_SEARCH_PATHS_QUOTED_FOR_TARGET_12)",
					"$(LIBRARY_SEARCH_PATHS_QUOTED_FOR_TARGET_13)",
					"$(LIBRARY_SEARCH_PATHS_QUOTED_FOR_TARGET_16)",
					"$(LIBRARY_SEARCH_PATHS_QUOTED_FOR_TARGET_17)",
					"$(LIBRARY_SEARCH_PATHS_QUOTED_FOR_TARGET_18)",
					"$(LIBRARY_SEARCH_PATHS_QUOTED_FOR_TARGET_19)",
					"$(LIBRARY_SEARCH_PATHS_QUOTED_FOR_TARGET_20)",
				);
				LIBRARY_SEARCH_PATHS_QUOTED_FOR_TARGET_1 = "\"$(SRCROOT)/../../../libs/freeimage/lib/osx\"";
				LIBRARY_SEARCH_PATHS_QUOTED_FOR_TARGET_10 = "\"$(SRCROOT)/../../../../../openframeworks_old/addons/ofxOpenCv/libs/opencv/lib/osx\"";
				LIBRARY_SEARCH_PATHS_QUOTED_FOR_TARGET_11 = "\"$(SRCROOT)/../../../../../openframeworks_old/addons/ofxOpenCv/libs/opencv/lib/win32\"";
				LIBRARY_SEARCH_PATHS_QUOTED_FOR_TARGET_12 = "\"$(SRCROOT)/../../../libs/openFrameworksCompiled/lib/osx\"";
				LIBRARY_SEARCH_PATHS_QUOTED_FOR_TARGET_13 = "\"$(SRCROOT)/../../../addons/ofxOpenCv/libs/opencv/lib/iphone\"";
				LIBRARY_SEARCH_PATHS_QUOTED_FOR_TARGET_14 = "\"$(SRCROOT)/../../../libs/fmodex/lib/osx\"";
				LIBRARY_SEARCH_PATHS_QUOTED_FOR_TARGET_15 = "\"$(SRCROOT)/../../../libs/freetype/lib/osx\"";
				LIBRARY_SEARCH_PATHS_QUOTED_FOR_TARGET_16 = "\"$(SRCROOT)/../../../addons/ofxOpenCv/libs/opencv/lib/linux\"";
				LIBRARY_SEARCH_PATHS_QUOTED_FOR_TARGET_17 = "\"$(SRCROOT)/../../../addons/ofxOpenCv/libs/opencv/lib/linux64\"";
				LIBRARY_SEARCH_PATHS_QUOTED_FOR_TARGET_18 = "\"$(SRCROOT)/../../../addons/ofxOpenCv/libs/opencv/lib/osx\"";
				LIBRARY_SEARCH_PATHS_QUOTED_FOR_TARGET_19 = "\"$(SRCROOT)/../../../addons/ofxOpenCv/libs/opencv/lib/vs2010\"";
				LIBRARY_SEARCH_PATHS_QUOTED_FOR_TARGET_2 = "\"$(SRCROOT)/../../../libs/FreeImage/lib/osx\"";
				LIBRARY_SEARCH_PATHS_QUOTED_FOR_TARGET_20 = "\"$(SRCROOT)/../../../addons/ofxOpenCv/libs/opencv/lib/win_cb\"";
				LIBRARY_SEARCH_PATHS_QUOTED_FOR_TARGET_3 = "\"$(SRCROOT)/../../../libs/glew/libs/osx\"";
				LIBRARY_SEARCH_PATHS_QUOTED_FOR_TARGET_4 = "";
				LIBRARY_SEARCH_PATHS_QUOTED_FOR_TARGET_5 = "\"$(SRCROOT)/../../../libs/poco/lib/osx\"";
				LIBRARY_SEARCH_PATHS_QUOTED_FOR_TARGET_6 = "\"$(SRCROOT)/../../../libs/rtAudio/lib/osx\"";
				LIBRARY_SEARCH_PATHS_QUOTED_FOR_TARGET_7 = "\"$(SRCROOT)/../../../libs/glew/libs/osx\"";
				LIBRARY_SEARCH_PATHS_QUOTED_FOR_TARGET_8 = "\"$(SRCROOT)/../../../libs/openFrameworksCompiled/lib/osx\"";
				LIBRARY_SEARCH_PATHS_QUOTED_FOR_TARGET_9 = "\"$(SRCROOT)/../../../../../openframeworks_old/addons/ofxOpenCv/libs/opencv/lib/linux\"";
				PREBINDING = NO;
				PRODUCT_NAME = "$(TARGET_NAME)Debug";
				WRAPPER_EXTENSION = app;
				ZERO_LINK = NO;
			};
			name = Debug;
		};
		E4B69B610A3A1757003C02F2 /* Release */ = {
			isa = XCBuildConfiguration;
			buildSettings = {
				COPY_PHASE_STRIP = YES;
				FRAMEWORK_SEARCH_PATHS = (
					"$(inherited)",
					"$(FRAMEWORK_SEARCH_PATHS_QUOTED_FOR_TARGET_1)",
				);
				FRAMEWORK_SEARCH_PATHS_QUOTED_FOR_TARGET_1 = "\"$(SRCROOT)/../../../libs/glut/lib/osx\"";
				GCC_ENABLE_FIX_AND_CONTINUE = NO;
				GCC_GENERATE_DEBUGGING_SYMBOLS = NO;
				GCC_MODEL_TUNING = G4;
				GCC_PRECOMPILE_PREFIX_HEADER = YES;
				GCC_PREFIX_HEADER = "$(SYSTEM_LIBRARY_DIR)/Frameworks/Carbon.framework/Headers/Carbon.h";
				INFOPLIST_FILE = "openFrameworks-Info.plist";
				INSTALL_PATH = "$(HOME)/Applications";
				LIBRARY_SEARCH_PATHS = (
					"$(inherited)",
					"$(LIBRARY_SEARCH_PATHS_QUOTED_FOR_TARGET_1)",
					"$(LIBRARY_SEARCH_PATHS_QUOTED_FOR_TARGET_2)",
					"$(LIBRARY_SEARCH_PATHS_QUOTED_FOR_TARGET_3)",
					"$(LIBRARY_SEARCH_PATHS_QUOTED_FOR_TARGET_4)",
					"$(LIBRARY_SEARCH_PATHS_QUOTED_FOR_TARGET_5)",
					"$(LIBRARY_SEARCH_PATHS_QUOTED_FOR_TARGET_6)",
					"$(LIBRARY_SEARCH_PATHS_QUOTED_FOR_TARGET_7)",
					"$(LIBRARY_SEARCH_PATHS_QUOTED_FOR_TARGET_8)",
					"$(LIBRARY_SEARCH_PATHS_QUOTED_FOR_TARGET_9)",
					"$(LIBRARY_SEARCH_PATHS_QUOTED_FOR_TARGET_10)",
					"$(LIBRARY_SEARCH_PATHS_QUOTED_FOR_TARGET_11)",
					"$(LIBRARY_SEARCH_PATHS_QUOTED_FOR_TARGET_12)",
					"$(LIBRARY_SEARCH_PATHS_QUOTED_FOR_TARGET_13)",
					"$(LIBRARY_SEARCH_PATHS_QUOTED_FOR_TARGET_14)",
					"$(LIBRARY_SEARCH_PATHS_QUOTED_FOR_TARGET_15)",
					"$(LIBRARY_SEARCH_PATHS_QUOTED_FOR_TARGET_2)",
					"$(LIBRARY_SEARCH_PATHS_QUOTED_1)",
					"$(LIBRARY_SEARCH_PATHS_QUOTED_FOR_TARGET_3)",
					"$(LIBRARY_SEARCH_PATHS_QUOTED_FOR_TARGET_7)",
					"$(LIBRARY_SEARCH_PATHS_QUOTED_FOR_TARGET_8)",
					"$(LIBRARY_SEARCH_PATHS_QUOTED_FOR_TARGET_9)",
					"$(LIBRARY_SEARCH_PATHS_QUOTED_FOR_TARGET_10)",
					"$(LIBRARY_SEARCH_PATHS_QUOTED_FOR_TARGET_11)",
					"$(LIBRARY_SEARCH_PATHS_QUOTED_FOR_TARGET_12)",
					"$(LIBRARY_SEARCH_PATHS_QUOTED_FOR_TARGET_13)",
					"$(LIBRARY_SEARCH_PATHS_QUOTED_FOR_TARGET_16)",
					"$(LIBRARY_SEARCH_PATHS_QUOTED_FOR_TARGET_17)",
					"$(LIBRARY_SEARCH_PATHS_QUOTED_FOR_TARGET_18)",
					"$(LIBRARY_SEARCH_PATHS_QUOTED_FOR_TARGET_19)",
				);
				LIBRARY_SEARCH_PATHS_QUOTED_1 = "\"$(SRCROOT)/../../../libs/glew/libs/osx\"";
				LIBRARY_SEARCH_PATHS_QUOTED_FOR_TARGET_1 = "\"$(SRCROOT)/../../../libs/freeimage/lib/osx\"";
				LIBRARY_SEARCH_PATHS_QUOTED_FOR_TARGET_10 = "\"$(SRCROOT)/../../../../../openframeworks_old/addons/ofxOpenCv/libs/opencv/lib/win32\"";
				LIBRARY_SEARCH_PATHS_QUOTED_FOR_TARGET_11 = "\"$(SRCROOT)/../../../libs/openFrameworksCompiled/lib/osx\"";
				LIBRARY_SEARCH_PATHS_QUOTED_FOR_TARGET_12 = "\"$(SRCROOT)/../../../addons/ofxOpenCv/libs/opencv/lib/iphone\"";
				LIBRARY_SEARCH_PATHS_QUOTED_FOR_TARGET_13 = "\"$(SRCROOT)/../../../addons/ofxOpenCv/libs/opencv/lib/linux\"";
				LIBRARY_SEARCH_PATHS_QUOTED_FOR_TARGET_14 = "\"$(SRCROOT)/../../../libs/fmodex/lib/osx\"";
				LIBRARY_SEARCH_PATHS_QUOTED_FOR_TARGET_15 = "\"$(SRCROOT)/../../../libs/freetype/lib/osx\"";
				LIBRARY_SEARCH_PATHS_QUOTED_FOR_TARGET_16 = "\"$(SRCROOT)/../../../addons/ofxOpenCv/libs/opencv/lib/linux64\"";
				LIBRARY_SEARCH_PATHS_QUOTED_FOR_TARGET_17 = "\"$(SRCROOT)/../../../addons/ofxOpenCv/libs/opencv/lib/osx\"";
				LIBRARY_SEARCH_PATHS_QUOTED_FOR_TARGET_18 = "\"$(SRCROOT)/../../../addons/ofxOpenCv/libs/opencv/lib/vs2010\"";
				LIBRARY_SEARCH_PATHS_QUOTED_FOR_TARGET_19 = "\"$(SRCROOT)/../../../addons/ofxOpenCv/libs/opencv/lib/win_cb\"";
				LIBRARY_SEARCH_PATHS_QUOTED_FOR_TARGET_2 = "\"$(SRCROOT)/../../../libs/FreeImage/lib/osx\"";
				LIBRARY_SEARCH_PATHS_QUOTED_FOR_TARGET_3 = "\"$(SRCROOT)/../../../libs/glew/libs/osx\"";
				LIBRARY_SEARCH_PATHS_QUOTED_FOR_TARGET_4 = "";
				LIBRARY_SEARCH_PATHS_QUOTED_FOR_TARGET_5 = "\"$(SRCROOT)/../../../libs/poco/lib/osx\"";
				LIBRARY_SEARCH_PATHS_QUOTED_FOR_TARGET_6 = "\"$(SRCROOT)/../../../libs/rtAudio/lib/osx\"";
				LIBRARY_SEARCH_PATHS_QUOTED_FOR_TARGET_7 = "\"$(SRCROOT)/../../../libs/openFrameworksCompiled/lib/osx\"";
				LIBRARY_SEARCH_PATHS_QUOTED_FOR_TARGET_8 = "\"$(SRCROOT)/../../../../../openframeworks_old/addons/ofxOpenCv/libs/opencv/lib/linux\"";
				LIBRARY_SEARCH_PATHS_QUOTED_FOR_TARGET_9 = "\"$(SRCROOT)/../../../../../openframeworks_old/addons/ofxOpenCv/libs/opencv/lib/osx\"";
				PREBINDING = NO;
				PRODUCT_NAME = "$(TARGET_NAME)";
				WRAPPER_EXTENSION = app;
				ZERO_LINK = NO;
			};
			name = Release;
		};
/* End XCBuildConfiguration section */

/* Begin XCConfigurationList section */
		E4B69B4D0A3A1720003C02F2 /* Build configuration list for PBXProject "holler_logo_4" */ = {
			isa = XCConfigurationList;
			buildConfigurations = (
				E4B69B4E0A3A1720003C02F2 /* Debug */,
				E4B69B4F0A3A1720003C02F2 /* Release */,
			);
			defaultConfigurationIsVisible = 0;
			defaultConfigurationName = Release;
		};
		E4B69B5F0A3A1757003C02F2 /* Build configuration list for PBXNativeTarget "holler_logo_2" */ = {
			isa = XCConfigurationList;
			buildConfigurations = (
				E4B69B600A3A1757003C02F2 /* Debug */,
				E4B69B610A3A1757003C02F2 /* Release */,
			);
			defaultConfigurationIsVisible = 0;
			defaultConfigurationName = Release;
		};
/* End XCConfigurationList section */
	};
	rootObject = E4B69B4C0A3A1720003C02F2 /* Project object */;
}
