// !$*UTF8*$!
{
	archiveVersion = 1;
	classes = {
	};
	objectVersion = 42;
	objects = {

/* Begin PBXBuildFile section */
		C64E487312E0052800FA4A4D /* accelerometers.c in Sources */ = {isa = PBXBuildFile; fileRef = C64E486012E0052800FA4A4D /* accelerometers.c */; };
		C64E487412E0052800FA4A4D /* cameras.c in Sources */ = {isa = PBXBuildFile; fileRef = C64E486112E0052800FA4A4D /* cameras.c */; };
		C64E487512E0052800FA4A4D /* core.c in Sources */ = {isa = PBXBuildFile; fileRef = C64E486212E0052800FA4A4D /* core.c */; };
		C64E487612E0052800FA4A4D /* inits.c in Sources */ = {isa = PBXBuildFile; fileRef = C64E486412E0052800FA4A4D /* inits.c */; };
		C64E487712E0052800FA4A4D /* motors.c in Sources */ = {isa = PBXBuildFile; fileRef = C64E486712E0052800FA4A4D /* motors.c */; };
		C64E487812E0052800FA4A4D /* usb_libusb10.c in Sources */ = {isa = PBXBuildFile; fileRef = C64E486812E0052800FA4A4D /* usb_libusb10.c */; };
		C64E487912E0052800FA4A4D /* usb-1.0.a in Frameworks */ = {isa = PBXBuildFile; fileRef = C64E486F12E0052800FA4A4D /* usb-1.0.a */; };
		C64E487A12E0052800FA4A4D /* ofxKinect.cpp in Sources */ = {isa = PBXBuildFile; fileRef = C64E487112E0052800FA4A4D /* ofxKinect.cpp */; };
		C64E48E812E0062200FA4A4D /* ofxMSAInteractiveObject.cpp in Sources */ = {isa = PBXBuildFile; fileRef = C64E48B512E0062200FA4A4D /* ofxMSAInteractiveObject.cpp */; };
		C64E491112E0066500FA4A4D /* tinyxml.cpp in Sources */ = {isa = PBXBuildFile; fileRef = C64E490A12E0066500FA4A4D /* tinyxml.cpp */; };
		C64E491212E0066500FA4A4D /* tinyxmlerror.cpp in Sources */ = {isa = PBXBuildFile; fileRef = C64E490C12E0066500FA4A4D /* tinyxmlerror.cpp */; };
		C64E491312E0066500FA4A4D /* tinyxmlparser.cpp in Sources */ = {isa = PBXBuildFile; fileRef = C64E490D12E0066500FA4A4D /* tinyxmlparser.cpp */; };
		C64E491412E0066500FA4A4D /* ofxXmlSettings.cpp in Sources */ = {isa = PBXBuildFile; fileRef = C64E490F12E0066500FA4A4D /* ofxXmlSettings.cpp */; };
		C64E4BA012E00F6600FA4A4D /* ofxSimpleGuiButton.cpp in Sources */ = {isa = PBXBuildFile; fileRef = C64E4B7C12E00F6600FA4A4D /* ofxSimpleGuiButton.cpp */; };
		C64E4BA112E00F6600FA4A4D /* ofxSimpleGuiColorPicker.cpp in Sources */ = {isa = PBXBuildFile; fileRef = C64E4B7E12E00F6600FA4A4D /* ofxSimpleGuiColorPicker.cpp */; };
		C64E4BA212E00F6600FA4A4D /* ofxSimpleGuiComboBox.cpp in Sources */ = {isa = PBXBuildFile; fileRef = C64E4B8012E00F6600FA4A4D /* ofxSimpleGuiComboBox.cpp */; };
		C64E4BA312E00F6600FA4A4D /* ofxSimpleGuiContent.cpp in Sources */ = {isa = PBXBuildFile; fileRef = C64E4B8212E00F6600FA4A4D /* ofxSimpleGuiContent.cpp */; };
		C64E4BA412E00F6600FA4A4D /* ofxSimpleGuiFPSCounter.cpp in Sources */ = {isa = PBXBuildFile; fileRef = C64E4B8412E00F6600FA4A4D /* ofxSimpleGuiFPSCounter.cpp */; };
		C64E4BA512E00F6600FA4A4D /* ofxSimpleGuiMovieSlider.cpp in Sources */ = {isa = PBXBuildFile; fileRef = C64E4B8612E00F6600FA4A4D /* ofxSimpleGuiMovieSlider.cpp */; };
		C64E4BA612E00F6600FA4A4D /* ofxSimpleGuiQuadWarp.cpp in Sources */ = {isa = PBXBuildFile; fileRef = C64E4B8812E00F6600FA4A4D /* ofxSimpleGuiQuadWarp.cpp */; };
		C64E4BA712E00F6600FA4A4D /* ofxSimpleGuiSlider2d.cpp in Sources */ = {isa = PBXBuildFile; fileRef = C64E4B8A12E00F6600FA4A4D /* ofxSimpleGuiSlider2d.cpp */; };
		C64E4BA812E00F6600FA4A4D /* ofxSimpleGuiTitle.cpp in Sources */ = {isa = PBXBuildFile; fileRef = C64E4B8F12E00F6600FA4A4D /* ofxSimpleGuiTitle.cpp */; };
		C64E4BA912E00F6600FA4A4D /* ofxSimpleGuiToggle.cpp in Sources */ = {isa = PBXBuildFile; fileRef = C64E4B9112E00F6600FA4A4D /* ofxSimpleGuiToggle.cpp */; };
		C64E4BAA12E00F6600FA4A4D /* ofxSimpleGuiConfig.cpp in Sources */ = {isa = PBXBuildFile; fileRef = C64E4B9312E00F6600FA4A4D /* ofxSimpleGuiConfig.cpp */; };
		C64E4BAB12E00F6600FA4A4D /* ofxSimpleGuiControl.cpp in Sources */ = {isa = PBXBuildFile; fileRef = C64E4B9512E00F6600FA4A4D /* ofxSimpleGuiControl.cpp */; };
		C64E4BAC12E00F6600FA4A4D /* ofxSimpleGuiPage.cpp in Sources */ = {isa = PBXBuildFile; fileRef = C64E4B9812E00F6600FA4A4D /* ofxSimpleGuiPage.cpp */; };
		C64E4BAD12E00F6600FA4A4D /* ofxSimpleGuiToo.cpp in Sources */ = {isa = PBXBuildFile; fileRef = C64E4B9A12E00F6600FA4A4D /* ofxSimpleGuiToo.cpp */; };
		C64E4BAE12E00F6600FA4A4D /* ofxSimpleGuiValueControl.cpp in Sources */ = {isa = PBXBuildFile; fileRef = C64E4B9C12E00F6600FA4A4D /* ofxSimpleGuiValueControl.cpp */; };
		E45BE97B0E8CC7DD009D7055 /* AGL.framework in Frameworks */ = {isa = PBXBuildFile; fileRef = E45BE9710E8CC7DD009D7055 /* AGL.framework */; };
		E45BE97C0E8CC7DD009D7055 /* ApplicationServices.framework in Frameworks */ = {isa = PBXBuildFile; fileRef = E45BE9720E8CC7DD009D7055 /* ApplicationServices.framework */; };
		E45BE97D0E8CC7DD009D7055 /* AudioToolbox.framework in Frameworks */ = {isa = PBXBuildFile; fileRef = E45BE9730E8CC7DD009D7055 /* AudioToolbox.framework */; };
		E45BE97E0E8CC7DD009D7055 /* Carbon.framework in Frameworks */ = {isa = PBXBuildFile; fileRef = E45BE9740E8CC7DD009D7055 /* Carbon.framework */; };
		E45BE97F0E8CC7DD009D7055 /* CoreAudio.framework in Frameworks */ = {isa = PBXBuildFile; fileRef = E45BE9750E8CC7DD009D7055 /* CoreAudio.framework */; };
		E45BE9800E8CC7DD009D7055 /* CoreFoundation.framework in Frameworks */ = {isa = PBXBuildFile; fileRef = E45BE9760E8CC7DD009D7055 /* CoreFoundation.framework */; };
		E45BE9810E8CC7DD009D7055 /* CoreServices.framework in Frameworks */ = {isa = PBXBuildFile; fileRef = E45BE9770E8CC7DD009D7055 /* CoreServices.framework */; };
		E45BE9830E8CC7DD009D7055 /* OpenGL.framework in Frameworks */ = {isa = PBXBuildFile; fileRef = E45BE9790E8CC7DD009D7055 /* OpenGL.framework */; };
		E45BE9840E8CC7DD009D7055 /* QuickTime.framework in Frameworks */ = {isa = PBXBuildFile; fileRef = E45BE97A0E8CC7DD009D7055 /* QuickTime.framework */; };
		E4B69E200A3A1BDC003C02F2 /* main.cpp in Sources */ = {isa = PBXBuildFile; fileRef = E4B69E1D0A3A1BDC003C02F2 /* main.cpp */; };
		E4B69E210A3A1BDC003C02F2 /* testApp.cpp in Sources */ = {isa = PBXBuildFile; fileRef = E4B69E1E0A3A1BDC003C02F2 /* testApp.cpp */; };
		E4C2422B10CC554B004149E2 /* openFrameworks.a in Frameworks */ = {isa = PBXBuildFile; fileRef = E4C2421E10CC549C004149E2 /* openFrameworks.a */; };
		E4C2424710CC5A17004149E2 /* AppKit.framework in Frameworks */ = {isa = PBXBuildFile; fileRef = E4C2424410CC5A17004149E2 /* AppKit.framework */; };
		E4C2424810CC5A17004149E2 /* Cocoa.framework in Frameworks */ = {isa = PBXBuildFile; fileRef = E4C2424510CC5A17004149E2 /* Cocoa.framework */; };
		E4C2424910CC5A17004149E2 /* IOKit.framework in Frameworks */ = {isa = PBXBuildFile; fileRef = E4C2424610CC5A17004149E2 /* IOKit.framework */; };
		E4C2426610CC5A78004149E2 /* GLUT.framework in Frameworks */ = {isa = PBXBuildFile; fileRef = E4C2425F10CC5A78004149E2 /* GLUT.framework */; };
		E4C2426B10CC5AA6004149E2 /* GLUT.framework in CopyFiles */ = {isa = PBXBuildFile; fileRef = E4C2425F10CC5A78004149E2 /* GLUT.framework */; };
/* End PBXBuildFile section */

/* Begin PBXContainerItemProxy section */
		E4C2421D10CC549C004149E2 /* PBXContainerItemProxy */ = {
			isa = PBXContainerItemProxy;
			containerPortal = E4C2421610CC549C004149E2 /* openFrameworksLib.xcodeproj */;
			proxyType = 2;
			remoteGlobalIDString = E4B27C1510CBEB8E00536013;
			remoteInfo = openFrameworks;
		};
		E4C2422710CC54DA004149E2 /* PBXContainerItemProxy */ = {
			isa = PBXContainerItemProxy;
			containerPortal = E4C2421610CC549C004149E2 /* openFrameworksLib.xcodeproj */;
			proxyType = 1;
			remoteGlobalIDString = E4B27C1410CBEB8E00536013;
			remoteInfo = openFrameworks;
		};
/* End PBXContainerItemProxy section */

/* Begin PBXCopyFilesBuildPhase section */
		E4C2427710CC5ABF004149E2 /* CopyFiles */ = {
			isa = PBXCopyFilesBuildPhase;
			buildActionMask = 2147483647;
			dstPath = "";
			dstSubfolderSpec = 10;
			files = (
				E4C2426B10CC5AA6004149E2 /* GLUT.framework in CopyFiles */,
			);
			runOnlyForDeploymentPostprocessing = 0;
		};
/* End PBXCopyFilesBuildPhase section */

/* Begin PBXFileReference section */
		C64E481112E0044200FA4A4D /* graphBasedSegDebug.app */ = {isa = PBXFileReference; explicitFileType = wrapper.application; includeInIndex = 0; path = graphBasedSegDebug.app; sourceTree = BUILT_PRODUCTS_DIR; };
		C64E484712E0046B00FA4A4D /* convolve.h */ = {isa = PBXFileReference; fileEncoding = 4; lastKnownFileType = sourcecode.c.h; path = convolve.h; sourceTree = "<group>"; };
		C64E484812E0046B00FA4A4D /* disjoint-set.h */ = {isa = PBXFileReference; fileEncoding = 4; lastKnownFileType = sourcecode.c.h; path = "disjoint-set.h"; sourceTree = "<group>"; };
		C64E484912E0046B00FA4A4D /* filter.h */ = {isa = PBXFileReference; fileEncoding = 4; lastKnownFileType = sourcecode.c.h; path = filter.h; sourceTree = "<group>"; };
		C64E484A12E0046B00FA4A4D /* image.h */ = {isa = PBXFileReference; fileEncoding = 4; lastKnownFileType = sourcecode.c.h; path = image.h; sourceTree = "<group>"; };
		C64E484B12E0046B00FA4A4D /* imconv.h */ = {isa = PBXFileReference; fileEncoding = 4; lastKnownFileType = sourcecode.c.h; path = imconv.h; sourceTree = "<group>"; };
		C64E484C12E0046B00FA4A4D /* imutil.h */ = {isa = PBXFileReference; fileEncoding = 4; lastKnownFileType = sourcecode.c.h; path = imutil.h; sourceTree = "<group>"; };
		C64E484D12E0046B00FA4A4D /* misc.h */ = {isa = PBXFileReference; fileEncoding = 4; lastKnownFileType = sourcecode.c.h; path = misc.h; sourceTree = "<group>"; };
		C64E484E12E0046B00FA4A4D /* pnmfile.h */ = {isa = PBXFileReference; fileEncoding = 4; lastKnownFileType = sourcecode.c.h; path = pnmfile.h; sourceTree = "<group>"; };
		C64E484F12E0046B00FA4A4D /* segment-graph.h */ = {isa = PBXFileReference; fileEncoding = 4; lastKnownFileType = sourcecode.c.h; path = "segment-graph.h"; sourceTree = "<group>"; };
		C64E485012E0046B00FA4A4D /* segment-image.h */ = {isa = PBXFileReference; fileEncoding = 4; lastKnownFileType = sourcecode.c.h; path = "segment-image.h"; sourceTree = "<group>"; };
		C64E486012E0052800FA4A4D /* accelerometers.c */ = {isa = PBXFileReference; fileEncoding = 4; lastKnownFileType = sourcecode.c.c; path = accelerometers.c; sourceTree = "<group>"; };
		C64E486112E0052800FA4A4D /* cameras.c */ = {isa = PBXFileReference; fileEncoding = 4; lastKnownFileType = sourcecode.c.c; path = cameras.c; sourceTree = "<group>"; };
		C64E486212E0052800FA4A4D /* core.c */ = {isa = PBXFileReference; fileEncoding = 4; lastKnownFileType = sourcecode.c.c; path = core.c; sourceTree = "<group>"; };
		C64E486312E0052800FA4A4D /* freenect_internal.h */ = {isa = PBXFileReference; fileEncoding = 4; lastKnownFileType = sourcecode.c.h; path = freenect_internal.h; sourceTree = "<group>"; };
		C64E486412E0052800FA4A4D /* inits.c */ = {isa = PBXFileReference; fileEncoding = 4; lastKnownFileType = sourcecode.c.c; path = inits.c; sourceTree = "<group>"; };
		C64E486512E0052800FA4A4D /* inits.txt */ = {isa = PBXFileReference; fileEncoding = 4; lastKnownFileType = text; path = inits.txt; sourceTree = "<group>"; };
		C64E486612E0052800FA4A4D /* libfreenect.h */ = {isa = PBXFileReference; fileEncoding = 4; lastKnownFileType = sourcecode.c.h; path = libfreenect.h; sourceTree = "<group>"; };
		C64E486712E0052800FA4A4D /* motors.c */ = {isa = PBXFileReference; fileEncoding = 4; lastKnownFileType = sourcecode.c.c; path = motors.c; sourceTree = "<group>"; };
		C64E486812E0052800FA4A4D /* usb_libusb10.c */ = {isa = PBXFileReference; fileEncoding = 4; lastKnownFileType = sourcecode.c.c; path = usb_libusb10.c; sourceTree = "<group>"; };
		C64E486912E0052800FA4A4D /* usb_libusb10.h */ = {isa = PBXFileReference; fileEncoding = 4; lastKnownFileType = sourcecode.c.h; path = usb_libusb10.h; sourceTree = "<group>"; };
		C64E486D12E0052800FA4A4D /* libusb.h */ = {isa = PBXFileReference; fileEncoding = 4; lastKnownFileType = sourcecode.c.h; path = libusb.h; sourceTree = "<group>"; };
		C64E486F12E0052800FA4A4D /* usb-1.0.a */ = {isa = PBXFileReference; lastKnownFileType = archive.ar; path = "usb-1.0.a"; sourceTree = "<group>"; };
		C64E487112E0052800FA4A4D /* ofxKinect.cpp */ = {isa = PBXFileReference; fileEncoding = 4; lastKnownFileType = sourcecode.cpp.cpp; path = ofxKinect.cpp; sourceTree = "<group>"; };
		C64E487212E0052800FA4A4D /* ofxKinect.h */ = {isa = PBXFileReference; fileEncoding = 4; lastKnownFileType = sourcecode.c.h; path = ofxKinect.h; sourceTree = "<group>"; };
		C64E488012E0053800FA4A4D /* ofxMatrix3x3.h */ = {isa = PBXFileReference; fileEncoding = 4; lastKnownFileType = sourcecode.c.h; path = ofxMatrix3x3.h; sourceTree = "<group>"; };
		C64E488112E0053800FA4A4D /* ofxMatrix4x4.h */ = {isa = PBXFileReference; fileEncoding = 4; lastKnownFileType = sourcecode.c.h; path = ofxMatrix4x4.h; sourceTree = "<group>"; };
		C64E488212E0053800FA4A4D /* ofxPoint2f.h */ = {isa = PBXFileReference; fileEncoding = 4; lastKnownFileType = sourcecode.c.h; path = ofxPoint2f.h; sourceTree = "<group>"; };
		C64E488312E0053800FA4A4D /* ofxPoint3f.h */ = {isa = PBXFileReference; fileEncoding = 4; lastKnownFileType = sourcecode.c.h; path = ofxPoint3f.h; sourceTree = "<group>"; };
		C64E488412E0053800FA4A4D /* ofxPoint4f.h */ = {isa = PBXFileReference; fileEncoding = 4; lastKnownFileType = sourcecode.c.h; path = ofxPoint4f.h; sourceTree = "<group>"; };
		C64E488512E0053800FA4A4D /* ofxQuaternion.h */ = {isa = PBXFileReference; fileEncoding = 4; lastKnownFileType = sourcecode.c.h; path = ofxQuaternion.h; sourceTree = "<group>"; };
		C64E488612E0053800FA4A4D /* ofxVec2f.h */ = {isa = PBXFileReference; fileEncoding = 4; lastKnownFileType = sourcecode.c.h; path = ofxVec2f.h; sourceTree = "<group>"; };
		C64E488712E0053800FA4A4D /* ofxVec3f.h */ = {isa = PBXFileReference; fileEncoding = 4; lastKnownFileType = sourcecode.c.h; path = ofxVec3f.h; sourceTree = "<group>"; };
		C64E488812E0053800FA4A4D /* ofxVec4f.h */ = {isa = PBXFileReference; fileEncoding = 4; lastKnownFileType = sourcecode.c.h; path = ofxVec4f.h; sourceTree = "<group>"; };
		C64E488912E0053800FA4A4D /* ofxVectorMath.h */ = {isa = PBXFileReference; fileEncoding = 4; lastKnownFileType = sourcecode.c.h; path = ofxVectorMath.h; sourceTree = "<group>"; };
		C64E48A912E0062200FA4A4D /* changelog.txt */ = {isa = PBXFileReference; fileEncoding = 4; lastKnownFileType = text; path = changelog.txt; sourceTree = "<group>"; };
		C64E48B212E0062200FA4A4D /* install.xml */ = {isa = PBXFileReference; fileEncoding = 4; lastKnownFileType = text.xml; path = install.xml; sourceTree = "<group>"; };
		C64E48B312E0062200FA4A4D /* LICENSE.txt */ = {isa = PBXFileReference; fileEncoding = 4; lastKnownFileType = text; path = LICENSE.txt; sourceTree = "<group>"; };
		C64E48B512E0062200FA4A4D /* ofxMSAInteractiveObject.cpp */ = {isa = PBXFileReference; fileEncoding = 4; lastKnownFileType = sourcecode.cpp.cpp; path = ofxMSAInteractiveObject.cpp; sourceTree = "<group>"; };
		C64E48B612E0062200FA4A4D /* ofxMSAInteractiveObject.h */ = {isa = PBXFileReference; fileEncoding = 4; lastKnownFileType = sourcecode.c.h; path = ofxMSAInteractiveObject.h; sourceTree = "<group>"; };
		C64E490812E0066500FA4A4D /* install.xml */ = {isa = PBXFileReference; fileEncoding = 4; lastKnownFileType = text.xml; path = install.xml; sourceTree = "<group>"; };
		C64E490A12E0066500FA4A4D /* tinyxml.cpp */ = {isa = PBXFileReference; fileEncoding = 4; lastKnownFileType = sourcecode.cpp.cpp; path = tinyxml.cpp; sourceTree = "<group>"; };
		C64E490B12E0066500FA4A4D /* tinyxml.h */ = {isa = PBXFileReference; fileEncoding = 4; lastKnownFileType = sourcecode.c.h; path = tinyxml.h; sourceTree = "<group>"; };
		C64E490C12E0066500FA4A4D /* tinyxmlerror.cpp */ = {isa = PBXFileReference; fileEncoding = 4; lastKnownFileType = sourcecode.cpp.cpp; path = tinyxmlerror.cpp; sourceTree = "<group>"; };
		C64E490D12E0066500FA4A4D /* tinyxmlparser.cpp */ = {isa = PBXFileReference; fileEncoding = 4; lastKnownFileType = sourcecode.cpp.cpp; path = tinyxmlparser.cpp; sourceTree = "<group>"; };
		C64E490F12E0066500FA4A4D /* ofxXmlSettings.cpp */ = {isa = PBXFileReference; fileEncoding = 4; lastKnownFileType = sourcecode.cpp.cpp; path = ofxXmlSettings.cpp; sourceTree = "<group>"; };
		C64E491012E0066500FA4A4D /* ofxXmlSettings.h */ = {isa = PBXFileReference; fileEncoding = 4; lastKnownFileType = sourcecode.c.h; path = ofxXmlSettings.h; sourceTree = "<group>"; };
		C64E4B2E12E0098300FA4A4D /* ofxThread.h */ = {isa = PBXFileReference; fileEncoding = 4; lastKnownFileType = sourcecode.c.h; path = ofxThread.h; sourceTree = "<group>"; };
		C64E4B7012E00F6600FA4A4D /* changelog.txt */ = {isa = PBXFileReference; fileEncoding = 4; lastKnownFileType = text; path = changelog.txt; sourceTree = "<group>"; };
		C64E4B7812E00F6600FA4A4D /* install.xml */ = {isa = PBXFileReference; fileEncoding = 4; lastKnownFileType = text.xml; path = install.xml; sourceTree = "<group>"; };
		C64E4B7912E00F6600FA4A4D /* LICENSE.txt */ = {isa = PBXFileReference; fileEncoding = 4; lastKnownFileType = text; path = LICENSE.txt; sourceTree = "<group>"; };
		C64E4B7C12E00F6600FA4A4D /* ofxSimpleGuiButton.cpp */ = {isa = PBXFileReference; fileEncoding = 4; lastKnownFileType = sourcecode.cpp.cpp; path = ofxSimpleGuiButton.cpp; sourceTree = "<group>"; };
		C64E4B7D12E00F6600FA4A4D /* ofxSimpleGuiButton.h */ = {isa = PBXFileReference; fileEncoding = 4; lastKnownFileType = sourcecode.c.h; path = ofxSimpleGuiButton.h; sourceTree = "<group>"; };
		C64E4B7E12E00F6600FA4A4D /* ofxSimpleGuiColorPicker.cpp */ = {isa = PBXFileReference; fileEncoding = 4; lastKnownFileType = sourcecode.cpp.cpp; path = ofxSimpleGuiColorPicker.cpp; sourceTree = "<group>"; };
		C64E4B7F12E00F6600FA4A4D /* ofxSimpleGuiColorPicker.h */ = {isa = PBXFileReference; fileEncoding = 4; lastKnownFileType = sourcecode.c.h; path = ofxSimpleGuiColorPicker.h; sourceTree = "<group>"; };
		C64E4B8012E00F6600FA4A4D /* ofxSimpleGuiComboBox.cpp */ = {isa = PBXFileReference; fileEncoding = 4; lastKnownFileType = sourcecode.cpp.cpp; path = ofxSimpleGuiComboBox.cpp; sourceTree = "<group>"; };
		C64E4B8112E00F6600FA4A4D /* ofxSimpleGuiComboBox.h */ = {isa = PBXFileReference; fileEncoding = 4; lastKnownFileType = sourcecode.c.h; path = ofxSimpleGuiComboBox.h; sourceTree = "<group>"; };
		C64E4B8212E00F6600FA4A4D /* ofxSimpleGuiContent.cpp */ = {isa = PBXFileReference; fileEncoding = 4; lastKnownFileType = sourcecode.cpp.cpp; path = ofxSimpleGuiContent.cpp; sourceTree = "<group>"; };
		C64E4B8312E00F6600FA4A4D /* ofxSimpleGuiContent.h */ = {isa = PBXFileReference; fileEncoding = 4; lastKnownFileType = sourcecode.c.h; path = ofxSimpleGuiContent.h; sourceTree = "<group>"; };
		C64E4B8412E00F6600FA4A4D /* ofxSimpleGuiFPSCounter.cpp */ = {isa = PBXFileReference; fileEncoding = 4; lastKnownFileType = sourcecode.cpp.cpp; path = ofxSimpleGuiFPSCounter.cpp; sourceTree = "<group>"; };
		C64E4B8512E00F6600FA4A4D /* ofxSimpleGuiFPSCounter.h */ = {isa = PBXFileReference; fileEncoding = 4; lastKnownFileType = sourcecode.c.h; path = ofxSimpleGuiFPSCounter.h; sourceTree = "<group>"; };
		C64E4B8612E00F6600FA4A4D /* ofxSimpleGuiMovieSlider.cpp */ = {isa = PBXFileReference; fileEncoding = 4; lastKnownFileType = sourcecode.cpp.cpp; path = ofxSimpleGuiMovieSlider.cpp; sourceTree = "<group>"; };
		C64E4B8712E00F6600FA4A4D /* ofxSimpleGuiMovieSlider.h */ = {isa = PBXFileReference; fileEncoding = 4; lastKnownFileType = sourcecode.c.h; path = ofxSimpleGuiMovieSlider.h; sourceTree = "<group>"; };
		C64E4B8812E00F6600FA4A4D /* ofxSimpleGuiQuadWarp.cpp */ = {isa = PBXFileReference; fileEncoding = 4; lastKnownFileType = sourcecode.cpp.cpp; path = ofxSimpleGuiQuadWarp.cpp; sourceTree = "<group>"; };
		C64E4B8912E00F6600FA4A4D /* ofxSimpleGuiQuadWarp.h */ = {isa = PBXFileReference; fileEncoding = 4; lastKnownFileType = sourcecode.c.h; path = ofxSimpleGuiQuadWarp.h; sourceTree = "<group>"; };
		C64E4B8A12E00F6600FA4A4D /* ofxSimpleGuiSlider2d.cpp */ = {isa = PBXFileReference; fileEncoding = 4; lastKnownFileType = sourcecode.cpp.cpp; path = ofxSimpleGuiSlider2d.cpp; sourceTree = "<group>"; };
		C64E4B8B12E00F6600FA4A4D /* ofxSimpleGuiSlider2d.h */ = {isa = PBXFileReference; fileEncoding = 4; lastKnownFileType = sourcecode.c.h; path = ofxSimpleGuiSlider2d.h; sourceTree = "<group>"; };
		C64E4B8C12E00F6600FA4A4D /* ofxSimpleGuiSliderBase.h */ = {isa = PBXFileReference; fileEncoding = 4; lastKnownFileType = sourcecode.c.h; path = ofxSimpleGuiSliderBase.h; sourceTree = "<group>"; };
		C64E4B8D12E00F6600FA4A4D /* ofxSimpleGuiSliderFloat.h */ = {isa = PBXFileReference; fileEncoding = 4; lastKnownFileType = sourcecode.c.h; path = ofxSimpleGuiSliderFloat.h; sourceTree = "<group>"; };
		C64E4B8E12E00F6600FA4A4D /* ofxSimpleGuiSliderInt.h */ = {isa = PBXFileReference; fileEncoding = 4; lastKnownFileType = sourcecode.c.h; path = ofxSimpleGuiSliderInt.h; sourceTree = "<group>"; };
		C64E4B8F12E00F6600FA4A4D /* ofxSimpleGuiTitle.cpp */ = {isa = PBXFileReference; fileEncoding = 4; lastKnownFileType = sourcecode.cpp.cpp; path = ofxSimpleGuiTitle.cpp; sourceTree = "<group>"; };
		C64E4B9012E00F6600FA4A4D /* ofxSimpleGuiTitle.h */ = {isa = PBXFileReference; fileEncoding = 4; lastKnownFileType = sourcecode.c.h; path = ofxSimpleGuiTitle.h; sourceTree = "<group>"; };
		C64E4B9112E00F6600FA4A4D /* ofxSimpleGuiToggle.cpp */ = {isa = PBXFileReference; fileEncoding = 4; lastKnownFileType = sourcecode.cpp.cpp; path = ofxSimpleGuiToggle.cpp; sourceTree = "<group>"; };
		C64E4B9212E00F6600FA4A4D /* ofxSimpleGuiToggle.h */ = {isa = PBXFileReference; fileEncoding = 4; lastKnownFileType = sourcecode.c.h; path = ofxSimpleGuiToggle.h; sourceTree = "<group>"; };
		C64E4B9312E00F6600FA4A4D /* ofxSimpleGuiConfig.cpp */ = {isa = PBXFileReference; fileEncoding = 4; lastKnownFileType = sourcecode.cpp.cpp; path = ofxSimpleGuiConfig.cpp; sourceTree = "<group>"; };
		C64E4B9412E00F6600FA4A4D /* ofxSimpleGuiConfig.h */ = {isa = PBXFileReference; fileEncoding = 4; lastKnownFileType = sourcecode.c.h; path = ofxSimpleGuiConfig.h; sourceTree = "<group>"; };
		C64E4B9512E00F6600FA4A4D /* ofxSimpleGuiControl.cpp */ = {isa = PBXFileReference; fileEncoding = 4; lastKnownFileType = sourcecode.cpp.cpp; path = ofxSimpleGuiControl.cpp; sourceTree = "<group>"; };
		C64E4B9612E00F6600FA4A4D /* ofxSimpleGuiControl.h */ = {isa = PBXFileReference; fileEncoding = 4; lastKnownFileType = sourcecode.c.h; path = ofxSimpleGuiControl.h; sourceTree = "<group>"; };
		C64E4B9712E00F6600FA4A4D /* ofxSimpleGuiIncludes.h */ = {isa = PBXFileReference; fileEncoding = 4; lastKnownFileType = sourcecode.c.h; path = ofxSimpleGuiIncludes.h; sourceTree = "<group>"; };
		C64E4B9812E00F6600FA4A4D /* ofxSimpleGuiPage.cpp */ = {isa = PBXFileReference; fileEncoding = 4; lastKnownFileType = sourcecode.cpp.cpp; path = ofxSimpleGuiPage.cpp; sourceTree = "<group>"; };
		C64E4B9912E00F6600FA4A4D /* ofxSimpleGuiPage.h */ = {isa = PBXFileReference; fileEncoding = 4; lastKnownFileType = sourcecode.c.h; path = ofxSimpleGuiPage.h; sourceTree = "<group>"; };
		C64E4B9A12E00F6600FA4A4D /* ofxSimpleGuiToo.cpp */ = {isa = PBXFileReference; fileEncoding = 4; lastKnownFileType = sourcecode.cpp.cpp; path = ofxSimpleGuiToo.cpp; sourceTree = "<group>"; };
		C64E4B9B12E00F6600FA4A4D /* ofxSimpleGuiToo.h */ = {isa = PBXFileReference; fileEncoding = 4; lastKnownFileType = sourcecode.c.h; path = ofxSimpleGuiToo.h; sourceTree = "<group>"; };
		C64E4B9C12E00F6600FA4A4D /* ofxSimpleGuiValueControl.cpp */ = {isa = PBXFileReference; fileEncoding = 4; lastKnownFileType = sourcecode.cpp.cpp; path = ofxSimpleGuiValueControl.cpp; sourceTree = "<group>"; };
		C64E4B9D12E00F6600FA4A4D /* ofxSimpleGuiValueControl.h */ = {isa = PBXFileReference; fileEncoding = 4; lastKnownFileType = sourcecode.c.h; path = ofxSimpleGuiValueControl.h; sourceTree = "<group>"; };
		E45BE9710E8CC7DD009D7055 /* AGL.framework */ = {isa = PBXFileReference; lastKnownFileType = wrapper.framework; name = AGL.framework; path = /System/Library/Frameworks/AGL.framework; sourceTree = "<absolute>"; };
		E45BE9720E8CC7DD009D7055 /* ApplicationServices.framework */ = {isa = PBXFileReference; lastKnownFileType = wrapper.framework; name = ApplicationServices.framework; path = /System/Library/Frameworks/ApplicationServices.framework; sourceTree = "<absolute>"; };
		E45BE9730E8CC7DD009D7055 /* AudioToolbox.framework */ = {isa = PBXFileReference; lastKnownFileType = wrapper.framework; name = AudioToolbox.framework; path = /System/Library/Frameworks/AudioToolbox.framework; sourceTree = "<absolute>"; };
		E45BE9740E8CC7DD009D7055 /* Carbon.framework */ = {isa = PBXFileReference; lastKnownFileType = wrapper.framework; name = Carbon.framework; path = /System/Library/Frameworks/Carbon.framework; sourceTree = "<absolute>"; };
		E45BE9750E8CC7DD009D7055 /* CoreAudio.framework */ = {isa = PBXFileReference; lastKnownFileType = wrapper.framework; name = CoreAudio.framework; path = /System/Library/Frameworks/CoreAudio.framework; sourceTree = "<absolute>"; };
		E45BE9760E8CC7DD009D7055 /* CoreFoundation.framework */ = {isa = PBXFileReference; lastKnownFileType = wrapper.framework; name = CoreFoundation.framework; path = /System/Library/Frameworks/CoreFoundation.framework; sourceTree = "<absolute>"; };
		E45BE9770E8CC7DD009D7055 /* CoreServices.framework */ = {isa = PBXFileReference; lastKnownFileType = wrapper.framework; name = CoreServices.framework; path = /System/Library/Frameworks/CoreServices.framework; sourceTree = "<absolute>"; };
		E45BE9790E8CC7DD009D7055 /* OpenGL.framework */ = {isa = PBXFileReference; lastKnownFileType = wrapper.framework; name = OpenGL.framework; path = /System/Library/Frameworks/OpenGL.framework; sourceTree = "<absolute>"; };
		E45BE97A0E8CC7DD009D7055 /* QuickTime.framework */ = {isa = PBXFileReference; lastKnownFileType = wrapper.framework; name = QuickTime.framework; path = /System/Library/Frameworks/QuickTime.framework; sourceTree = "<absolute>"; };
		E4B69E1D0A3A1BDC003C02F2 /* main.cpp */ = {isa = PBXFileReference; fileEncoding = 30; lastKnownFileType = sourcecode.cpp.cpp; name = main.cpp; path = src/main.cpp; sourceTree = SOURCE_ROOT; };
		E4B69E1E0A3A1BDC003C02F2 /* testApp.cpp */ = {isa = PBXFileReference; explicitFileType = sourcecode.cpp.cpp; fileEncoding = 30; name = testApp.cpp; path = src/testApp.cpp; sourceTree = SOURCE_ROOT; };
		E4B69E1F0A3A1BDC003C02F2 /* testApp.h */ = {isa = PBXFileReference; fileEncoding = 30; lastKnownFileType = sourcecode.c.h; name = testApp.h; path = src/testApp.h; sourceTree = SOURCE_ROOT; };
		E4B6FCAD0C3E899E008CF71C /* openFrameworks-Info.plist */ = {isa = PBXFileReference; fileEncoding = 30; lastKnownFileType = text.plist.xml; path = "openFrameworks-Info.plist"; sourceTree = "<group>"; };
		E4C2421610CC549C004149E2 /* openFrameworksLib.xcodeproj */ = {isa = PBXFileReference; lastKnownFileType = "wrapper.pb-project"; name = openFrameworksLib.xcodeproj; path = ../../../libs/openFrameworksCompiled/project/osx/openFrameworksLib.xcodeproj; sourceTree = SOURCE_ROOT; };
		E4C2424410CC5A17004149E2 /* AppKit.framework */ = {isa = PBXFileReference; lastKnownFileType = wrapper.framework; name = AppKit.framework; path = /System/Library/Frameworks/AppKit.framework; sourceTree = "<absolute>"; };
		E4C2424510CC5A17004149E2 /* Cocoa.framework */ = {isa = PBXFileReference; lastKnownFileType = wrapper.framework; name = Cocoa.framework; path = /System/Library/Frameworks/Cocoa.framework; sourceTree = "<absolute>"; };
		E4C2424610CC5A17004149E2 /* IOKit.framework */ = {isa = PBXFileReference; lastKnownFileType = wrapper.framework; name = IOKit.framework; path = /System/Library/Frameworks/IOKit.framework; sourceTree = "<absolute>"; };
		E4C2425F10CC5A78004149E2 /* GLUT.framework */ = {isa = PBXFileReference; lastKnownFileType = wrapper.framework; name = GLUT.framework; path = ../../../libs/glut/lib/osx/GLUT.framework; sourceTree = SOURCE_ROOT; };
/* End PBXFileReference section */

/* Begin PBXFrameworksBuildPhase section */
		E4B69B590A3A1756003C02F2 /* Frameworks */ = {
			isa = PBXFrameworksBuildPhase;
			buildActionMask = 2147483647;
			files = (
				E4C2422B10CC554B004149E2 /* openFrameworks.a in Frameworks */,
				E45BE97B0E8CC7DD009D7055 /* AGL.framework in Frameworks */,
				E45BE97C0E8CC7DD009D7055 /* ApplicationServices.framework in Frameworks */,
				E45BE97D0E8CC7DD009D7055 /* AudioToolbox.framework in Frameworks */,
				E45BE97E0E8CC7DD009D7055 /* Carbon.framework in Frameworks */,
				E45BE97F0E8CC7DD009D7055 /* CoreAudio.framework in Frameworks */,
				E45BE9800E8CC7DD009D7055 /* CoreFoundation.framework in Frameworks */,
				E45BE9810E8CC7DD009D7055 /* CoreServices.framework in Frameworks */,
				E45BE9830E8CC7DD009D7055 /* OpenGL.framework in Frameworks */,
				E45BE9840E8CC7DD009D7055 /* QuickTime.framework in Frameworks */,
				E4C2424710CC5A17004149E2 /* AppKit.framework in Frameworks */,
				E4C2424810CC5A17004149E2 /* Cocoa.framework in Frameworks */,
				E4C2424910CC5A17004149E2 /* IOKit.framework in Frameworks */,
				E4C2426610CC5A78004149E2 /* GLUT.framework in Frameworks */,
				C64E487912E0052800FA4A4D /* usb-1.0.a in Frameworks */,
			);
			runOnlyForDeploymentPostprocessing = 0;
		};
/* End PBXFrameworksBuildPhase section */

/* Begin PBXGroup section */
		BB4B014C10F69532006C3DED /* addons */ = {
			isa = PBXGroup;
			children = (
				C64E4B6F12E00F6600FA4A4D /* ofxSimpleGuiToo */,
				C64E4B2C12E0098300FA4A4D /* ofxThread */,
				C64E490712E0066500FA4A4D /* ofxXmlSettings */,
				C64E48A812E0062200FA4A4D /* ofxMSAInteractiveObject */,
				C64E487E12E0053800FA4A4D /* ofxVectorMath */,
				C64E485D12E0052800FA4A4D /* ofxKinect */,
			);
			name = addons;
			sourceTree = "<group>";
		};
		C64E484612E0046B00FA4A4D /* segment */ = {
			isa = PBXGroup;
			children = (
				C64E484712E0046B00FA4A4D /* convolve.h */,
				C64E484812E0046B00FA4A4D /* disjoint-set.h */,
				C64E484912E0046B00FA4A4D /* filter.h */,
				C64E484A12E0046B00FA4A4D /* image.h */,
				C64E484B12E0046B00FA4A4D /* imconv.h */,
				C64E484C12E0046B00FA4A4D /* imutil.h */,
				C64E484D12E0046B00FA4A4D /* misc.h */,
				C64E484E12E0046B00FA4A4D /* pnmfile.h */,
				C64E484F12E0046B00FA4A4D /* segment-graph.h */,
				C64E485012E0046B00FA4A4D /* segment-image.h */,
			);
			path = segment;
			sourceTree = "<group>";
		};
		C64E485D12E0052800FA4A4D /* ofxKinect */ = {
			isa = PBXGroup;
			children = (
				C64E487012E0052800FA4A4D /* src */,
				C64E485E12E0052800FA4A4D /* libs */,
			);
			name = ofxKinect;
			path = ../../../addons/ofxKinect/src/ofxKinect;
			sourceTree = SOURCE_ROOT;
		};
		C64E485E12E0052800FA4A4D /* libs */ = {
			isa = PBXGroup;
			children = (
				C64E485F12E0052800FA4A4D /* libfreenect */,
				C64E486A12E0052800FA4A4D /* libusb */,
			);
			path = libs;
			sourceTree = "<group>";
		};
		C64E485F12E0052800FA4A4D /* libfreenect */ = {
			isa = PBXGroup;
			children = (
				C64E486012E0052800FA4A4D /* accelerometers.c */,
				C64E486112E0052800FA4A4D /* cameras.c */,
				C64E486212E0052800FA4A4D /* core.c */,
				C64E486312E0052800FA4A4D /* freenect_internal.h */,
				C64E486412E0052800FA4A4D /* inits.c */,
				C64E486512E0052800FA4A4D /* inits.txt */,
				C64E486612E0052800FA4A4D /* libfreenect.h */,
				C64E486712E0052800FA4A4D /* motors.c */,
				C64E486812E0052800FA4A4D /* usb_libusb10.c */,
				C64E486912E0052800FA4A4D /* usb_libusb10.h */,
			);
			path = libfreenect;
			sourceTree = "<group>";
		};
		C64E486A12E0052800FA4A4D /* libusb */ = {
			isa = PBXGroup;
			children = (
				C64E486B12E0052800FA4A4D /* osx */,
			);
			path = libusb;
			sourceTree = "<group>";
		};
		C64E486B12E0052800FA4A4D /* osx */ = {
			isa = PBXGroup;
			children = (
				C64E486C12E0052800FA4A4D /* include */,
				C64E486E12E0052800FA4A4D /* libs */,
			);
			path = osx;
			sourceTree = "<group>";
		};
		C64E486C12E0052800FA4A4D /* include */ = {
			isa = PBXGroup;
			children = (
				C64E486D12E0052800FA4A4D /* libusb.h */,
			);
			path = include;
			sourceTree = "<group>";
		};
		C64E486E12E0052800FA4A4D /* libs */ = {
			isa = PBXGroup;
			children = (
				C64E486F12E0052800FA4A4D /* usb-1.0.a */,
			);
			path = libs;
			sourceTree = "<group>";
		};
		C64E487012E0052800FA4A4D /* src */ = {
			isa = PBXGroup;
			children = (
				C64E487112E0052800FA4A4D /* ofxKinect.cpp */,
				C64E487212E0052800FA4A4D /* ofxKinect.h */,
			);
			path = src;
			sourceTree = "<group>";
		};
		C64E487E12E0053800FA4A4D /* ofxVectorMath */ = {
			isa = PBXGroup;
			children = (
				C64E487F12E0053800FA4A4D /* src */,
			);
			name = ofxVectorMath;
			path = ../../../addons/ofxVectorMath;
			sourceTree = SOURCE_ROOT;
		};
		C64E487F12E0053800FA4A4D /* src */ = {
			isa = PBXGroup;
			children = (
				C64E488012E0053800FA4A4D /* ofxMatrix3x3.h */,
				C64E488112E0053800FA4A4D /* ofxMatrix4x4.h */,
				C64E488212E0053800FA4A4D /* ofxPoint2f.h */,
				C64E488312E0053800FA4A4D /* ofxPoint3f.h */,
				C64E488412E0053800FA4A4D /* ofxPoint4f.h */,
				C64E488512E0053800FA4A4D /* ofxQuaternion.h */,
				C64E488612E0053800FA4A4D /* ofxVec2f.h */,
				C64E488712E0053800FA4A4D /* ofxVec3f.h */,
				C64E488812E0053800FA4A4D /* ofxVec4f.h */,
				C64E488912E0053800FA4A4D /* ofxVectorMath.h */,
			);
			path = src;
			sourceTree = "<group>";
		};
		C64E48A812E0062200FA4A4D /* ofxMSAInteractiveObject */ = {
			isa = PBXGroup;
			children = (
				C64E48A912E0062200FA4A4D /* changelog.txt */,
				C64E48B212E0062200FA4A4D /* install.xml */,
				C64E48B312E0062200FA4A4D /* LICENSE.txt */,
				C64E48B412E0062200FA4A4D /* src */,
			);
			name = ofxMSAInteractiveObject;
			path = ../../../addons/msalibs/ofxMSAInteractiveObject;
			sourceTree = SOURCE_ROOT;
		};
		C64E48B412E0062200FA4A4D /* src */ = {
			isa = PBXGroup;
			children = (
				C64E48B512E0062200FA4A4D /* ofxMSAInteractiveObject.cpp */,
				C64E48B612E0062200FA4A4D /* ofxMSAInteractiveObject.h */,
			);
			path = src;
			sourceTree = "<group>";
		};
		C64E490712E0066500FA4A4D /* ofxXmlSettings */ = {
			isa = PBXGroup;
			children = (
				C64E490812E0066500FA4A4D /* install.xml */,
				C64E490912E0066500FA4A4D /* libs */,
				C64E490E12E0066500FA4A4D /* src */,
			);
			name = ofxXmlSettings;
			path = ../../../addons/ofxXmlSettings;
			sourceTree = SOURCE_ROOT;
		};
		C64E490912E0066500FA4A4D /* libs */ = {
			isa = PBXGroup;
			children = (
				C64E490A12E0066500FA4A4D /* tinyxml.cpp */,
				C64E490B12E0066500FA4A4D /* tinyxml.h */,
				C64E490C12E0066500FA4A4D /* tinyxmlerror.cpp */,
				C64E490D12E0066500FA4A4D /* tinyxmlparser.cpp */,
			);
			path = libs;
			sourceTree = "<group>";
		};
		C64E490E12E0066500FA4A4D /* src */ = {
			isa = PBXGroup;
			children = (
				C64E490F12E0066500FA4A4D /* ofxXmlSettings.cpp */,
				C64E491012E0066500FA4A4D /* ofxXmlSettings.h */,
			);
			path = src;
			sourceTree = "<group>";
		};
		C64E4B2C12E0098300FA4A4D /* ofxThread */ = {
			isa = PBXGroup;
			children = (
				C64E4B2D12E0098300FA4A4D /* src */,
			);
			name = ofxThread;
			path = ../../../addons/ofxThread;
			sourceTree = SOURCE_ROOT;
		};
		C64E4B2D12E0098300FA4A4D /* src */ = {
			isa = PBXGroup;
			children = (
				C64E4B2E12E0098300FA4A4D /* ofxThread.h */,
			);
			path = src;
			sourceTree = "<group>";
		};
		C64E4B6F12E00F6600FA4A4D /* ofxSimpleGuiToo */ = {
			isa = PBXGroup;
			children = (
				C64E4B7012E00F6600FA4A4D /* changelog.txt */,
				C64E4B7812E00F6600FA4A4D /* install.xml */,
				C64E4B7912E00F6600FA4A4D /* LICENSE.txt */,
				C64E4B7A12E00F6600FA4A4D /* src */,
			);
			name = ofxSimpleGuiToo;
			path = ../../../addons/msalibs/ofxSimpleGuiToo;
			sourceTree = SOURCE_ROOT;
		};
		C64E4B7A12E00F6600FA4A4D /* src */ = {
			isa = PBXGroup;
			children = (
				C64E4B7B12E00F6600FA4A4D /* Controls */,
				C64E4B9312E00F6600FA4A4D /* ofxSimpleGuiConfig.cpp */,
				C64E4B9412E00F6600FA4A4D /* ofxSimpleGuiConfig.h */,
				C64E4B9512E00F6600FA4A4D /* ofxSimpleGuiControl.cpp */,
				C64E4B9612E00F6600FA4A4D /* ofxSimpleGuiControl.h */,
				C64E4B9712E00F6600FA4A4D /* ofxSimpleGuiIncludes.h */,
				C64E4B9812E00F6600FA4A4D /* ofxSimpleGuiPage.cpp */,
				C64E4B9912E00F6600FA4A4D /* ofxSimpleGuiPage.h */,
				C64E4B9A12E00F6600FA4A4D /* ofxSimpleGuiToo.cpp */,
				C64E4B9B12E00F6600FA4A4D /* ofxSimpleGuiToo.h */,
				C64E4B9C12E00F6600FA4A4D /* ofxSimpleGuiValueControl.cpp */,
				C64E4B9D12E00F6600FA4A4D /* ofxSimpleGuiValueControl.h */,
			);
			path = src;
			sourceTree = "<group>";
		};
		C64E4B7B12E00F6600FA4A4D /* Controls */ = {
			isa = PBXGroup;
			children = (
				C64E4B7C12E00F6600FA4A4D /* ofxSimpleGuiButton.cpp */,
				C64E4B7D12E00F6600FA4A4D /* ofxSimpleGuiButton.h */,
				C64E4B7E12E00F6600FA4A4D /* ofxSimpleGuiColorPicker.cpp */,
				C64E4B7F12E00F6600FA4A4D /* ofxSimpleGuiColorPicker.h */,
				C64E4B8012E00F6600FA4A4D /* ofxSimpleGuiComboBox.cpp */,
				C64E4B8112E00F6600FA4A4D /* ofxSimpleGuiComboBox.h */,
				C64E4B8212E00F6600FA4A4D /* ofxSimpleGuiContent.cpp */,
				C64E4B8312E00F6600FA4A4D /* ofxSimpleGuiContent.h */,
				C64E4B8412E00F6600FA4A4D /* ofxSimpleGuiFPSCounter.cpp */,
				C64E4B8512E00F6600FA4A4D /* ofxSimpleGuiFPSCounter.h */,
				C64E4B8612E00F6600FA4A4D /* ofxSimpleGuiMovieSlider.cpp */,
				C64E4B8712E00F6600FA4A4D /* ofxSimpleGuiMovieSlider.h */,
				C64E4B8812E00F6600FA4A4D /* ofxSimpleGuiQuadWarp.cpp */,
				C64E4B8912E00F6600FA4A4D /* ofxSimpleGuiQuadWarp.h */,
				C64E4B8A12E00F6600FA4A4D /* ofxSimpleGuiSlider2d.cpp */,
				C64E4B8B12E00F6600FA4A4D /* ofxSimpleGuiSlider2d.h */,
				C64E4B8C12E00F6600FA4A4D /* ofxSimpleGuiSliderBase.h */,
				C64E4B8D12E00F6600FA4A4D /* ofxSimpleGuiSliderFloat.h */,
				C64E4B8E12E00F6600FA4A4D /* ofxSimpleGuiSliderInt.h */,
				C64E4B8F12E00F6600FA4A4D /* ofxSimpleGuiTitle.cpp */,
				C64E4B9012E00F6600FA4A4D /* ofxSimpleGuiTitle.h */,
				C64E4B9112E00F6600FA4A4D /* ofxSimpleGuiToggle.cpp */,
				C64E4B9212E00F6600FA4A4D /* ofxSimpleGuiToggle.h */,
			);
			path = Controls;
			sourceTree = "<group>";
		};
		E45BE5980E8CC70C009D7055 /* frameworks */ = {
			isa = PBXGroup;
			children = (
				E4C2425F10CC5A78004149E2 /* GLUT.framework */,
				E4C2424410CC5A17004149E2 /* AppKit.framework */,
				E4C2424510CC5A17004149E2 /* Cocoa.framework */,
				E4C2424610CC5A17004149E2 /* IOKit.framework */,
				E45BE9710E8CC7DD009D7055 /* AGL.framework */,
				E45BE9720E8CC7DD009D7055 /* ApplicationServices.framework */,
				E45BE9730E8CC7DD009D7055 /* AudioToolbox.framework */,
				E45BE9740E8CC7DD009D7055 /* Carbon.framework */,
				E45BE9750E8CC7DD009D7055 /* CoreAudio.framework */,
				E45BE9760E8CC7DD009D7055 /* CoreFoundation.framework */,
				E45BE9770E8CC7DD009D7055 /* CoreServices.framework */,
				E45BE9790E8CC7DD009D7055 /* OpenGL.framework */,
				E45BE97A0E8CC7DD009D7055 /* QuickTime.framework */,
			);
			name = frameworks;
			sourceTree = "<group>";
		};
		E4B69B4A0A3A1720003C02F2 = {
			isa = PBXGroup;
			children = (
				E4B6FCAD0C3E899E008CF71C /* openFrameworks-Info.plist */,
				E4B69E1C0A3A1BDC003C02F2 /* src */,
				E4C2422310CC54B6004149E2 /* openFrameworks */,
				BB4B014C10F69532006C3DED /* addons */,
				E45BE5980E8CC70C009D7055 /* frameworks */,
				C64E481112E0044200FA4A4D /* graphBasedSegDebug.app */,
			);
			sourceTree = "<group>";
		};
		E4B69E1C0A3A1BDC003C02F2 /* src */ = {
			isa = PBXGroup;
			children = (
				C64E484612E0046B00FA4A4D /* segment */,
				E4B69E1D0A3A1BDC003C02F2 /* main.cpp */,
				E4B69E1E0A3A1BDC003C02F2 /* testApp.cpp */,
				E4B69E1F0A3A1BDC003C02F2 /* testApp.h */,
			);
			path = src;
			sourceTree = SOURCE_ROOT;
		};
		E4C2421710CC549C004149E2 /* Products */ = {
			isa = PBXGroup;
			children = (
				E4C2421E10CC549C004149E2 /* openFrameworks.a */,
			);
			name = Products;
			sourceTree = "<group>";
		};
		E4C2422310CC54B6004149E2 /* openFrameworks */ = {
			isa = PBXGroup;
			children = (
				E4C2421610CC549C004149E2 /* openFrameworksLib.xcodeproj */,
			);
			name = openFrameworks;
			sourceTree = "<group>";
		};
/* End PBXGroup section */

/* Begin PBXNativeTarget section */
		E4B69B5A0A3A1756003C02F2 /* graphBasedSeg */ = {
			isa = PBXNativeTarget;
			buildConfigurationList = E4B69B5F0A3A1757003C02F2 /* Build configuration list for PBXNativeTarget "graphBasedSeg" */;
			buildPhases = (
				E4B69B580A3A1756003C02F2 /* Sources */,
				E4B69B590A3A1756003C02F2 /* Frameworks */,
				E4B6FFFD0C3F9AB9008CF71C /* ShellScript */,
				E4C2427710CC5ABF004149E2 /* CopyFiles */,
			);
			buildRules = (
			);
			dependencies = (
				E4C2422810CC54DA004149E2 /* PBXTargetDependency */,
			);
			name = graphBasedSeg;
			productName = myOFApp;
			productReference = C64E481112E0044200FA4A4D /* graphBasedSegDebug.app */;
			productType = "com.apple.product-type.application";
		};
/* End PBXNativeTarget section */

/* Begin PBXProject section */
		E4B69B4C0A3A1720003C02F2 /* Project object */ = {
			isa = PBXProject;
			buildConfigurationList = E4B69B4D0A3A1720003C02F2 /* Build configuration list for PBXProject "graphBasedSeg" */;
			compatibilityVersion = "Xcode 2.4";
			hasScannedForEncodings = 0;
			knownRegions = (
				English,
				Japanese,
				French,
				German,
			);
			mainGroup = E4B69B4A0A3A1720003C02F2;
			productRefGroup = E4B69B4A0A3A1720003C02F2;
			projectDirPath = "";
			projectReferences = (
				{
					ProductGroup = E4C2421710CC549C004149E2 /* Products */;
					ProjectRef = E4C2421610CC549C004149E2 /* openFrameworksLib.xcodeproj */;
				},
			);
			projectRoot = "";
			targets = (
				E4B69B5A0A3A1756003C02F2 /* graphBasedSeg */,
			);
		};
/* End PBXProject section */

/* Begin PBXReferenceProxy section */
		E4C2421E10CC549C004149E2 /* openFrameworks.a */ = {
			isa = PBXReferenceProxy;
			fileType = archive.ar;
			path = openFrameworks.a;
			remoteRef = E4C2421D10CC549C004149E2 /* PBXContainerItemProxy */;
			sourceTree = BUILT_PRODUCTS_DIR;
		};
/* End PBXReferenceProxy section */

/* Begin PBXShellScriptBuildPhase section */
		E4B6FFFD0C3F9AB9008CF71C /* ShellScript */ = {
			isa = PBXShellScriptBuildPhase;
			buildActionMask = 2147483647;
			files = (
			);
			inputPaths = (
			);
			outputPaths = (
			);
			runOnlyForDeploymentPostprocessing = 0;
			shellPath = /bin/sh;
			shellScript = "cp -f ../../../libs/fmodex/lib/osx/libfmodex.dylib \"$TARGET_BUILD_DIR/$PRODUCT_NAME.app/Contents/MacOS/libfmodex.dylib\"\ninstall_name_tool -change ./libfmodex.dylib @executable_path/libfmodex.dylib \"$TARGET_BUILD_DIR/$PRODUCT_NAME.app/Contents/MacOS/$PRODUCT_NAME\" ";
		};
/* End PBXShellScriptBuildPhase section */

/* Begin PBXSourcesBuildPhase section */
		E4B69B580A3A1756003C02F2 /* Sources */ = {
			isa = PBXSourcesBuildPhase;
			buildActionMask = 2147483647;
			files = (
				E4B69E200A3A1BDC003C02F2 /* main.cpp in Sources */,
				E4B69E210A3A1BDC003C02F2 /* testApp.cpp in Sources */,
				C64E487312E0052800FA4A4D /* accelerometers.c in Sources */,
				C64E487412E0052800FA4A4D /* cameras.c in Sources */,
				C64E487512E0052800FA4A4D /* core.c in Sources */,
				C64E487612E0052800FA4A4D /* inits.c in Sources */,
				C64E487712E0052800FA4A4D /* motors.c in Sources */,
				C64E487812E0052800FA4A4D /* usb_libusb10.c in Sources */,
				C64E487A12E0052800FA4A4D /* ofxKinect.cpp in Sources */,
				C64E48E812E0062200FA4A4D /* ofxMSAInteractiveObject.cpp in Sources */,
				C64E491112E0066500FA4A4D /* tinyxml.cpp in Sources */,
				C64E491212E0066500FA4A4D /* tinyxmlerror.cpp in Sources */,
				C64E491312E0066500FA4A4D /* tinyxmlparser.cpp in Sources */,
				C64E491412E0066500FA4A4D /* ofxXmlSettings.cpp in Sources */,
				C64E4BA012E00F6600FA4A4D /* ofxSimpleGuiButton.cpp in Sources */,
				C64E4BA112E00F6600FA4A4D /* ofxSimpleGuiColorPicker.cpp in Sources */,
				C64E4BA212E00F6600FA4A4D /* ofxSimpleGuiComboBox.cpp in Sources */,
				C64E4BA312E00F6600FA4A4D /* ofxSimpleGuiContent.cpp in Sources */,
				C64E4BA412E00F6600FA4A4D /* ofxSimpleGuiFPSCounter.cpp in Sources */,
				C64E4BA512E00F6600FA4A4D /* ofxSimpleGuiMovieSlider.cpp in Sources */,
				C64E4BA612E00F6600FA4A4D /* ofxSimpleGuiQuadWarp.cpp in Sources */,
				C64E4BA712E00F6600FA4A4D /* ofxSimpleGuiSlider2d.cpp in Sources */,
				C64E4BA812E00F6600FA4A4D /* ofxSimpleGuiTitle.cpp in Sources */,
				C64E4BA912E00F6600FA4A4D /* ofxSimpleGuiToggle.cpp in Sources */,
				C64E4BAA12E00F6600FA4A4D /* ofxSimpleGuiConfig.cpp in Sources */,
				C64E4BAB12E00F6600FA4A4D /* ofxSimpleGuiControl.cpp in Sources */,
				C64E4BAC12E00F6600FA4A4D /* ofxSimpleGuiPage.cpp in Sources */,
				C64E4BAD12E00F6600FA4A4D /* ofxSimpleGuiToo.cpp in Sources */,
				C64E4BAE12E00F6600FA4A4D /* ofxSimpleGuiValueControl.cpp in Sources */,
			);
			runOnlyForDeploymentPostprocessing = 0;
		};
/* End PBXSourcesBuildPhase section */

/* Begin PBXTargetDependency section */
		E4C2422810CC54DA004149E2 /* PBXTargetDependency */ = {
			isa = PBXTargetDependency;
			name = openFrameworks;
			targetProxy = E4C2422710CC54DA004149E2 /* PBXContainerItemProxy */;
		};
/* End PBXTargetDependency section */

/* Begin XCBuildConfiguration section */
		E4B69B4E0A3A1720003C02F2 /* Debug */ = {
			isa = XCBuildConfiguration;
			buildSettings = {
				ARCHS = "$(NATIVE_ARCH)";
				CONFIGURATION_BUILD_DIR = "$(SRCROOT)/bin/";
				COPY_PHASE_STRIP = NO;
				DEAD_CODE_STRIPPING = YES;
				GCC_AUTO_VECTORIZATION = YES;
				GCC_ENABLE_SSE3_EXTENSIONS = YES;
				GCC_ENABLE_SUPPLEMENTAL_SSE3_INSTRUCTIONS = YES;
				GCC_INLINES_ARE_PRIVATE_EXTERN = NO;
				GCC_MODEL_TUNING = G5;
				GCC_SYMBOLS_PRIVATE_EXTERN = NO;
				GCC_WARN_ABOUT_DEPRECATED_FUNCTIONS = NO;
				GCC_WARN_ABOUT_INVALID_OFFSETOF_MACRO = NO;
				GCC_WARN_ALLOW_INCOMPLETE_PROTOCOL = NO;
				GCC_WARN_UNINITIALIZED_AUTOS = NO;
				GCC_WARN_UNUSED_VALUE = NO;
				GCC_WARN_UNUSED_VARIABLE = NO;
				HEADER_SEARCH_PATHS = (
					"../../../libs/openFrameworks/**",
					../../../libs/freetype/include/,
					../../../libs/freetype/include/freetype2,
					../../../libs/poco/include,
					../../../addons/,
					"../../../libs/glew/include/GL/**",
					"../../../libs/fmodex/include/**",
					"../../../libs/freeimage/include/**",
				);
				OTHER_CPLUSPLUSFLAGS = (
					"-D__MACOSX_CORE__",
					"-lpthread",
				);
				OTHER_LDFLAGS = (
					"$(OTHER_LDFLAGS_QUOTED_FOR_PROJECT_1)",
					"$(OTHER_LDFLAGS_QUOTED_FOR_PROJECT_2)",
					"$(OTHER_LDFLAGS_QUOTED_FOR_PROJECT_3)",
					"$(OTHER_LDFLAGS_QUOTED_FOR_PROJECT_4)",
					"$(OTHER_LDFLAGS_QUOTED_FOR_PROJECT_5)",
					"$(OTHER_LDFLAGS_QUOTED_FOR_PROJECT_6)",
					"$(OTHER_LDFLAGS_QUOTED_FOR_PROJECT_7)",
					"$(OTHER_LDFLAGS_QUOTED_FOR_PROJECT_8)",
					"$(OTHER_LDFLAGS_QUOTED_FOR_PROJECT_9)",
				);
				OTHER_LDFLAGS_QUOTED_FOR_PROJECT_1 = "\"../../../libs/poco/lib/osx/PocoUtil.a\"";
				OTHER_LDFLAGS_QUOTED_FOR_PROJECT_2 = "\"../../../libs/poco/lib/osx/PocoXML.a\"";
				OTHER_LDFLAGS_QUOTED_FOR_PROJECT_3 = "\"../../../libs/poco/lib/osx/PocoFoundation.a\"";
				OTHER_LDFLAGS_QUOTED_FOR_PROJECT_4 = "\"../../../libs/poco/lib/osx/PocoNet.a\"";
				OTHER_LDFLAGS_QUOTED_FOR_PROJECT_5 = "\"../../../libs/rtAudio/lib/osx/rtAudio.a\"";
				OTHER_LDFLAGS_QUOTED_FOR_PROJECT_6 = "\"../../../libs/freetype/lib/osx/freetype.a\"";
				OTHER_LDFLAGS_QUOTED_FOR_PROJECT_7 = "\"../../../libs/FreeImage/lib/osx/freeimage.a\"";
				OTHER_LDFLAGS_QUOTED_FOR_PROJECT_8 = "\"../../../libs/fmodex/lib/osx/libfmodex.dylib\"";
				OTHER_LDFLAGS_QUOTED_FOR_PROJECT_9 = "\"../../../libs/glew/libs/osx/glew.a\"";
			};
			name = Debug;
		};
		E4B69B4F0A3A1720003C02F2 /* Release */ = {
			isa = XCBuildConfiguration;
			buildSettings = {
				ARCHS = "$(NATIVE_ARCH)";
				CONFIGURATION_BUILD_DIR = "$(SRCROOT)/bin/";
				COPY_PHASE_STRIP = YES;
				DEAD_CODE_STRIPPING = YES;
				GCC_AUTO_VECTORIZATION = YES;
				GCC_ENABLE_SSE3_EXTENSIONS = YES;
				GCC_ENABLE_SUPPLEMENTAL_SSE3_INSTRUCTIONS = YES;
				GCC_INLINES_ARE_PRIVATE_EXTERN = NO;
				GCC_MODEL_TUNING = G5;
				GCC_OPTIMIZATION_LEVEL = 3;
				GCC_SYMBOLS_PRIVATE_EXTERN = NO;
				GCC_UNROLL_LOOPS = YES;
				GCC_WARN_ABOUT_DEPRECATED_FUNCTIONS = NO;
				GCC_WARN_ABOUT_INVALID_OFFSETOF_MACRO = NO;
				GCC_WARN_ALLOW_INCOMPLETE_PROTOCOL = NO;
				GCC_WARN_UNINITIALIZED_AUTOS = NO;
				GCC_WARN_UNUSED_VALUE = NO;
				GCC_WARN_UNUSED_VARIABLE = NO;
				HEADER_SEARCH_PATHS = (
					"../../../libs/openFrameworks/**",
					../../../libs/freetype/include/,
					../../../libs/freetype/include/freetype2,
					../../../libs/poco/include,
					../../../addons/,
					"../../../libs/glew/include/GL/**",
					"../../../libs/fmodex/include/**",
					"../../../libs/freeimage/include/**",
				);
				OTHER_CPLUSPLUSFLAGS = (
					"-D__MACOSX_CORE__",
					"-lpthread",
				);
				OTHER_LDFLAGS = (
					"$(OTHER_LDFLAGS_QUOTED_FOR_PROJECT_1)",
					"$(OTHER_LDFLAGS_QUOTED_FOR_PROJECT_2)",
					"$(OTHER_LDFLAGS_QUOTED_FOR_PROJECT_3)",
					"$(OTHER_LDFLAGS_QUOTED_FOR_PROJECT_4)",
					"$(OTHER_LDFLAGS_QUOTED_FOR_PROJECT_5)",
					"$(OTHER_LDFLAGS_QUOTED_FOR_PROJECT_6)",
					"$(OTHER_LDFLAGS_QUOTED_FOR_PROJECT_7)",
					"$(OTHER_LDFLAGS_QUOTED_FOR_PROJECT_8)",
					"$(OTHER_LDFLAGS_QUOTED_FOR_PROJECT_9)",
				);
				OTHER_LDFLAGS_QUOTED_FOR_PROJECT_1 = "\"../../../libs/poco/lib/osx/PocoUtil.a\"";
				OTHER_LDFLAGS_QUOTED_FOR_PROJECT_2 = "\"../../../libs/poco/lib/osx/PocoXML.a\"";
				OTHER_LDFLAGS_QUOTED_FOR_PROJECT_3 = "\"../../../libs/poco/lib/osx/PocoFoundation.a\"";
				OTHER_LDFLAGS_QUOTED_FOR_PROJECT_4 = "\"../../../libs/poco/lib/osx/PocoNet.a\"";
				OTHER_LDFLAGS_QUOTED_FOR_PROJECT_5 = "\"../../../libs/rtAudio/lib/osx/rtAudio.a\"";
				OTHER_LDFLAGS_QUOTED_FOR_PROJECT_6 = "\"../../../libs/freetype/lib/osx/freetype.a\"";
				OTHER_LDFLAGS_QUOTED_FOR_PROJECT_7 = "\"../../../libs/FreeImage/lib/osx/freeimage.a\"";
				OTHER_LDFLAGS_QUOTED_FOR_PROJECT_8 = "\"../../../libs/fmodex/lib/osx/libfmodex.dylib\"";
				OTHER_LDFLAGS_QUOTED_FOR_PROJECT_9 = "\"../../../libs/glew/libs/osx/glew.a\"";
			};
			name = Release;
		};
		E4B69B600A3A1757003C02F2 /* Debug */ = {
			isa = XCBuildConfiguration;
			buildSettings = {
				COPY_PHASE_STRIP = NO;
				FRAMEWORK_SEARCH_PATHS = (
					"$(inherited)",
					"$(FRAMEWORK_SEARCH_PATHS_QUOTED_FOR_TARGET_1)",
				);
				FRAMEWORK_SEARCH_PATHS_QUOTED_FOR_TARGET_1 = "\"$(SRCROOT)/../../../libs/glut/lib/osx\"";
				GCC_DYNAMIC_NO_PIC = NO;
				GCC_ENABLE_FIX_AND_CONTINUE = YES;
				GCC_GENERATE_DEBUGGING_SYMBOLS = YES;
				GCC_MODEL_TUNING = G4;
				GCC_OPTIMIZATION_LEVEL = 0;
				GCC_PRECOMPILE_PREFIX_HEADER = YES;
				GCC_PREFIX_HEADER = "$(SYSTEM_LIBRARY_DIR)/Frameworks/Carbon.framework/Headers/Carbon.h";
				INFOPLIST_FILE = "openFrameworks-Info.plist";
				INSTALL_PATH = "$(HOME)/Applications";
				LIBRARY_SEARCH_PATHS = (
					"$(inherited)",
					"$(LIBRARY_SEARCH_PATHS_QUOTED_FOR_TARGET_1)",
					"$(LIBRARY_SEARCH_PATHS_QUOTED_FOR_TARGET_2)",
					"$(LIBRARY_SEARCH_PATHS_QUOTED_FOR_TARGET_3)",
					"$(LIBRARY_SEARCH_PATHS_QUOTED_FOR_TARGET_4)",
					"$(LIBRARY_SEARCH_PATHS_QUOTED_FOR_TARGET_5)",
					"$(LIBRARY_SEARCH_PATHS_QUOTED_FOR_TARGET_6)",
					"$(LIBRARY_SEARCH_PATHS_QUOTED_FOR_TARGET_7)",
					"$(LIBRARY_SEARCH_PATHS_QUOTED_FOR_TARGET_8)",
					"$(LIBRARY_SEARCH_PATHS_QUOTED_FOR_TARGET_9)",
					"$(LIBRARY_SEARCH_PATHS_QUOTED_FOR_TARGET_10)",
					"$(LIBRARY_SEARCH_PATHS_QUOTED_FOR_TARGET_11)",
					"$(LIBRARY_SEARCH_PATHS_QUOTED_FOR_TARGET_12)",
					"$(LIBRARY_SEARCH_PATHS_QUOTED_FOR_TARGET_13)",
					"$(LIBRARY_SEARCH_PATHS_QUOTED_FOR_TARGET_14)",
					"$(LIBRARY_SEARCH_PATHS_QUOTED_FOR_TARGET_15)",
					"$(LIBRARY_SEARCH_PATHS_QUOTED_FOR_TARGET_2)",
					"$(LIBRARY_SEARCH_PATHS_QUOTED_FOR_TARGET_3)",
					"$(LIBRARY_SEARCH_PATHS_QUOTED_FOR_TARGET_7)",
					"$(LIBRARY_SEARCH_PATHS_QUOTED_FOR_TARGET_8)",
				);
				LIBRARY_SEARCH_PATHS_QUOTED_FOR_TARGET_1 = "\"$(SRCROOT)/../../../libs/freeimage/lib/osx\"";
				LIBRARY_SEARCH_PATHS_QUOTED_FOR_TARGET_14 = "\"$(SRCROOT)/../../../libs/fmodex/lib/osx\"";
				LIBRARY_SEARCH_PATHS_QUOTED_FOR_TARGET_15 = "\"$(SRCROOT)/../../../libs/freetype/lib/osx\"";
				LIBRARY_SEARCH_PATHS_QUOTED_FOR_TARGET_2 = "\"$(SRCROOT)/../../../libs/FreeImage/lib/osx\"";
				LIBRARY_SEARCH_PATHS_QUOTED_FOR_TARGET_3 = "\"$(SRCROOT)/../../../libs/glew/libs/osx\"";
				LIBRARY_SEARCH_PATHS_QUOTED_FOR_TARGET_4 = "";
				LIBRARY_SEARCH_PATHS_QUOTED_FOR_TARGET_5 = "\"$(SRCROOT)/../../../libs/poco/lib/osx\"";
				LIBRARY_SEARCH_PATHS_QUOTED_FOR_TARGET_6 = "\"$(SRCROOT)/../../../libs/rtAudio/lib/osx\"";
				LIBRARY_SEARCH_PATHS_QUOTED_FOR_TARGET_7 = "\"$(SRCROOT)/../../../libs/glew/libs/osx\"";
				LIBRARY_SEARCH_PATHS_QUOTED_FOR_TARGET_8 = "\"$(SRCROOT)/../../../addons/ofxKinect/src/ofxKinect/libs/libusb/osx/libs\"";
				PREBINDING = NO;
				PRODUCT_NAME = "$(TARGET_NAME)Debug";
				WRAPPER_EXTENSION = app;
				ZERO_LINK = NO;
			};
			name = Debug;
		};
		E4B69B610A3A1757003C02F2 /* Release */ = {
			isa = XCBuildConfiguration;
			buildSettings = {
				COPY_PHASE_STRIP = YES;
				FRAMEWORK_SEARCH_PATHS = (
					"$(inherited)",
					"$(FRAMEWORK_SEARCH_PATHS_QUOTED_FOR_TARGET_1)",
				);
				FRAMEWORK_SEARCH_PATHS_QUOTED_FOR_TARGET_1 = "\"$(SRCROOT)/../../../libs/glut/lib/osx\"";
				GCC_ENABLE_FIX_AND_CONTINUE = NO;
				GCC_GENERATE_DEBUGGING_SYMBOLS = NO;
				GCC_MODEL_TUNING = G4;
				GCC_PRECOMPILE_PREFIX_HEADER = YES;
				GCC_PREFIX_HEADER = "$(SYSTEM_LIBRARY_DIR)/Frameworks/Carbon.framework/Headers/Carbon.h";
				INFOPLIST_FILE = "openFrameworks-Info.plist";
				INSTALL_PATH = "$(HOME)/Applications";
				LIBRARY_SEARCH_PATHS = (
					"$(inherited)",
					"$(LIBRARY_SEARCH_PATHS_QUOTED_FOR_TARGET_1)",
					"$(LIBRARY_SEARCH_PATHS_QUOTED_FOR_TARGET_2)",
					"$(LIBRARY_SEARCH_PATHS_QUOTED_FOR_TARGET_3)",
					"$(LIBRARY_SEARCH_PATHS_QUOTED_FOR_TARGET_4)",
					"$(LIBRARY_SEARCH_PATHS_QUOTED_FOR_TARGET_5)",
					"$(LIBRARY_SEARCH_PATHS_QUOTED_FOR_TARGET_6)",
					"$(LIBRARY_SEARCH_PATHS_QUOTED_FOR_TARGET_7)",
					"$(LIBRARY_SEARCH_PATHS_QUOTED_FOR_TARGET_8)",
					"$(LIBRARY_SEARCH_PATHS_QUOTED_FOR_TARGET_9)",
					"$(LIBRARY_SEARCH_PATHS_QUOTED_FOR_TARGET_10)",
					"$(LIBRARY_SEARCH_PATHS_QUOTED_FOR_TARGET_11)",
					"$(LIBRARY_SEARCH_PATHS_QUOTED_FOR_TARGET_12)",
					"$(LIBRARY_SEARCH_PATHS_QUOTED_FOR_TARGET_13)",
					"$(LIBRARY_SEARCH_PATHS_QUOTED_FOR_TARGET_14)",
					"$(LIBRARY_SEARCH_PATHS_QUOTED_FOR_TARGET_15)",
					"$(LIBRARY_SEARCH_PATHS_QUOTED_FOR_TARGET_2)",
					"$(LIBRARY_SEARCH_PATHS_QUOTED_1)",
					"$(LIBRARY_SEARCH_PATHS_QUOTED_FOR_TARGET_3)",
					"$(LIBRARY_SEARCH_PATHS_QUOTED_FOR_TARGET_7)",
				);
				LIBRARY_SEARCH_PATHS_QUOTED_1 = "\"$(SRCROOT)/../../../libs/glew/libs/osx\"";
				LIBRARY_SEARCH_PATHS_QUOTED_FOR_TARGET_1 = "\"$(SRCROOT)/../../../libs/freeimage/lib/osx\"";
				LIBRARY_SEARCH_PATHS_QUOTED_FOR_TARGET_14 = "\"$(SRCROOT)/../../../libs/fmodex/lib/osx\"";
				LIBRARY_SEARCH_PATHS_QUOTED_FOR_TARGET_15 = "\"$(SRCROOT)/../../../libs/freetype/lib/osx\"";
				LIBRARY_SEARCH_PATHS_QUOTED_FOR_TARGET_2 = "\"$(SRCROOT)/../../../libs/FreeImage/lib/osx\"";
				LIBRARY_SEARCH_PATHS_QUOTED_FOR_TARGET_3 = "\"$(SRCROOT)/../../../libs/glew/libs/osx\"";
				LIBRARY_SEARCH_PATHS_QUOTED_FOR_TARGET_4 = "";
				LIBRARY_SEARCH_PATHS_QUOTED_FOR_TARGET_5 = "\"$(SRCROOT)/../../../libs/poco/lib/osx\"";
				LIBRARY_SEARCH_PATHS_QUOTED_FOR_TARGET_6 = "\"$(SRCROOT)/../../../libs/rtAudio/lib/osx\"";
				LIBRARY_SEARCH_PATHS_QUOTED_FOR_TARGET_7 = "\"$(SRCROOT)/../../../addons/ofxKinect/src/ofxKinect/libs/libusb/osx/libs\"";
				PREBINDING = NO;
				PRODUCT_NAME = "$(TARGET_NAME)";
				WRAPPER_EXTENSION = app;
				ZERO_LINK = NO;
			};
			name = Release;
		};
/* End XCBuildConfiguration section */

/* Begin XCConfigurationList section */
		E4B69B4D0A3A1720003C02F2 /* Build configuration list for PBXProject "graphBasedSeg" */ = {
			isa = XCConfigurationList;
			buildConfigurations = (
				E4B69B4E0A3A1720003C02F2 /* Debug */,
				E4B69B4F0A3A1720003C02F2 /* Release */,
			);
			defaultConfigurationIsVisible = 0;
			defaultConfigurationName = Release;
		};
		E4B69B5F0A3A1757003C02F2 /* Build configuration list for PBXNativeTarget "graphBasedSeg" */ = {
			isa = XCConfigurationList;
			buildConfigurations = (
				E4B69B600A3A1757003C02F2 /* Debug */,
				E4B69B610A3A1757003C02F2 /* Release */,
			);
			defaultConfigurationIsVisible = 0;
			defaultConfigurationName = Release;
		};
/* End XCConfigurationList section */
	};
	rootObject = E4B69B4C0A3A1720003C02F2 /* Project object */;
}
