// !$*UTF8*$!
{
	archiveVersion = 1;
	classes = {
	};
	objectVersion = 42;
	objects = {

/* Begin PBXBuildFile section */
		C637988712FA03A700FDC736 /* Trail.cpp in Sources */ = {isa = PBXBuildFile; fileRef = C637988612FA03A700FDC736 /* Trail.cpp */; };
		C64861671306434B005F3374 /* ofxMouseRecord.cpp in Sources */ = {isa = PBXBuildFile; fileRef = C64861651306434B005F3374 /* ofxMouseRecord.cpp */; };
		C6905E7213088ED500D16E70 /* opencv_calib3d.a in Frameworks */ = {isa = PBXBuildFile; fileRef = C6905E2613088ED500D16E70 /* opencv_calib3d.a */; };
		C6905E7313088ED500D16E70 /* opencv_contrib.a in Frameworks */ = {isa = PBXBuildFile; fileRef = C6905E2713088ED500D16E70 /* opencv_contrib.a */; };
		C6905E7413088ED500D16E70 /* opencv_core.a in Frameworks */ = {isa = PBXBuildFile; fileRef = C6905E2813088ED500D16E70 /* opencv_core.a */; };
		C6905E7513088ED500D16E70 /* opencv_features2d.a in Frameworks */ = {isa = PBXBuildFile; fileRef = C6905E2913088ED500D16E70 /* opencv_features2d.a */; };
		C6905E7613088ED500D16E70 /* opencv_flann.a in Frameworks */ = {isa = PBXBuildFile; fileRef = C6905E2A13088ED500D16E70 /* opencv_flann.a */; };
		C6905E7713088ED500D16E70 /* opencv_gpu.a in Frameworks */ = {isa = PBXBuildFile; fileRef = C6905E2B13088ED500D16E70 /* opencv_gpu.a */; };
		C6905E7813088ED500D16E70 /* opencv_haartraining_engine.a in Frameworks */ = {isa = PBXBuildFile; fileRef = C6905E2C13088ED500D16E70 /* opencv_haartraining_engine.a */; };
		C6905E7913088ED500D16E70 /* opencv_highgui.a in Frameworks */ = {isa = PBXBuildFile; fileRef = C6905E2D13088ED500D16E70 /* opencv_highgui.a */; };
		C6905E7A13088ED500D16E70 /* opencv_imgproc.a in Frameworks */ = {isa = PBXBuildFile; fileRef = C6905E2E13088ED500D16E70 /* opencv_imgproc.a */; };
		C6905E7B13088ED500D16E70 /* opencv_lapack.a in Frameworks */ = {isa = PBXBuildFile; fileRef = C6905E2F13088ED500D16E70 /* opencv_lapack.a */; };
		C6905E7C13088ED500D16E70 /* opencv_legacy.a in Frameworks */ = {isa = PBXBuildFile; fileRef = C6905E3013088ED500D16E70 /* opencv_legacy.a */; };
		C6905E7D13088ED500D16E70 /* opencv_ml.a in Frameworks */ = {isa = PBXBuildFile; fileRef = C6905E3113088ED500D16E70 /* opencv_ml.a */; };
		C6905E7E13088ED500D16E70 /* opencv_objdetect.a in Frameworks */ = {isa = PBXBuildFile; fileRef = C6905E3213088ED500D16E70 /* opencv_objdetect.a */; };
		C6905E7F13088ED500D16E70 /* opencv_video.a in Frameworks */ = {isa = PBXBuildFile; fileRef = C6905E3313088ED500D16E70 /* opencv_video.a */; };
		C6905E8013088ED500D16E70 /* zlib.a in Frameworks */ = {isa = PBXBuildFile; fileRef = C6905E3413088ED500D16E70 /* zlib.a */; };
		C6905E8A13088ED600D16E70 /* ofxCvColorImage.cpp in Sources */ = {isa = PBXBuildFile; fileRef = C6905E4213088ED500D16E70 /* ofxCvColorImage.cpp */; };
		C6905E8B13088ED600D16E70 /* ofxCvContourFinder.cpp in Sources */ = {isa = PBXBuildFile; fileRef = C6905E4513088ED500D16E70 /* ofxCvContourFinder.cpp */; };
		C6905E8C13088ED600D16E70 /* ofxCvFloatImage.cpp in Sources */ = {isa = PBXBuildFile; fileRef = C6905E4713088ED500D16E70 /* ofxCvFloatImage.cpp */; };
		C6905E8D13088ED600D16E70 /* ofxCvGrayscaleImage.cpp in Sources */ = {isa = PBXBuildFile; fileRef = C6905E4913088ED500D16E70 /* ofxCvGrayscaleImage.cpp */; };
		C6905E8E13088ED600D16E70 /* ofxCvHaarFinder.cpp in Sources */ = {isa = PBXBuildFile; fileRef = C6905E4B13088ED500D16E70 /* ofxCvHaarFinder.cpp */; };
		C6905E8F13088ED600D16E70 /* ofxCvImage.cpp in Sources */ = {isa = PBXBuildFile; fileRef = C6905E4D13088ED500D16E70 /* ofxCvImage.cpp */; };
		C6905E9013088ED600D16E70 /* ofxCvShortImage.cpp in Sources */ = {isa = PBXBuildFile; fileRef = C6905E5013088ED500D16E70 /* ofxCvShortImage.cpp */; };
		C6905E9E13088F3B00D16E70 /* assert.cpp in Sources */ = {isa = PBXBuildFile; fileRef = C6905E9A13088F3B00D16E70 /* assert.cpp */; };
		C6905E9F13088F3B00D16E70 /* del_impl.cpp in Sources */ = {isa = PBXBuildFile; fileRef = C6905E9B13088F3B00D16E70 /* del_impl.cpp */; };
		C6905EA013088F3B00D16E70 /* ofxTriangle.cpp in Sources */ = {isa = PBXBuildFile; fileRef = C6905E9C13088F3B00D16E70 /* ofxTriangle.cpp */; };
		C69F5A4A130891770034F762 /* openFrameworks.a in Frameworks */ = {isa = PBXBuildFile; fileRef = C69F5A49130891770034F762 /* openFrameworks.a */; };
		C69F5BA81308ADE60034F762 /* ofxQtVideoSaver.cpp in Sources */ = {isa = PBXBuildFile; fileRef = C69F5BA21308ADE60034F762 /* ofxQtVideoSaver.cpp */; };
		C69F5BAB1308AE7C0034F762 /* hollerLogoApp.cpp in Sources */ = {isa = PBXBuildFile; fileRef = C69F5BAA1308AE7C0034F762 /* hollerLogoApp.cpp */; };
		C69F5C6F1308BC650034F762 /* Border.cpp in Sources */ = {isa = PBXBuildFile; fileRef = C69F5C6D1308BC650034F762 /* Border.cpp */; };
		C69F5CBE1308C0BB0034F762 /* Assets.cpp in Sources */ = {isa = PBXBuildFile; fileRef = C69F5CBC1308C0BB0034F762 /* Assets.cpp */; };
		C6B7A2371304AC1000E8B2A9 /* tinyxml.cpp in Sources */ = {isa = PBXBuildFile; fileRef = C6B7A2301304AC1000E8B2A9 /* tinyxml.cpp */; };
		C6B7A2381304AC1000E8B2A9 /* tinyxmlerror.cpp in Sources */ = {isa = PBXBuildFile; fileRef = C6B7A2321304AC1000E8B2A9 /* tinyxmlerror.cpp */; };
		C6B7A2391304AC1000E8B2A9 /* tinyxmlparser.cpp in Sources */ = {isa = PBXBuildFile; fileRef = C6B7A2331304AC1000E8B2A9 /* tinyxmlparser.cpp */; };
		C6B7A23A1304AC1000E8B2A9 /* ofxXmlSettings.cpp in Sources */ = {isa = PBXBuildFile; fileRef = C6B7A2351304AC1000E8B2A9 /* ofxXmlSettings.cpp */; };
		E45BE97B0E8CC7DD009D7055 /* AGL.framework in Frameworks */ = {isa = PBXBuildFile; fileRef = E45BE9710E8CC7DD009D7055 /* AGL.framework */; };
		E45BE97C0E8CC7DD009D7055 /* ApplicationServices.framework in Frameworks */ = {isa = PBXBuildFile; fileRef = E45BE9720E8CC7DD009D7055 /* ApplicationServices.framework */; };
		E45BE97D0E8CC7DD009D7055 /* AudioToolbox.framework in Frameworks */ = {isa = PBXBuildFile; fileRef = E45BE9730E8CC7DD009D7055 /* AudioToolbox.framework */; };
		E45BE97E0E8CC7DD009D7055 /* Carbon.framework in Frameworks */ = {isa = PBXBuildFile; fileRef = E45BE9740E8CC7DD009D7055 /* Carbon.framework */; };
		E45BE97F0E8CC7DD009D7055 /* CoreAudio.framework in Frameworks */ = {isa = PBXBuildFile; fileRef = E45BE9750E8CC7DD009D7055 /* CoreAudio.framework */; };
		E45BE9800E8CC7DD009D7055 /* CoreFoundation.framework in Frameworks */ = {isa = PBXBuildFile; fileRef = E45BE9760E8CC7DD009D7055 /* CoreFoundation.framework */; };
		E45BE9810E8CC7DD009D7055 /* CoreServices.framework in Frameworks */ = {isa = PBXBuildFile; fileRef = E45BE9770E8CC7DD009D7055 /* CoreServices.framework */; };
		E45BE9830E8CC7DD009D7055 /* OpenGL.framework in Frameworks */ = {isa = PBXBuildFile; fileRef = E45BE9790E8CC7DD009D7055 /* OpenGL.framework */; };
		E45BE9840E8CC7DD009D7055 /* QuickTime.framework in Frameworks */ = {isa = PBXBuildFile; fileRef = E45BE97A0E8CC7DD009D7055 /* QuickTime.framework */; };
		E4B69E200A3A1BDC003C02F2 /* main.cpp in Sources */ = {isa = PBXBuildFile; fileRef = E4B69E1D0A3A1BDC003C02F2 /* main.cpp */; };
		E4B69E210A3A1BDC003C02F2 /* testApp.cpp in Sources */ = {isa = PBXBuildFile; fileRef = E4B69E1E0A3A1BDC003C02F2 /* testApp.cpp */; };
		E4C2424710CC5A17004149E2 /* AppKit.framework in Frameworks */ = {isa = PBXBuildFile; fileRef = E4C2424410CC5A17004149E2 /* AppKit.framework */; };
		E4C2424810CC5A17004149E2 /* Cocoa.framework in Frameworks */ = {isa = PBXBuildFile; fileRef = E4C2424510CC5A17004149E2 /* Cocoa.framework */; };
		E4C2424910CC5A17004149E2 /* IOKit.framework in Frameworks */ = {isa = PBXBuildFile; fileRef = E4C2424610CC5A17004149E2 /* IOKit.framework */; };
		E4C2426610CC5A78004149E2 /* GLUT.framework in Frameworks */ = {isa = PBXBuildFile; fileRef = E4C2425F10CC5A78004149E2 /* GLUT.framework */; };
		E4C2426B10CC5AA6004149E2 /* GLUT.framework in CopyFiles */ = {isa = PBXBuildFile; fileRef = E4C2425F10CC5A78004149E2 /* GLUT.framework */; };
/* End PBXBuildFile section */

/* Begin PBXCopyFilesBuildPhase section */
		E4C2427710CC5ABF004149E2 /* CopyFiles */ = {
			isa = PBXCopyFilesBuildPhase;
			buildActionMask = 2147483647;
			dstPath = "";
			dstSubfolderSpec = 10;
			files = (
				E4C2426B10CC5AA6004149E2 /* GLUT.framework in CopyFiles */,
			);
			runOnlyForDeploymentPostprocessing = 0;
		};
/* End PBXCopyFilesBuildPhase section */

/* Begin PBXFileReference section */
		C637988512FA03A700FDC736 /* Trail.h */ = {isa = PBXFileReference; fileEncoding = 4; lastKnownFileType = sourcecode.c.h; path = Trail.h; sourceTree = "<group>"; };
		C637988612FA03A700FDC736 /* Trail.cpp */ = {isa = PBXFileReference; fileEncoding = 4; lastKnownFileType = sourcecode.cpp.cpp; path = Trail.cpp; sourceTree = "<group>"; };
		C64861651306434B005F3374 /* ofxMouseRecord.cpp */ = {isa = PBXFileReference; fileEncoding = 4; lastKnownFileType = sourcecode.cpp.cpp; path = ofxMouseRecord.cpp; sourceTree = "<group>"; };
		C64861661306434B005F3374 /* ofxMouseRecord.h */ = {isa = PBXFileReference; fileEncoding = 4; lastKnownFileType = sourcecode.c.h; path = ofxMouseRecord.h; sourceTree = "<group>"; };
		C6905DAE13088ED500D16E70 /* install.xml */ = {isa = PBXFileReference; fileEncoding = 4; lastKnownFileType = text.xml; path = install.xml; sourceTree = "<group>"; };
		C6905DB313088ED500D16E70 /* cv.h */ = {isa = PBXFileReference; fileEncoding = 4; lastKnownFileType = sourcecode.c.h; path = cv.h; sourceTree = "<group>"; };
		C6905DB413088ED500D16E70 /* cv.hpp */ = {isa = PBXFileReference; fileEncoding = 4; lastKnownFileType = sourcecode.cpp.h; path = cv.hpp; sourceTree = "<group>"; };
		C6905DB513088ED500D16E70 /* cvaux.h */ = {isa = PBXFileReference; fileEncoding = 4; lastKnownFileType = sourcecode.c.h; path = cvaux.h; sourceTree = "<group>"; };
		C6905DB613088ED500D16E70 /* cvaux.hpp */ = {isa = PBXFileReference; fileEncoding = 4; lastKnownFileType = sourcecode.cpp.h; path = cvaux.hpp; sourceTree = "<group>"; };
		C6905DB713088ED500D16E70 /* cvwimage.h */ = {isa = PBXFileReference; fileEncoding = 4; lastKnownFileType = sourcecode.c.h; path = cvwimage.h; sourceTree = "<group>"; };
		C6905DB813088ED500D16E70 /* cxcore.h */ = {isa = PBXFileReference; fileEncoding = 4; lastKnownFileType = sourcecode.c.h; path = cxcore.h; sourceTree = "<group>"; };
		C6905DB913088ED500D16E70 /* cxcore.hpp */ = {isa = PBXFileReference; fileEncoding = 4; lastKnownFileType = sourcecode.cpp.h; path = cxcore.hpp; sourceTree = "<group>"; };
		C6905DBA13088ED500D16E70 /* cxeigen.hpp */ = {isa = PBXFileReference; fileEncoding = 4; lastKnownFileType = sourcecode.cpp.h; path = cxeigen.hpp; sourceTree = "<group>"; };
		C6905DBB13088ED500D16E70 /* cxmisc.h */ = {isa = PBXFileReference; fileEncoding = 4; lastKnownFileType = sourcecode.c.h; path = cxmisc.h; sourceTree = "<group>"; };
		C6905DBC13088ED500D16E70 /* highgui.h */ = {isa = PBXFileReference; fileEncoding = 4; lastKnownFileType = sourcecode.c.h; path = highgui.h; sourceTree = "<group>"; };
		C6905DBD13088ED500D16E70 /* ml.h */ = {isa = PBXFileReference; fileEncoding = 4; lastKnownFileType = sourcecode.c.h; path = ml.h; sourceTree = "<group>"; };
		C6905E2613088ED500D16E70 /* opencv_calib3d.a */ = {isa = PBXFileReference; lastKnownFileType = archive.ar; path = opencv_calib3d.a; sourceTree = "<group>"; };
		C6905E2713088ED500D16E70 /* opencv_contrib.a */ = {isa = PBXFileReference; lastKnownFileType = archive.ar; path = opencv_contrib.a; sourceTree = "<group>"; };
		C6905E2813088ED500D16E70 /* opencv_core.a */ = {isa = PBXFileReference; lastKnownFileType = archive.ar; path = opencv_core.a; sourceTree = "<group>"; };
		C6905E2913088ED500D16E70 /* opencv_features2d.a */ = {isa = PBXFileReference; lastKnownFileType = archive.ar; path = opencv_features2d.a; sourceTree = "<group>"; };
		C6905E2A13088ED500D16E70 /* opencv_flann.a */ = {isa = PBXFileReference; lastKnownFileType = archive.ar; path = opencv_flann.a; sourceTree = "<group>"; };
		C6905E2B13088ED500D16E70 /* opencv_gpu.a */ = {isa = PBXFileReference; lastKnownFileType = archive.ar; path = opencv_gpu.a; sourceTree = "<group>"; };
		C6905E2C13088ED500D16E70 /* opencv_haartraining_engine.a */ = {isa = PBXFileReference; lastKnownFileType = archive.ar; path = opencv_haartraining_engine.a; sourceTree = "<group>"; };
		C6905E2D13088ED500D16E70 /* opencv_highgui.a */ = {isa = PBXFileReference; lastKnownFileType = archive.ar; path = opencv_highgui.a; sourceTree = "<group>"; };
		C6905E2E13088ED500D16E70 /* opencv_imgproc.a */ = {isa = PBXFileReference; lastKnownFileType = archive.ar; path = opencv_imgproc.a; sourceTree = "<group>"; };
		C6905E2F13088ED500D16E70 /* opencv_lapack.a */ = {isa = PBXFileReference; lastKnownFileType = archive.ar; path = opencv_lapack.a; sourceTree = "<group>"; };
		C6905E3013088ED500D16E70 /* opencv_legacy.a */ = {isa = PBXFileReference; lastKnownFileType = archive.ar; path = opencv_legacy.a; sourceTree = "<group>"; };
		C6905E3113088ED500D16E70 /* opencv_ml.a */ = {isa = PBXFileReference; lastKnownFileType = archive.ar; path = opencv_ml.a; sourceTree = "<group>"; };
		C6905E3213088ED500D16E70 /* opencv_objdetect.a */ = {isa = PBXFileReference; lastKnownFileType = archive.ar; path = opencv_objdetect.a; sourceTree = "<group>"; };
		C6905E3313088ED500D16E70 /* opencv_video.a */ = {isa = PBXFileReference; lastKnownFileType = archive.ar; path = opencv_video.a; sourceTree = "<group>"; };
		C6905E3413088ED500D16E70 /* zlib.a */ = {isa = PBXFileReference; lastKnownFileType = archive.ar; path = zlib.a; sourceTree = "<group>"; };
		C6905E4113088ED500D16E70 /* ofxCvBlob.h */ = {isa = PBXFileReference; fileEncoding = 4; lastKnownFileType = sourcecode.c.h; path = ofxCvBlob.h; sourceTree = "<group>"; };
		C6905E4213088ED500D16E70 /* ofxCvColorImage.cpp */ = {isa = PBXFileReference; fileEncoding = 4; lastKnownFileType = sourcecode.cpp.cpp; path = ofxCvColorImage.cpp; sourceTree = "<group>"; };
		C6905E4313088ED500D16E70 /* ofxCvColorImage.h */ = {isa = PBXFileReference; fileEncoding = 4; lastKnownFileType = sourcecode.c.h; path = ofxCvColorImage.h; sourceTree = "<group>"; };
		C6905E4413088ED500D16E70 /* ofxCvConstants.h */ = {isa = PBXFileReference; fileEncoding = 4; lastKnownFileType = sourcecode.c.h; path = ofxCvConstants.h; sourceTree = "<group>"; };
		C6905E4513088ED500D16E70 /* ofxCvContourFinder.cpp */ = {isa = PBXFileReference; fileEncoding = 4; lastKnownFileType = sourcecode.cpp.cpp; path = ofxCvContourFinder.cpp; sourceTree = "<group>"; };
		C6905E4613088ED500D16E70 /* ofxCvContourFinder.h */ = {isa = PBXFileReference; fileEncoding = 4; lastKnownFileType = sourcecode.c.h; path = ofxCvContourFinder.h; sourceTree = "<group>"; };
		C6905E4713088ED500D16E70 /* ofxCvFloatImage.cpp */ = {isa = PBXFileReference; fileEncoding = 4; lastKnownFileType = sourcecode.cpp.cpp; path = ofxCvFloatImage.cpp; sourceTree = "<group>"; };
		C6905E4813088ED500D16E70 /* ofxCvFloatImage.h */ = {isa = PBXFileReference; fileEncoding = 4; lastKnownFileType = sourcecode.c.h; path = ofxCvFloatImage.h; sourceTree = "<group>"; };
		C6905E4913088ED500D16E70 /* ofxCvGrayscaleImage.cpp */ = {isa = PBXFileReference; fileEncoding = 4; lastKnownFileType = sourcecode.cpp.cpp; path = ofxCvGrayscaleImage.cpp; sourceTree = "<group>"; };
		C6905E4A13088ED500D16E70 /* ofxCvGrayscaleImage.h */ = {isa = PBXFileReference; fileEncoding = 4; lastKnownFileType = sourcecode.c.h; path = ofxCvGrayscaleImage.h; sourceTree = "<group>"; };
		C6905E4B13088ED500D16E70 /* ofxCvHaarFinder.cpp */ = {isa = PBXFileReference; fileEncoding = 4; lastKnownFileType = sourcecode.cpp.cpp; path = ofxCvHaarFinder.cpp; sourceTree = "<group>"; };
		C6905E4C13088ED500D16E70 /* ofxCvHaarFinder.h */ = {isa = PBXFileReference; fileEncoding = 4; lastKnownFileType = sourcecode.c.h; path = ofxCvHaarFinder.h; sourceTree = "<group>"; };
		C6905E4D13088ED500D16E70 /* ofxCvImage.cpp */ = {isa = PBXFileReference; fileEncoding = 4; lastKnownFileType = sourcecode.cpp.cpp; path = ofxCvImage.cpp; sourceTree = "<group>"; };
		C6905E4E13088ED500D16E70 /* ofxCvImage.h */ = {isa = PBXFileReference; fileEncoding = 4; lastKnownFileType = sourcecode.c.h; path = ofxCvImage.h; sourceTree = "<group>"; };
		C6905E4F13088ED500D16E70 /* ofxCvMain.h */ = {isa = PBXFileReference; fileEncoding = 4; lastKnownFileType = sourcecode.c.h; path = ofxCvMain.h; sourceTree = "<group>"; };
		C6905E5013088ED500D16E70 /* ofxCvShortImage.cpp */ = {isa = PBXFileReference; fileEncoding = 4; lastKnownFileType = sourcecode.cpp.cpp; path = ofxCvShortImage.cpp; sourceTree = "<group>"; };
		C6905E5113088ED500D16E70 /* ofxCvShortImage.h */ = {isa = PBXFileReference; fileEncoding = 4; lastKnownFileType = sourcecode.c.h; path = ofxCvShortImage.h; sourceTree = "<group>"; };
		C6905E5213088ED500D16E70 /* ofxOpenCv.h */ = {isa = PBXFileReference; fileEncoding = 4; lastKnownFileType = sourcecode.c.h; path = ofxOpenCv.h; sourceTree = "<group>"; };
		C6905E9313088F3B00D16E70 /* assert.hpp */ = {isa = PBXFileReference; fileEncoding = 4; lastKnownFileType = sourcecode.cpp.h; path = assert.hpp; sourceTree = "<group>"; };
		C6905E9413088F3B00D16E70 /* del_interface.hpp */ = {isa = PBXFileReference; fileEncoding = 4; lastKnownFileType = sourcecode.cpp.h; path = del_interface.hpp; sourceTree = "<group>"; };
		C6905E9513088F3B00D16E70 /* dpoint.hpp */ = {isa = PBXFileReference; fileEncoding = 4; lastKnownFileType = sourcecode.cpp.h; path = dpoint.hpp; sourceTree = "<group>"; };
		C6905E9613088F3B00D16E70 /* triangle.h */ = {isa = PBXFileReference; fileEncoding = 4; lastKnownFileType = sourcecode.c.h; path = triangle.h; sourceTree = "<group>"; };
		C6905E9713088F3B00D16E70 /* triangle_impl.hpp */ = {isa = PBXFileReference; fileEncoding = 4; lastKnownFileType = sourcecode.cpp.h; path = triangle_impl.hpp; sourceTree = "<group>"; };
		C6905E9A13088F3B00D16E70 /* assert.cpp */ = {isa = PBXFileReference; fileEncoding = 4; lastKnownFileType = sourcecode.cpp.cpp; path = assert.cpp; sourceTree = "<group>"; };
		C6905E9B13088F3B00D16E70 /* del_impl.cpp */ = {isa = PBXFileReference; fileEncoding = 4; lastKnownFileType = sourcecode.cpp.cpp; path = del_impl.cpp; sourceTree = "<group>"; };
		C6905E9C13088F3B00D16E70 /* ofxTriangle.cpp */ = {isa = PBXFileReference; fileEncoding = 4; lastKnownFileType = sourcecode.cpp.cpp; path = ofxTriangle.cpp; sourceTree = "<group>"; };
		C6905E9D13088F3B00D16E70 /* ofxTriangle.h */ = {isa = PBXFileReference; fileEncoding = 4; lastKnownFileType = sourcecode.c.h; path = ofxTriangle.h; sourceTree = "<group>"; };
		C69F5A49130891770034F762 /* openFrameworks.a */ = {isa = PBXFileReference; lastKnownFileType = archive.ar; name = openFrameworks.a; path = ../../../libs/openFrameworksCompiled/lib/osx/openFrameworks.a; sourceTree = SOURCE_ROOT; };
		C69F5BA21308ADE60034F762 /* ofxQtVideoSaver.cpp */ = {isa = PBXFileReference; fileEncoding = 4; lastKnownFileType = sourcecode.cpp.cpp; path = ofxQtVideoSaver.cpp; sourceTree = "<group>"; };
		C69F5BA31308ADE60034F762 /* ofxQtVideoSaver.h */ = {isa = PBXFileReference; fileEncoding = 4; lastKnownFileType = sourcecode.c.h; path = ofxQtVideoSaver.h; sourceTree = "<group>"; };
		C69F5BA71308ADE60034F762 /* hollerLogoApp.h */ = {isa = PBXFileReference; fileEncoding = 4; lastKnownFileType = sourcecode.c.h; path = hollerLogoApp.h; sourceTree = "<group>"; };
		C69F5BAA1308AE7C0034F762 /* hollerLogoApp.cpp */ = {isa = PBXFileReference; fileEncoding = 4; lastKnownFileType = sourcecode.cpp.cpp; path = hollerLogoApp.cpp; sourceTree = "<group>"; };
		C69F5C6D1308BC650034F762 /* Border.cpp */ = {isa = PBXFileReference; fileEncoding = 4; lastKnownFileType = sourcecode.cpp.cpp; path = Border.cpp; sourceTree = "<group>"; };
		C69F5C6E1308BC650034F762 /* Border.h */ = {isa = PBXFileReference; fileEncoding = 4; lastKnownFileType = sourcecode.c.h; path = Border.h; sourceTree = "<group>"; };
		C69F5CBC1308C0BB0034F762 /* Assets.cpp */ = {isa = PBXFileReference; fileEncoding = 4; lastKnownFileType = sourcecode.cpp.cpp; path = Assets.cpp; sourceTree = "<group>"; };
		C69F5CBD1308C0BB0034F762 /* Assets.h */ = {isa = PBXFileReference; fileEncoding = 4; lastKnownFileType = sourcecode.c.h; path = Assets.h; sourceTree = "<group>"; };
		C6B7A22E1304AC1000E8B2A9 /* install.xml */ = {isa = PBXFileReference; fileEncoding = 4; lastKnownFileType = text.xml; path = install.xml; sourceTree = "<group>"; };
		C6B7A2301304AC1000E8B2A9 /* tinyxml.cpp */ = {isa = PBXFileReference; fileEncoding = 4; lastKnownFileType = sourcecode.cpp.cpp; path = tinyxml.cpp; sourceTree = "<group>"; };
		C6B7A2311304AC1000E8B2A9 /* tinyxml.h */ = {isa = PBXFileReference; fileEncoding = 4; lastKnownFileType = sourcecode.c.h; path = tinyxml.h; sourceTree = "<group>"; };
		C6B7A2321304AC1000E8B2A9 /* tinyxmlerror.cpp */ = {isa = PBXFileReference; fileEncoding = 4; lastKnownFileType = sourcecode.cpp.cpp; path = tinyxmlerror.cpp; sourceTree = "<group>"; };
		C6B7A2331304AC1000E8B2A9 /* tinyxmlparser.cpp */ = {isa = PBXFileReference; fileEncoding = 4; lastKnownFileType = sourcecode.cpp.cpp; path = tinyxmlparser.cpp; sourceTree = "<group>"; };
		C6B7A2351304AC1000E8B2A9 /* ofxXmlSettings.cpp */ = {isa = PBXFileReference; fileEncoding = 4; lastKnownFileType = sourcecode.cpp.cpp; path = ofxXmlSettings.cpp; sourceTree = "<group>"; };
		C6B7A2361304AC1000E8B2A9 /* ofxXmlSettings.h */ = {isa = PBXFileReference; fileEncoding = 4; lastKnownFileType = sourcecode.c.h; path = ofxXmlSettings.h; sourceTree = "<group>"; };
		C6E6113C12FBBA5500B570EE /* holler_logo_2Debug.app */ = {isa = PBXFileReference; explicitFileType = wrapper.application; includeInIndex = 0; path = holler_logo_2Debug.app; sourceTree = BUILT_PRODUCTS_DIR; };
		E45BE9710E8CC7DD009D7055 /* AGL.framework */ = {isa = PBXFileReference; lastKnownFileType = wrapper.framework; name = AGL.framework; path = /System/Library/Frameworks/AGL.framework; sourceTree = "<absolute>"; };
		E45BE9720E8CC7DD009D7055 /* ApplicationServices.framework */ = {isa = PBXFileReference; lastKnownFileType = wrapper.framework; name = ApplicationServices.framework; path = /System/Library/Frameworks/ApplicationServices.framework; sourceTree = "<absolute>"; };
		E45BE9730E8CC7DD009D7055 /* AudioToolbox.framework */ = {isa = PBXFileReference; lastKnownFileType = wrapper.framework; name = AudioToolbox.framework; path = /System/Library/Frameworks/AudioToolbox.framework; sourceTree = "<absolute>"; };
		E45BE9740E8CC7DD009D7055 /* Carbon.framework */ = {isa = PBXFileReference; lastKnownFileType = wrapper.framework; name = Carbon.framework; path = /System/Library/Frameworks/Carbon.framework; sourceTree = "<absolute>"; };
		E45BE9750E8CC7DD009D7055 /* CoreAudio.framework */ = {isa = PBXFileReference; lastKnownFileType = wrapper.framework; name = CoreAudio.framework; path = /System/Library/Frameworks/CoreAudio.framework; sourceTree = "<absolute>"; };
		E45BE9760E8CC7DD009D7055 /* CoreFoundation.framework */ = {isa = PBXFileReference; lastKnownFileType = wrapper.framework; name = CoreFoundation.framework; path = /System/Library/Frameworks/CoreFoundation.framework; sourceTree = "<absolute>"; };
		E45BE9770E8CC7DD009D7055 /* CoreServices.framework */ = {isa = PBXFileReference; lastKnownFileType = wrapper.framework; name = CoreServices.framework; path = /System/Library/Frameworks/CoreServices.framework; sourceTree = "<absolute>"; };
		E45BE9790E8CC7DD009D7055 /* OpenGL.framework */ = {isa = PBXFileReference; lastKnownFileType = wrapper.framework; name = OpenGL.framework; path = /System/Library/Frameworks/OpenGL.framework; sourceTree = "<absolute>"; };
		E45BE97A0E8CC7DD009D7055 /* QuickTime.framework */ = {isa = PBXFileReference; lastKnownFileType = wrapper.framework; name = QuickTime.framework; path = /System/Library/Frameworks/QuickTime.framework; sourceTree = "<absolute>"; };
		E4B69E1D0A3A1BDC003C02F2 /* main.cpp */ = {isa = PBXFileReference; fileEncoding = 30; lastKnownFileType = sourcecode.cpp.cpp; name = main.cpp; path = src/main.cpp; sourceTree = SOURCE_ROOT; };
		E4B69E1E0A3A1BDC003C02F2 /* testApp.cpp */ = {isa = PBXFileReference; explicitFileType = sourcecode.cpp.cpp; fileEncoding = 30; name = testApp.cpp; path = src/testApp.cpp; sourceTree = SOURCE_ROOT; };
		E4B69E1F0A3A1BDC003C02F2 /* testApp.h */ = {isa = PBXFileReference; fileEncoding = 30; lastKnownFileType = sourcecode.c.h; name = testApp.h; path = src/testApp.h; sourceTree = SOURCE_ROOT; };
		E4B6FCAD0C3E899E008CF71C /* openFrameworks-Info.plist */ = {isa = PBXFileReference; fileEncoding = 30; lastKnownFileType = text.plist.xml; path = "openFrameworks-Info.plist"; sourceTree = "<group>"; };
		E4C2424410CC5A17004149E2 /* AppKit.framework */ = {isa = PBXFileReference; lastKnownFileType = wrapper.framework; name = AppKit.framework; path = /System/Library/Frameworks/AppKit.framework; sourceTree = "<absolute>"; };
		E4C2424510CC5A17004149E2 /* Cocoa.framework */ = {isa = PBXFileReference; lastKnownFileType = wrapper.framework; name = Cocoa.framework; path = /System/Library/Frameworks/Cocoa.framework; sourceTree = "<absolute>"; };
		E4C2424610CC5A17004149E2 /* IOKit.framework */ = {isa = PBXFileReference; lastKnownFileType = wrapper.framework; name = IOKit.framework; path = /System/Library/Frameworks/IOKit.framework; sourceTree = "<absolute>"; };
		E4C2425F10CC5A78004149E2 /* GLUT.framework */ = {isa = PBXFileReference; lastKnownFileType = wrapper.framework; name = GLUT.framework; path = ../../../libs/glut/lib/osx/GLUT.framework; sourceTree = SOURCE_ROOT; };
/* End PBXFileReference section */

/* Begin PBXFrameworksBuildPhase section */
		E4B69B590A3A1756003C02F2 /* Frameworks */ = {
			isa = PBXFrameworksBuildPhase;
			buildActionMask = 2147483647;
			files = (
				E45BE97B0E8CC7DD009D7055 /* AGL.framework in Frameworks */,
				E45BE97C0E8CC7DD009D7055 /* ApplicationServices.framework in Frameworks */,
				E45BE97D0E8CC7DD009D7055 /* AudioToolbox.framework in Frameworks */,
				E45BE97E0E8CC7DD009D7055 /* Carbon.framework in Frameworks */,
				E45BE97F0E8CC7DD009D7055 /* CoreAudio.framework in Frameworks */,
				E45BE9800E8CC7DD009D7055 /* CoreFoundation.framework in Frameworks */,
				E45BE9810E8CC7DD009D7055 /* CoreServices.framework in Frameworks */,
				E45BE9830E8CC7DD009D7055 /* OpenGL.framework in Frameworks */,
				E45BE9840E8CC7DD009D7055 /* QuickTime.framework in Frameworks */,
				E4C2424710CC5A17004149E2 /* AppKit.framework in Frameworks */,
				E4C2424810CC5A17004149E2 /* Cocoa.framework in Frameworks */,
				E4C2424910CC5A17004149E2 /* IOKit.framework in Frameworks */,
				E4C2426610CC5A78004149E2 /* GLUT.framework in Frameworks */,
				C6905E7213088ED500D16E70 /* opencv_calib3d.a in Frameworks */,
				C6905E7313088ED500D16E70 /* opencv_contrib.a in Frameworks */,
				C6905E7413088ED500D16E70 /* opencv_core.a in Frameworks */,
				C6905E7513088ED500D16E70 /* opencv_features2d.a in Frameworks */,
				C6905E7613088ED500D16E70 /* opencv_flann.a in Frameworks */,
				C6905E7713088ED500D16E70 /* opencv_gpu.a in Frameworks */,
				C6905E7813088ED500D16E70 /* opencv_haartraining_engine.a in Frameworks */,
				C6905E7913088ED500D16E70 /* opencv_highgui.a in Frameworks */,
				C6905E7A13088ED500D16E70 /* opencv_imgproc.a in Frameworks */,
				C6905E7B13088ED500D16E70 /* opencv_lapack.a in Frameworks */,
				C6905E7C13088ED500D16E70 /* opencv_legacy.a in Frameworks */,
				C6905E7D13088ED500D16E70 /* opencv_ml.a in Frameworks */,
				C6905E7E13088ED500D16E70 /* opencv_objdetect.a in Frameworks */,
				C6905E7F13088ED500D16E70 /* opencv_video.a in Frameworks */,
				C6905E8013088ED500D16E70 /* zlib.a in Frameworks */,
				C69F5A4A130891770034F762 /* openFrameworks.a in Frameworks */,
			);
			runOnlyForDeploymentPostprocessing = 0;
		};
/* End PBXFrameworksBuildPhase section */

/* Begin PBXGroup section */
		BB4B014C10F69532006C3DED /* addons */ = {
			isa = PBXGroup;
			children = (
				C6905E9113088F3B00D16E70 /* ofxTriangle */,
				C6905DAD13088ED500D16E70 /* ofxOpenCv */,
				C64861641306434B005F3374 /* ofxMouseRecord */,
				C6B7A22D1304AC1000E8B2A9 /* ofxXmlSettings */,
			);
			name = addons;
			sourceTree = "<group>";
		};
		C64861641306434B005F3374 /* ofxMouseRecord */ = {
			isa = PBXGroup;
			children = (
				C64861651306434B005F3374 /* ofxMouseRecord.cpp */,
				C64861661306434B005F3374 /* ofxMouseRecord.h */,
			);
			name = ofxMouseRecord;
			path = ../../../addons/kikkolibs/ofxMouseRecord;
			sourceTree = SOURCE_ROOT;
		};
		C6905DAD13088ED500D16E70 /* ofxOpenCv */ = {
			isa = PBXGroup;
			children = (
				C6905DAE13088ED500D16E70 /* install.xml */,
				C6905DAF13088ED500D16E70 /* libs */,
				C6905E4013088ED500D16E70 /* src */,
			);
			name = ofxOpenCv;
			path = ../../../addons/ofxOpenCv;
			sourceTree = SOURCE_ROOT;
		};
		C6905DAF13088ED500D16E70 /* libs */ = {
			isa = PBXGroup;
			children = (
				C6905DB013088ED500D16E70 /* opencv */,
			);
			path = libs;
			sourceTree = "<group>";
		};
		C6905DB013088ED500D16E70 /* opencv */ = {
			isa = PBXGroup;
			children = (
				C6905DB113088ED500D16E70 /* include */,
				C6905E0213088ED500D16E70 /* lib */,
			);
			path = opencv;
			sourceTree = "<group>";
		};
		C6905DB113088ED500D16E70 /* include */ = {
			isa = PBXGroup;
			children = (
				C6905DB213088ED500D16E70 /* opencv */,
			);
			path = include;
			sourceTree = "<group>";
		};
		C6905DB213088ED500D16E70 /* opencv */ = {
			isa = PBXGroup;
			children = (
				C6905DB313088ED500D16E70 /* cv.h */,
				C6905DB413088ED500D16E70 /* cv.hpp */,
				C6905DB513088ED500D16E70 /* cvaux.h */,
				C6905DB613088ED500D16E70 /* cvaux.hpp */,
				C6905DB713088ED500D16E70 /* cvwimage.h */,
				C6905DB813088ED500D16E70 /* cxcore.h */,
				C6905DB913088ED500D16E70 /* cxcore.hpp */,
				C6905DBA13088ED500D16E70 /* cxeigen.hpp */,
				C6905DBB13088ED500D16E70 /* cxmisc.h */,
				C6905DBC13088ED500D16E70 /* highgui.h */,
				C6905DBD13088ED500D16E70 /* ml.h */,
			);
			path = opencv;
			sourceTree = "<group>";
		};
		C6905E0213088ED500D16E70 /* lib */ = {
			isa = PBXGroup;
			children = (
				C6905E2513088ED500D16E70 /* osx */,
			);
			path = lib;
			sourceTree = "<group>";
		};
		C6905E2513088ED500D16E70 /* osx */ = {
			isa = PBXGroup;
			children = (
				C6905E2613088ED500D16E70 /* opencv_calib3d.a */,
				C6905E2713088ED500D16E70 /* opencv_contrib.a */,
				C6905E2813088ED500D16E70 /* opencv_core.a */,
				C6905E2913088ED500D16E70 /* opencv_features2d.a */,
				C6905E2A13088ED500D16E70 /* opencv_flann.a */,
				C6905E2B13088ED500D16E70 /* opencv_gpu.a */,
				C6905E2C13088ED500D16E70 /* opencv_haartraining_engine.a */,
				C6905E2D13088ED500D16E70 /* opencv_highgui.a */,
				C6905E2E13088ED500D16E70 /* opencv_imgproc.a */,
				C6905E2F13088ED500D16E70 /* opencv_lapack.a */,
				C6905E3013088ED500D16E70 /* opencv_legacy.a */,
				C6905E3113088ED500D16E70 /* opencv_ml.a */,
				C6905E3213088ED500D16E70 /* opencv_objdetect.a */,
				C6905E3313088ED500D16E70 /* opencv_video.a */,
				C6905E3413088ED500D16E70 /* zlib.a */,
			);
			path = osx;
			sourceTree = "<group>";
		};
		C6905E4013088ED500D16E70 /* src */ = {
			isa = PBXGroup;
			children = (
				C6905E4113088ED500D16E70 /* ofxCvBlob.h */,
				C6905E4213088ED500D16E70 /* ofxCvColorImage.cpp */,
				C6905E4313088ED500D16E70 /* ofxCvColorImage.h */,
				C6905E4413088ED500D16E70 /* ofxCvConstants.h */,
				C6905E4513088ED500D16E70 /* ofxCvContourFinder.cpp */,
				C6905E4613088ED500D16E70 /* ofxCvContourFinder.h */,
				C6905E4713088ED500D16E70 /* ofxCvFloatImage.cpp */,
				C6905E4813088ED500D16E70 /* ofxCvFloatImage.h */,
				C6905E4913088ED500D16E70 /* ofxCvGrayscaleImage.cpp */,
				C6905E4A13088ED500D16E70 /* ofxCvGrayscaleImage.h */,
				C6905E4B13088ED500D16E70 /* ofxCvHaarFinder.cpp */,
				C6905E4C13088ED500D16E70 /* ofxCvHaarFinder.h */,
				C6905E4D13088ED500D16E70 /* ofxCvImage.cpp */,
				C6905E4E13088ED500D16E70 /* ofxCvImage.h */,
				C6905E4F13088ED500D16E70 /* ofxCvMain.h */,
				C6905E5013088ED500D16E70 /* ofxCvShortImage.cpp */,
				C6905E5113088ED500D16E70 /* ofxCvShortImage.h */,
				C6905E5213088ED500D16E70 /* ofxOpenCv.h */,
			);
			path = src;
			sourceTree = "<group>";
		};
		C6905E9113088F3B00D16E70 /* ofxTriangle */ = {
			isa = PBXGroup;
			children = (
				C6905E9213088F3B00D16E70 /* include */,
				C6905E9813088F3B00D16E70 /* lib */,
				C6905E9C13088F3B00D16E70 /* ofxTriangle.cpp */,
				C6905E9D13088F3B00D16E70 /* ofxTriangle.h */,
			);
			name = ofxTriangle;
			path = ../../../addons/ofxTriangle;
			sourceTree = SOURCE_ROOT;
		};
		C6905E9213088F3B00D16E70 /* include */ = {
			isa = PBXGroup;
			children = (
				C6905E9313088F3B00D16E70 /* assert.hpp */,
				C6905E9413088F3B00D16E70 /* del_interface.hpp */,
				C6905E9513088F3B00D16E70 /* dpoint.hpp */,
				C6905E9613088F3B00D16E70 /* triangle.h */,
				C6905E9713088F3B00D16E70 /* triangle_impl.hpp */,
			);
			path = include;
			sourceTree = "<group>";
		};
		C6905E9813088F3B00D16E70 /* lib */ = {
			isa = PBXGroup;
			children = (
				C6905E9913088F3B00D16E70 /* Triangle */,
			);
			path = lib;
			sourceTree = "<group>";
		};
		C6905E9913088F3B00D16E70 /* Triangle */ = {
			isa = PBXGroup;
			children = (
				C6905E9A13088F3B00D16E70 /* assert.cpp */,
				C6905E9B13088F3B00D16E70 /* del_impl.cpp */,
			);
			path = Triangle;
			sourceTree = "<group>";
		};
		C69F5BA01308ADE60034F762 /* holler_logo_lib */ = {
			isa = PBXGroup;
			children = (
				C69F5BA11308ADE60034F762 /* include */,
				C69F5BA41308ADE60034F762 /* src */,
			);
			name = holler_logo_lib;
			path = ../holler_logo_lib;
			sourceTree = SOURCE_ROOT;
		};
		C69F5BA11308ADE60034F762 /* include */ = {
			isa = PBXGroup;
			children = (
				C69F5BA21308ADE60034F762 /* ofxQtVideoSaver.cpp */,
				C69F5BA31308ADE60034F762 /* ofxQtVideoSaver.h */,
			);
			path = include;
			sourceTree = "<group>";
		};
		C69F5BA41308ADE60034F762 /* src */ = {
			isa = PBXGroup;
			children = (
				C69F5CBC1308C0BB0034F762 /* Assets.cpp */,
				C69F5CBD1308C0BB0034F762 /* Assets.h */,
				C69F5C6D1308BC650034F762 /* Border.cpp */,
				C69F5C6E1308BC650034F762 /* Border.h */,
				C69F5BA71308ADE60034F762 /* hollerLogoApp.h */,
				C69F5BAA1308AE7C0034F762 /* hollerLogoApp.cpp */,
			);
			path = src;
			sourceTree = "<group>";
		};
		C6B7A22D1304AC1000E8B2A9 /* ofxXmlSettings */ = {
			isa = PBXGroup;
			children = (
				C6B7A22E1304AC1000E8B2A9 /* install.xml */,
				C6B7A22F1304AC1000E8B2A9 /* libs */,
				C6B7A2341304AC1000E8B2A9 /* src */,
			);
			name = ofxXmlSettings;
			path = ../../../addons/ofxXmlSettings;
			sourceTree = SOURCE_ROOT;
		};
		C6B7A22F1304AC1000E8B2A9 /* libs */ = {
			isa = PBXGroup;
			children = (
				C6B7A2301304AC1000E8B2A9 /* tinyxml.cpp */,
				C6B7A2311304AC1000E8B2A9 /* tinyxml.h */,
				C6B7A2321304AC1000E8B2A9 /* tinyxmlerror.cpp */,
				C6B7A2331304AC1000E8B2A9 /* tinyxmlparser.cpp */,
			);
			path = libs;
			sourceTree = "<group>";
		};
		C6B7A2341304AC1000E8B2A9 /* src */ = {
			isa = PBXGroup;
			children = (
				C6B7A2351304AC1000E8B2A9 /* ofxXmlSettings.cpp */,
				C6B7A2361304AC1000E8B2A9 /* ofxXmlSettings.h */,
			);
			path = src;
			sourceTree = "<group>";
		};
		E45BE5980E8CC70C009D7055 /* frameworks */ = {
			isa = PBXGroup;
			children = (
				E4C2425F10CC5A78004149E2 /* GLUT.framework */,
				E4C2424410CC5A17004149E2 /* AppKit.framework */,
				E4C2424510CC5A17004149E2 /* Cocoa.framework */,
				E4C2424610CC5A17004149E2 /* IOKit.framework */,
				E45BE9710E8CC7DD009D7055 /* AGL.framework */,
				E45BE9720E8CC7DD009D7055 /* ApplicationServices.framework */,
				E45BE9730E8CC7DD009D7055 /* AudioToolbox.framework */,
				E45BE9740E8CC7DD009D7055 /* Carbon.framework */,
				E45BE9750E8CC7DD009D7055 /* CoreAudio.framework */,
				E45BE9760E8CC7DD009D7055 /* CoreFoundation.framework */,
				E45BE9770E8CC7DD009D7055 /* CoreServices.framework */,
				E45BE9790E8CC7DD009D7055 /* OpenGL.framework */,
				E45BE97A0E8CC7DD009D7055 /* QuickTime.framework */,
			);
			name = frameworks;
			sourceTree = "<group>";
		};
		E4B69B4A0A3A1720003C02F2 = {
			isa = PBXGroup;
			children = (
				E4B6FCAD0C3E899E008CF71C /* openFrameworks-Info.plist */,
				E4B69E1C0A3A1BDC003C02F2 /* src */,
				C69F5BA01308ADE60034F762 /* holler_logo_lib */,
				BB4B014C10F69532006C3DED /* addons */,
				E4C2422310CC54B6004149E2 /* openFrameworks */,
				E45BE5980E8CC70C009D7055 /* frameworks */,
				C6E6113C12FBBA5500B570EE /* holler_logo_2Debug.app */,
			);
			sourceTree = "<group>";
		};
		E4B69E1C0A3A1BDC003C02F2 /* src */ = {
			isa = PBXGroup;
			children = (
				E4B69E1D0A3A1BDC003C02F2 /* main.cpp */,
				E4B69E1E0A3A1BDC003C02F2 /* testApp.cpp */,
				E4B69E1F0A3A1BDC003C02F2 /* testApp.h */,
				C637988512FA03A700FDC736 /* Trail.h */,
				C637988612FA03A700FDC736 /* Trail.cpp */,
			);
			path = src;
			sourceTree = SOURCE_ROOT;
		};
		E4C2422310CC54B6004149E2 /* openFrameworks */ = {
			isa = PBXGroup;
			children = (
				C69F5A49130891770034F762 /* openFrameworks.a */,
			);
			name = openFrameworks;
			sourceTree = "<group>";
		};
/* End PBXGroup section */

/* Begin PBXNativeTarget section */
		E4B69B5A0A3A1756003C02F2 /* holler_logo_2 */ = {
			isa = PBXNativeTarget;
			buildConfigurationList = E4B69B5F0A3A1757003C02F2 /* Build configuration list for PBXNativeTarget "holler_logo_2" */;
			buildPhases = (
				E4B69B580A3A1756003C02F2 /* Sources */,
				E4B69B590A3A1756003C02F2 /* Frameworks */,
				E4B6FFFD0C3F9AB9008CF71C /* ShellScript */,
				E4C2427710CC5ABF004149E2 /* CopyFiles */,
			);
			buildRules = (
			);
			dependencies = (
			);
			name = holler_logo_2;
			productName = myOFApp;
			productReference = C6E6113C12FBBA5500B570EE /* holler_logo_2Debug.app */;
			productType = "com.apple.product-type.application";
		};
/* End PBXNativeTarget section */

/* Begin PBXProject section */
		E4B69B4C0A3A1720003C02F2 /* Project object */ = {
			isa = PBXProject;
			buildConfigurationList = E4B69B4D0A3A1720003C02F2 /* Build configuration list for PBXProject "holler_logo_2" */;
			compatibilityVersion = "Xcode 2.4";
			hasScannedForEncodings = 0;
			knownRegions = (
				English,
				Japanese,
				French,
				German,
			);
			mainGroup = E4B69B4A0A3A1720003C02F2;
			productRefGroup = E4B69B4A0A3A1720003C02F2;
			projectDirPath = "";
			projectRoot = "";
			targets = (
				E4B69B5A0A3A1756003C02F2 /* holler_logo_2 */,
			);
		};
/* End PBXProject section */

/* Begin PBXShellScriptBuildPhase section */
		E4B6FFFD0C3F9AB9008CF71C /* ShellScript */ = {
			isa = PBXShellScriptBuildPhase;
			buildActionMask = 2147483647;
			files = (
			);
			inputPaths = (
			);
			outputPaths = (
			);
			runOnlyForDeploymentPostprocessing = 0;
			shellPath = /bin/sh;
			shellScript = "cp -f ../../../libs/fmodex/lib/osx/libfmodex.dylib \"$TARGET_BUILD_DIR/$PRODUCT_NAME.app/Contents/MacOS/libfmodex.dylib\"\ninstall_name_tool -change ./libfmodex.dylib @executable_path/libfmodex.dylib \"$TARGET_BUILD_DIR/$PRODUCT_NAME.app/Contents/MacOS/$PRODUCT_NAME\" ";
		};
/* End PBXShellScriptBuildPhase section */

/* Begin PBXSourcesBuildPhase section */
		E4B69B580A3A1756003C02F2 /* Sources */ = {
			isa = PBXSourcesBuildPhase;
			buildActionMask = 2147483647;
			files = (
				E4B69E200A3A1BDC003C02F2 /* main.cpp in Sources */,
				E4B69E210A3A1BDC003C02F2 /* testApp.cpp in Sources */,
				C637988712FA03A700FDC736 /* Trail.cpp in Sources */,
				C6B7A2371304AC1000E8B2A9 /* tinyxml.cpp in Sources */,
				C6B7A2381304AC1000E8B2A9 /* tinyxmlerror.cpp in Sources */,
				C6B7A2391304AC1000E8B2A9 /* tinyxmlparser.cpp in Sources */,
				C6B7A23A1304AC1000E8B2A9 /* ofxXmlSettings.cpp in Sources */,
				C64861671306434B005F3374 /* ofxMouseRecord.cpp in Sources */,
				C6905E8A13088ED600D16E70 /* ofxCvColorImage.cpp in Sources */,
				C6905E8B13088ED600D16E70 /* ofxCvContourFinder.cpp in Sources */,
				C6905E8C13088ED600D16E70 /* ofxCvFloatImage.cpp in Sources */,
				C6905E8D13088ED600D16E70 /* ofxCvGrayscaleImage.cpp in Sources */,
				C6905E8E13088ED600D16E70 /* ofxCvHaarFinder.cpp in Sources */,
				C6905E8F13088ED600D16E70 /* ofxCvImage.cpp in Sources */,
				C6905E9013088ED600D16E70 /* ofxCvShortImage.cpp in Sources */,
				C6905E9E13088F3B00D16E70 /* assert.cpp in Sources */,
				C6905E9F13088F3B00D16E70 /* del_impl.cpp in Sources */,
				C6905EA013088F3B00D16E70 /* ofxTriangle.cpp in Sources */,
				C69F5BA81308ADE60034F762 /* ofxQtVideoSaver.cpp in Sources */,
				C69F5BAB1308AE7C0034F762 /* hollerLogoApp.cpp in Sources */,
				C69F5C6F1308BC650034F762 /* Border.cpp in Sources */,
				C69F5CBE1308C0BB0034F762 /* Assets.cpp in Sources */,
			);
			runOnlyForDeploymentPostprocessing = 0;
		};
/* End PBXSourcesBuildPhase section */

/* Begin XCBuildConfiguration section */
		E4B69B4E0A3A1720003C02F2 /* Debug */ = {
			isa = XCBuildConfiguration;
			buildSettings = {
				ARCHS = "$(NATIVE_ARCH)";
				CONFIGURATION_BUILD_DIR = "$(SRCROOT)/bin/";
				COPY_PHASE_STRIP = NO;
				DEAD_CODE_STRIPPING = YES;
				GCC_AUTO_VECTORIZATION = YES;
				GCC_ENABLE_SSE3_EXTENSIONS = YES;
				GCC_ENABLE_SUPPLEMENTAL_SSE3_INSTRUCTIONS = YES;
				GCC_INLINES_ARE_PRIVATE_EXTERN = NO;
				GCC_MODEL_TUNING = G5;
				GCC_SYMBOLS_PRIVATE_EXTERN = NO;
				GCC_WARN_ABOUT_DEPRECATED_FUNCTIONS = NO;
				GCC_WARN_ABOUT_INVALID_OFFSETOF_MACRO = NO;
				GCC_WARN_ALLOW_INCOMPLETE_PROTOCOL = NO;
				GCC_WARN_UNINITIALIZED_AUTOS = NO;
				GCC_WARN_UNUSED_VALUE = NO;
				GCC_WARN_UNUSED_VARIABLE = NO;
				HEADER_SEARCH_PATHS = (
					../../../addons/ofxOpenCv/libs/opencv/include,
					"../../../libs/openFrameworks/**",
					../../../libs/freetype/include/,
					../../../libs/freetype/include/freetype2,
					../../../libs/poco/include,
					../../../addons/,
					"../../../libs/glew/include/GL/**",
					"../../../libs/fmodex/include/**",
					"../../../libs/freeimage/include/**",
				);
				OTHER_CPLUSPLUSFLAGS = (
					"-D__MACOSX_CORE__",
					"-lpthread",
				);
				OTHER_LDFLAGS = (
					"$(OTHER_LDFLAGS_QUOTED_FOR_PROJECT_1)",
					"$(OTHER_LDFLAGS_QUOTED_FOR_PROJECT_2)",
					"$(OTHER_LDFLAGS_QUOTED_FOR_PROJECT_3)",
					"$(OTHER_LDFLAGS_QUOTED_FOR_PROJECT_4)",
					"$(OTHER_LDFLAGS_QUOTED_FOR_PROJECT_5)",
					"$(OTHER_LDFLAGS_QUOTED_FOR_PROJECT_6)",
					"$(OTHER_LDFLAGS_QUOTED_FOR_PROJECT_7)",
					"$(OTHER_LDFLAGS_QUOTED_FOR_PROJECT_8)",
					"$(OTHER_LDFLAGS_QUOTED_FOR_PROJECT_9)",
				);
				OTHER_LDFLAGS_QUOTED_FOR_PROJECT_1 = "\"../../../libs/poco/lib/osx/PocoUtil.a\"";
				OTHER_LDFLAGS_QUOTED_FOR_PROJECT_2 = "\"../../../libs/poco/lib/osx/PocoXML.a\"";
				OTHER_LDFLAGS_QUOTED_FOR_PROJECT_3 = "\"../../../libs/poco/lib/osx/PocoFoundation.a\"";
				OTHER_LDFLAGS_QUOTED_FOR_PROJECT_4 = "\"../../../libs/poco/lib/osx/PocoNet.a\"";
				OTHER_LDFLAGS_QUOTED_FOR_PROJECT_5 = "\"../../../libs/rtAudio/lib/osx/rtAudio.a\"";
				OTHER_LDFLAGS_QUOTED_FOR_PROJECT_6 = "\"../../../libs/freetype/lib/osx/freetype.a\"";
				OTHER_LDFLAGS_QUOTED_FOR_PROJECT_7 = "\"../../../libs/FreeImage/lib/osx/freeimage.a\"";
				OTHER_LDFLAGS_QUOTED_FOR_PROJECT_8 = "\"../../../libs/fmodex/lib/osx/libfmodex.dylib\"";
				OTHER_LDFLAGS_QUOTED_FOR_PROJECT_9 = "\"../../../libs/glew/lib/osx/glew.a\"";
			};
			name = Debug;
		};
		E4B69B4F0A3A1720003C02F2 /* Release */ = {
			isa = XCBuildConfiguration;
			buildSettings = {
				ARCHS = "$(NATIVE_ARCH)";
				CONFIGURATION_BUILD_DIR = "$(SRCROOT)/bin/";
				COPY_PHASE_STRIP = YES;
				DEAD_CODE_STRIPPING = YES;
				GCC_AUTO_VECTORIZATION = YES;
				GCC_ENABLE_SSE3_EXTENSIONS = YES;
				GCC_ENABLE_SUPPLEMENTAL_SSE3_INSTRUCTIONS = YES;
				GCC_INLINES_ARE_PRIVATE_EXTERN = NO;
				GCC_MODEL_TUNING = G5;
				GCC_OPTIMIZATION_LEVEL = 3;
				GCC_SYMBOLS_PRIVATE_EXTERN = NO;
				GCC_UNROLL_LOOPS = YES;
				GCC_WARN_ABOUT_DEPRECATED_FUNCTIONS = NO;
				GCC_WARN_ABOUT_INVALID_OFFSETOF_MACRO = NO;
				GCC_WARN_ALLOW_INCOMPLETE_PROTOCOL = NO;
				GCC_WARN_UNINITIALIZED_AUTOS = NO;
				GCC_WARN_UNUSED_VALUE = NO;
				GCC_WARN_UNUSED_VARIABLE = NO;
				HEADER_SEARCH_PATHS = (
					../../../addons/ofxOpenCv/libs/opencv/include,
					"../../../libs/openFrameworks/**",
					../../../libs/freetype/include/,
					../../../libs/freetype/include/freetype2,
					../../../libs/poco/include,
					../../../addons/,
					"../../../libs/glew/include/GL/**",
					"../../../libs/fmodex/include/**",
					"../../../libs/freeimage/include/**",
				);
				OTHER_CPLUSPLUSFLAGS = (
					"-D__MACOSX_CORE__",
					"-lpthread",
				);
				OTHER_LDFLAGS = (
					"$(OTHER_LDFLAGS_QUOTED_FOR_PROJECT_1)",
					"$(OTHER_LDFLAGS_QUOTED_FOR_PROJECT_2)",
					"$(OTHER_LDFLAGS_QUOTED_FOR_PROJECT_3)",
					"$(OTHER_LDFLAGS_QUOTED_FOR_PROJECT_4)",
					"$(OTHER_LDFLAGS_QUOTED_FOR_PROJECT_5)",
					"$(OTHER_LDFLAGS_QUOTED_FOR_PROJECT_6)",
					"$(OTHER_LDFLAGS_QUOTED_FOR_PROJECT_7)",
					"$(OTHER_LDFLAGS_QUOTED_FOR_PROJECT_8)",
					"$(OTHER_LDFLAGS_QUOTED_FOR_PROJECT_9)",
				);
				OTHER_LDFLAGS_QUOTED_FOR_PROJECT_1 = "\"../../../libs/poco/lib/osx/PocoUtil.a\"";
				OTHER_LDFLAGS_QUOTED_FOR_PROJECT_2 = "\"../../../libs/poco/lib/osx/PocoXML.a\"";
				OTHER_LDFLAGS_QUOTED_FOR_PROJECT_3 = "\"../../../libs/poco/lib/osx/PocoFoundation.a\"";
				OTHER_LDFLAGS_QUOTED_FOR_PROJECT_4 = "\"../../../libs/poco/lib/osx/PocoNet.a\"";
				OTHER_LDFLAGS_QUOTED_FOR_PROJECT_5 = "\"../../../libs/rtAudio/lib/osx/rtAudio.a\"";
				OTHER_LDFLAGS_QUOTED_FOR_PROJECT_6 = "\"../../../libs/freetype/lib/osx/freetype.a\"";
				OTHER_LDFLAGS_QUOTED_FOR_PROJECT_7 = "\"../../../libs/FreeImage/lib/osx/freeimage.a\"";
				OTHER_LDFLAGS_QUOTED_FOR_PROJECT_8 = "\"../../../libs/fmodex/lib/osx/libfmodex.dylib\"";
				OTHER_LDFLAGS_QUOTED_FOR_PROJECT_9 = "\"../../../libs/glew/lib/osx/glew.a\"";
			};
			name = Release;
		};
		E4B69B600A3A1757003C02F2 /* Debug */ = {
			isa = XCBuildConfiguration;
			buildSettings = {
				COPY_PHASE_STRIP = NO;
				FRAMEWORK_SEARCH_PATHS = (
					"$(inherited)",
					"$(FRAMEWORK_SEARCH_PATHS_QUOTED_FOR_TARGET_1)",
				);
				FRAMEWORK_SEARCH_PATHS_QUOTED_FOR_TARGET_1 = "\"$(SRCROOT)/../../../libs/glut/lib/osx\"";
				GCC_DYNAMIC_NO_PIC = NO;
				GCC_ENABLE_FIX_AND_CONTINUE = YES;
				GCC_GENERATE_DEBUGGING_SYMBOLS = YES;
				GCC_MODEL_TUNING = G4;
				GCC_OPTIMIZATION_LEVEL = 0;
				GCC_PRECOMPILE_PREFIX_HEADER = YES;
				GCC_PREFIX_HEADER = "$(SYSTEM_LIBRARY_DIR)/Frameworks/Carbon.framework/Headers/Carbon.h";
				INFOPLIST_FILE = "openFrameworks-Info.plist";
				INSTALL_PATH = "$(HOME)/Applications";
				LIBRARY_SEARCH_PATHS = (
					"$(inherited)",
					"$(LIBRARY_SEARCH_PATHS_QUOTED_FOR_TARGET_1)",
					"$(LIBRARY_SEARCH_PATHS_QUOTED_FOR_TARGET_2)",
					"$(LIBRARY_SEARCH_PATHS_QUOTED_FOR_TARGET_3)",
					"$(LIBRARY_SEARCH_PATHS_QUOTED_FOR_TARGET_4)",
					"$(LIBRARY_SEARCH_PATHS_QUOTED_FOR_TARGET_5)",
					"$(LIBRARY_SEARCH_PATHS_QUOTED_FOR_TARGET_6)",
					"$(LIBRARY_SEARCH_PATHS_QUOTED_FOR_TARGET_7)",
					"$(LIBRARY_SEARCH_PATHS_QUOTED_FOR_TARGET_8)",
					"$(LIBRARY_SEARCH_PATHS_QUOTED_FOR_TARGET_9)",
					"$(LIBRARY_SEARCH_PATHS_QUOTED_FOR_TARGET_10)",
					"$(LIBRARY_SEARCH_PATHS_QUOTED_FOR_TARGET_11)",
					"$(LIBRARY_SEARCH_PATHS_QUOTED_FOR_TARGET_12)",
					"$(LIBRARY_SEARCH_PATHS_QUOTED_FOR_TARGET_13)",
					"$(LIBRARY_SEARCH_PATHS_QUOTED_FOR_TARGET_14)",
					"$(LIBRARY_SEARCH_PATHS_QUOTED_FOR_TARGET_15)",
					"$(LIBRARY_SEARCH_PATHS_QUOTED_FOR_TARGET_2)",
					"$(LIBRARY_SEARCH_PATHS_QUOTED_FOR_TARGET_3)",
					"$(LIBRARY_SEARCH_PATHS_QUOTED_FOR_TARGET_7)",
					"$(LIBRARY_SEARCH_PATHS_QUOTED_FOR_TARGET_8)",
					"$(LIBRARY_SEARCH_PATHS_QUOTED_FOR_TARGET_9)",
					"$(LIBRARY_SEARCH_PATHS_QUOTED_FOR_TARGET_10)",
					"$(LIBRARY_SEARCH_PATHS_QUOTED_FOR_TARGET_11)",
					"$(LIBRARY_SEARCH_PATHS_QUOTED_FOR_TARGET_12)",
					"$(LIBRARY_SEARCH_PATHS_QUOTED_FOR_TARGET_13)",
					"$(LIBRARY_SEARCH_PATHS_QUOTED_FOR_TARGET_16)",
					"$(LIBRARY_SEARCH_PATHS_QUOTED_FOR_TARGET_17)",
					"$(LIBRARY_SEARCH_PATHS_QUOTED_FOR_TARGET_18)",
					"$(LIBRARY_SEARCH_PATHS_QUOTED_FOR_TARGET_19)",
					"$(LIBRARY_SEARCH_PATHS_QUOTED_FOR_TARGET_20)",
					"$(LIBRARY_SEARCH_PATHS_QUOTED_FOR_TARGET_21)",
				);
				LIBRARY_SEARCH_PATHS_QUOTED_FOR_TARGET_1 = "\"$(SRCROOT)/../../../libs/freeimage/lib/osx\"";
				LIBRARY_SEARCH_PATHS_QUOTED_FOR_TARGET_10 = "\"$(SRCROOT)/../../../../../openframeworks_old/addons/ofxOpenCv/libs/opencv/lib/osx\"";
				LIBRARY_SEARCH_PATHS_QUOTED_FOR_TARGET_11 = "\"$(SRCROOT)/../../../../../openframeworks_old/addons/ofxOpenCv/libs/opencv/lib/win32\"";
				LIBRARY_SEARCH_PATHS_QUOTED_FOR_TARGET_12 = "\"$(SRCROOT)/../../../libs/openFrameworksCompiled/lib/osx\"";
				LIBRARY_SEARCH_PATHS_QUOTED_FOR_TARGET_13 = "\"$(SRCROOT)/../../../addons/ofxOpenCv/libs/opencv/lib/iphone\"";
				LIBRARY_SEARCH_PATHS_QUOTED_FOR_TARGET_14 = "\"$(SRCROOT)/../../../libs/fmodex/lib/osx\"";
				LIBRARY_SEARCH_PATHS_QUOTED_FOR_TARGET_15 = "\"$(SRCROOT)/../../../libs/freetype/lib/osx\"";
				LIBRARY_SEARCH_PATHS_QUOTED_FOR_TARGET_16 = "\"$(SRCROOT)/../../../addons/ofxOpenCv/libs/opencv/lib/linux\"";
				LIBRARY_SEARCH_PATHS_QUOTED_FOR_TARGET_17 = "\"$(SRCROOT)/../../../addons/ofxOpenCv/libs/opencv/lib/linux64\"";
				LIBRARY_SEARCH_PATHS_QUOTED_FOR_TARGET_18 = "\"$(SRCROOT)/../../../addons/ofxOpenCv/libs/opencv/lib/osx\"";
				LIBRARY_SEARCH_PATHS_QUOTED_FOR_TARGET_19 = "\"$(SRCROOT)/../../../addons/ofxOpenCv/libs/opencv/lib/vs2010\"";
				LIBRARY_SEARCH_PATHS_QUOTED_FOR_TARGET_2 = "\"$(SRCROOT)/../../../libs/FreeImage/lib/osx\"";
				LIBRARY_SEARCH_PATHS_QUOTED_FOR_TARGET_20 = "\"$(SRCROOT)/../../../addons/ofxOpenCv/libs/opencv/lib/win_cb\"";
				LIBRARY_SEARCH_PATHS_QUOTED_FOR_TARGET_21 = "\"$(SRCROOT)/../../../libs/openFrameworksCompiled/lib/osx\"";
				LIBRARY_SEARCH_PATHS_QUOTED_FOR_TARGET_3 = "\"$(SRCROOT)/../../../libs/glew/libs/osx\"";
				LIBRARY_SEARCH_PATHS_QUOTED_FOR_TARGET_4 = "";
				LIBRARY_SEARCH_PATHS_QUOTED_FOR_TARGET_5 = "\"$(SRCROOT)/../../../libs/poco/lib/osx\"";
				LIBRARY_SEARCH_PATHS_QUOTED_FOR_TARGET_6 = "\"$(SRCROOT)/../../../libs/rtAudio/lib/osx\"";
				LIBRARY_SEARCH_PATHS_QUOTED_FOR_TARGET_7 = "\"$(SRCROOT)/../../../libs/glew/libs/osx\"";
				LIBRARY_SEARCH_PATHS_QUOTED_FOR_TARGET_8 = "\"$(SRCROOT)/../../../libs/openFrameworksCompiled/lib/osx\"";
				LIBRARY_SEARCH_PATHS_QUOTED_FOR_TARGET_9 = "\"$(SRCROOT)/../../../../../openframeworks_old/addons/ofxOpenCv/libs/opencv/lib/linux\"";
				PREBINDING = NO;
				PRODUCT_NAME = "$(TARGET_NAME)Debug";
				WRAPPER_EXTENSION = app;
				ZERO_LINK = NO;
			};
			name = Debug;
		};
		E4B69B610A3A1757003C02F2 /* Release */ = {
			isa = XCBuildConfiguration;
			buildSettings = {
				COPY_PHASE_STRIP = YES;
				FRAMEWORK_SEARCH_PATHS = (
					"$(inherited)",
					"$(FRAMEWORK_SEARCH_PATHS_QUOTED_FOR_TARGET_1)",
				);
				FRAMEWORK_SEARCH_PATHS_QUOTED_FOR_TARGET_1 = "\"$(SRCROOT)/../../../libs/glut/lib/osx\"";
				GCC_ENABLE_FIX_AND_CONTINUE = NO;
				GCC_GENERATE_DEBUGGING_SYMBOLS = NO;
				GCC_MODEL_TUNING = G4;
				GCC_PRECOMPILE_PREFIX_HEADER = YES;
				GCC_PREFIX_HEADER = "$(SYSTEM_LIBRARY_DIR)/Frameworks/Carbon.framework/Headers/Carbon.h";
				INFOPLIST_FILE = "openFrameworks-Info.plist";
				INSTALL_PATH = "$(HOME)/Applications";
				LIBRARY_SEARCH_PATHS = (
					"$(inherited)",
					"$(LIBRARY_SEARCH_PATHS_QUOTED_FOR_TARGET_1)",
					"$(LIBRARY_SEARCH_PATHS_QUOTED_FOR_TARGET_2)",
					"$(LIBRARY_SEARCH_PATHS_QUOTED_FOR_TARGET_3)",
					"$(LIBRARY_SEARCH_PATHS_QUOTED_FOR_TARGET_4)",
					"$(LIBRARY_SEARCH_PATHS_QUOTED_FOR_TARGET_5)",
					"$(LIBRARY_SEARCH_PATHS_QUOTED_FOR_TARGET_6)",
					"$(LIBRARY_SEARCH_PATHS_QUOTED_FOR_TARGET_7)",
					"$(LIBRARY_SEARCH_PATHS_QUOTED_FOR_TARGET_8)",
					"$(LIBRARY_SEARCH_PATHS_QUOTED_FOR_TARGET_9)",
					"$(LIBRARY_SEARCH_PATHS_QUOTED_FOR_TARGET_10)",
					"$(LIBRARY_SEARCH_PATHS_QUOTED_FOR_TARGET_11)",
					"$(LIBRARY_SEARCH_PATHS_QUOTED_FOR_TARGET_12)",
					"$(LIBRARY_SEARCH_PATHS_QUOTED_FOR_TARGET_13)",
					"$(LIBRARY_SEARCH_PATHS_QUOTED_FOR_TARGET_14)",
					"$(LIBRARY_SEARCH_PATHS_QUOTED_FOR_TARGET_15)",
					"$(LIBRARY_SEARCH_PATHS_QUOTED_FOR_TARGET_2)",
					"$(LIBRARY_SEARCH_PATHS_QUOTED_1)",
					"$(LIBRARY_SEARCH_PATHS_QUOTED_FOR_TARGET_3)",
					"$(LIBRARY_SEARCH_PATHS_QUOTED_FOR_TARGET_7)",
					"$(LIBRARY_SEARCH_PATHS_QUOTED_FOR_TARGET_8)",
					"$(LIBRARY_SEARCH_PATHS_QUOTED_FOR_TARGET_9)",
					"$(LIBRARY_SEARCH_PATHS_QUOTED_FOR_TARGET_10)",
					"$(LIBRARY_SEARCH_PATHS_QUOTED_FOR_TARGET_11)",
					"$(LIBRARY_SEARCH_PATHS_QUOTED_FOR_TARGET_12)",
					"$(LIBRARY_SEARCH_PATHS_QUOTED_FOR_TARGET_13)",
					"$(LIBRARY_SEARCH_PATHS_QUOTED_FOR_TARGET_16)",
					"$(LIBRARY_SEARCH_PATHS_QUOTED_FOR_TARGET_17)",
					"$(LIBRARY_SEARCH_PATHS_QUOTED_FOR_TARGET_18)",
					"$(LIBRARY_SEARCH_PATHS_QUOTED_FOR_TARGET_19)",
					"$(LIBRARY_SEARCH_PATHS_QUOTED_FOR_TARGET_20)",
				);
				LIBRARY_SEARCH_PATHS_QUOTED_1 = "\"$(SRCROOT)/../../../libs/glew/libs/osx\"";
				LIBRARY_SEARCH_PATHS_QUOTED_FOR_TARGET_1 = "\"$(SRCROOT)/../../../libs/freeimage/lib/osx\"";
				LIBRARY_SEARCH_PATHS_QUOTED_FOR_TARGET_10 = "\"$(SRCROOT)/../../../../../openframeworks_old/addons/ofxOpenCv/libs/opencv/lib/win32\"";
				LIBRARY_SEARCH_PATHS_QUOTED_FOR_TARGET_11 = "\"$(SRCROOT)/../../../libs/openFrameworksCompiled/lib/osx\"";
				LIBRARY_SEARCH_PATHS_QUOTED_FOR_TARGET_12 = "\"$(SRCROOT)/../../../addons/ofxOpenCv/libs/opencv/lib/iphone\"";
				LIBRARY_SEARCH_PATHS_QUOTED_FOR_TARGET_13 = "\"$(SRCROOT)/../../../addons/ofxOpenCv/libs/opencv/lib/linux\"";
				LIBRARY_SEARCH_PATHS_QUOTED_FOR_TARGET_14 = "\"$(SRCROOT)/../../../libs/fmodex/lib/osx\"";
				LIBRARY_SEARCH_PATHS_QUOTED_FOR_TARGET_15 = "\"$(SRCROOT)/../../../libs/freetype/lib/osx\"";
				LIBRARY_SEARCH_PATHS_QUOTED_FOR_TARGET_16 = "\"$(SRCROOT)/../../../addons/ofxOpenCv/libs/opencv/lib/linux64\"";
				LIBRARY_SEARCH_PATHS_QUOTED_FOR_TARGET_17 = "\"$(SRCROOT)/../../../addons/ofxOpenCv/libs/opencv/lib/osx\"";
				LIBRARY_SEARCH_PATHS_QUOTED_FOR_TARGET_18 = "\"$(SRCROOT)/../../../addons/ofxOpenCv/libs/opencv/lib/vs2010\"";
				LIBRARY_SEARCH_PATHS_QUOTED_FOR_TARGET_19 = "\"$(SRCROOT)/../../../addons/ofxOpenCv/libs/opencv/lib/win_cb\"";
				LIBRARY_SEARCH_PATHS_QUOTED_FOR_TARGET_2 = "\"$(SRCROOT)/../../../libs/FreeImage/lib/osx\"";
				LIBRARY_SEARCH_PATHS_QUOTED_FOR_TARGET_20 = "\"$(SRCROOT)/../../../libs/openFrameworksCompiled/lib/osx\"";
				LIBRARY_SEARCH_PATHS_QUOTED_FOR_TARGET_3 = "\"$(SRCROOT)/../../../libs/glew/libs/osx\"";
				LIBRARY_SEARCH_PATHS_QUOTED_FOR_TARGET_4 = "";
				LIBRARY_SEARCH_PATHS_QUOTED_FOR_TARGET_5 = "\"$(SRCROOT)/../../../libs/poco/lib/osx\"";
				LIBRARY_SEARCH_PATHS_QUOTED_FOR_TARGET_6 = "\"$(SRCROOT)/../../../libs/rtAudio/lib/osx\"";
				LIBRARY_SEARCH_PATHS_QUOTED_FOR_TARGET_7 = "\"$(SRCROOT)/../../../libs/openFrameworksCompiled/lib/osx\"";
				LIBRARY_SEARCH_PATHS_QUOTED_FOR_TARGET_8 = "\"$(SRCROOT)/../../../../../openframeworks_old/addons/ofxOpenCv/libs/opencv/lib/linux\"";
				LIBRARY_SEARCH_PATHS_QUOTED_FOR_TARGET_9 = "\"$(SRCROOT)/../../../../../openframeworks_old/addons/ofxOpenCv/libs/opencv/lib/osx\"";
				PREBINDING = NO;
				PRODUCT_NAME = "$(TARGET_NAME)";
				WRAPPER_EXTENSION = app;
				ZERO_LINK = NO;
			};
			name = Release;
		};
/* End XCBuildConfiguration section */

/* Begin XCConfigurationList section */
		E4B69B4D0A3A1720003C02F2 /* Build configuration list for PBXProject "holler_logo_2" */ = {
			isa = XCConfigurationList;
			buildConfigurations = (
				E4B69B4E0A3A1720003C02F2 /* Debug */,
				E4B69B4F0A3A1720003C02F2 /* Release */,
			);
			defaultConfigurationIsVisible = 0;
			defaultConfigurationName = Release;
		};
		E4B69B5F0A3A1757003C02F2 /* Build configuration list for PBXNativeTarget "holler_logo_2" */ = {
			isa = XCConfigurationList;
			buildConfigurations = (
				E4B69B600A3A1757003C02F2 /* Debug */,
				E4B69B610A3A1757003C02F2 /* Release */,
			);
			defaultConfigurationIsVisible = 0;
			defaultConfigurationName = Release;
		};
/* End XCConfigurationList section */
	};
	rootObject = E4B69B4C0A3A1720003C02F2 /* Project object */;
}
